
Microsoft Visual Studio Solution File, Format Version 12.00
# Visual Studio Version 17
Project("{2150E333-8FDC-42A3-9474-1A3956D46DE8}") = "CodeAnalysis", "CodeAnalysis", "{9CDBB8EB-1092-34E7-ADE7-0A8957D9B8D4}"
EndProject
Project("{2150E333-8FDC-42A3-9474-1A3956D46DE8}") = "_CmakePredifinedTargets", "_CmakePredifinedTargets", "{74379155-BDE0-3501-AF5F-A17C14A866BA}"
EndProject
Project("{2150E333-8FDC-42A3-9474-1A3956D46DE8}") = "open62541", "open62541", "{8B55763D-1808-3056-8387-5E0FDEEFC541}"
EndProject
Project("{2150E333-8FDC-42A3-9474-1A3956D46DE8}") = "doc", "open62541\doc", "{22F8F134-4561-332B-9E4A-41C267667A83}"
EndProject
Project("{2150E333-8FDC-42A3-9474-1A3956D46DE8}") = "examples", "open62541\examples", "{84D00FCA-65B7-350B-B062-85732108814D}"
EndProject
Project("{2150E333-8FDC-42A3-9474-1A3956D46DE8}") = "generators", "open62541\generators", "{26B816AB-40CC-3F19-A357-FE75B1AB0EDE}"
EndProject
Project("{2150E333-8FDC-42A3-9474-1A3956D46DE8}") = "lib", "open62541\lib", "{D292DEA7-1E1E-3FD9-AC8B-F93143D486B8}"
EndProject
Project("{8BC9CEB8-8B4A-11D0-8D11-00A0C91BC942}") = "ALL_BUILD", "ALL_BUILD.vcxproj", "{DCBE2805-60B7-3C70-ABA1-970D62CAE698}"
	ProjectSection(ProjectDependencies) = postProject
		{56CCD73A-21A9-3FC1-8AB5-7D737C6BDEC9} = {56CCD73A-21A9-3FC1-8AB5-7D737C6BDEC9}
		{4201BD6E-EF66-3348-921D-E717C7C5841F} = {4201BD6E-EF66-3348-921D-E717C7C5841F}
		{A9E8B4A3-BD30-36DE-A4B3-96C5CBA0DB3C} = {A9E8B4A3-BD30-36DE-A4B3-96C5CBA0DB3C}
		{CD7301FB-2762-37AE-B2E1-3E78C204B0AE} = {CD7301FB-2762-37AE-B2E1-3E78C204B0AE}
		{B3080D1A-59BA-3FF0-AB2F-12BAC99C8D43} = {B3080D1A-59BA-3FF0-AB2F-12BAC99C8D43}
		{849B8FF8-A187-3B62-84A5-FB777D078309} = {849B8FF8-A187-3B62-84A5-FB777D078309}
		{AFE86352-D777-32E8-BD74-A4DC9328C5CB} = {AFE86352-D777-32E8-BD74-A4DC9328C5CB}
		{C76DFA68-E341-3B1D-8A51-5979DCF58094} = {C76DFA68-E341-3B1D-8A51-5979DCF58094}
		{4E1C492A-AEFA-3D42-89B1-59763175EEC5} = {4E1C492A-AEFA-3D42-89B1-59763175EEC5}
		{FC79ADA3-7D0F-394C-B719-7F3BA56AE8F8} = {FC79ADA3-7D0F-394C-B719-7F3BA56AE8F8}
		{B3842BF2-48CE-3F9C-A509-61C1E7D82070} = {B3842BF2-48CE-3F9C-A509-61C1E7D82070}
		{EA6D60D6-00A5-39B5-B223-ACC32B753BB4} = {EA6D60D6-00A5-39B5-B223-ACC32B753BB4}
		{4FC608EF-ED6E-32AB-924C-D1A4FB1916FC} = {4FC608EF-ED6E-32AB-924C-D1A4FB1916FC}
		{D7D22BD9-3199-3744-8276-999A94593A15} = {D7D22BD9-3199-3744-8276-999A94593A15}
		{8C8B272A-8984-3750-A197-C02617C6FF87} = {8C8B272A-8984-3750-A197-C02617C6FF87}
		{29BCFA51-B8D1-3121-8193-69047246D419} = {29BCFA51-B8D1-3121-8193-69047246D419}
		{4412EE45-2B04-39C7-8347-7AE4C3F64923} = {4412EE45-2B04-39C7-8347-7AE4C3F64923}
		{44FA1E92-44B1-30E4-B682-EE19E44BB269} = {44FA1E92-44B1-30E4-B682-EE19E44BB269}
		{C8FCE727-83DB-330E-87DA-1D161E04735E} = {C8FCE727-83DB-330E-87DA-1D161E04735E}
		{224D3DD8-99D1-39BA-B58F-CE6A3069772C} = {224D3DD8-99D1-39BA-B58F-CE6A3069772C}
		{93A3CF4C-D5A2-3E07-ADCA-82063A052B72} = {93A3CF4C-D5A2-3E07-ADCA-82063A052B72}
		{18020DFB-71CA-3EA6-A15F-A725BF8571D2} = {18020DFB-71CA-3EA6-A15F-A725BF8571D2}
		{6C7F9148-A14B-3899-89E6-24C198384DC6} = {6C7F9148-A14B-3899-89E6-24C198384DC6}
		{2EAAD4AE-F179-3276-948D-DDBF1F71C0D4} = {2EAAD4AE-F179-3276-948D-DDBF1F71C0D4}
		{F635EC30-C303-3587-A312-63E9120AD371} = {F635EC30-C303-3587-A312-63E9120AD371}
		{6AB81CEF-800A-37BA-816A-FA86D28CF7B7} = {6AB81CEF-800A-37BA-816A-FA86D28CF7B7}
		{F4536F21-FE2D-3D68-ABDE-C62934348C59} = {F4536F21-FE2D-3D68-ABDE-C62934348C59}
		{62A136D7-8E08-3C64-94E8-DFC790ACF2E4} = {62A136D7-8E08-3C64-94E8-DFC790ACF2E4}
		{E0184B9D-95A0-38E9-9686-A77E2AEC0537} = {E0184B9D-95A0-38E9-9686-A77E2AEC0537}
		{6384FE58-1326-347B-BF4C-057C05DE641E} = {6384FE58-1326-347B-BF4C-057C05DE641E}
		{4E68CB25-77A3-3688-88AC-8F720C90ECC3} = {4E68CB25-77A3-3688-88AC-8F720C90ECC3}
		{121348B2-133E-38D1-AAE5-DA791F5919E1} = {121348B2-133E-38D1-AAE5-DA791F5919E1}
		{7D045B04-02CD-3D51-95F9-DF2CA05B638D} = {7D045B04-02CD-3D51-95F9-DF2CA05B638D}
		{229E2341-206C-398E-9B46-40C5C22CFE60} = {229E2341-206C-398E-9B46-40C5C22CFE60}
		{8C0FB41A-2041-388E-AAD2-0BBE981D88B6} = {8C0FB41A-2041-388E-AAD2-0BBE981D88B6}
		{E62B6869-A529-3C44-8DBF-FE7D68662E2D} = {E62B6869-A529-3C44-8DBF-FE7D68662E2D}
		{F936BF58-AB85-3449-BCA0-98838048D059} = {F936BF58-AB85-3449-BCA0-98838048D059}
		{E08C02E1-6973-39C0-B9CB-AABAAD7A54DD} = {E08C02E1-6973-39C0-B9CB-AABAAD7A54DD}
		{9D2845FC-5C01-34DE-80D8-44AC5EA0B556} = {9D2845FC-5C01-34DE-80D8-44AC5EA0B556}
		{B13E9C48-ABC4-305D-895B-3620C3F073E8} = {B13E9C48-ABC4-305D-895B-3620C3F073E8}
		{21C3970D-5F60-3074-93EC-1621D8E427C3} = {21C3970D-5F60-3074-93EC-1621D8E427C3}
		{674DC1F7-20C1-3989-8B77-10036FF42756} = {674DC1F7-20C1-3989-8B77-10036FF42756}
		{C5A4020D-6FDD-30EA-BDB5-8EECB9C6D2CE} = {C5A4020D-6FDD-30EA-BDB5-8EECB9C6D2CE}
		{676C8C46-D7CA-335B-87C3-D33E883B4088} = {676C8C46-D7CA-335B-87C3-D33E883B4088}
		{FF978261-9206-3405-A6DD-786EC652BAD5} = {FF978261-9206-3405-A6DD-786EC652BAD5}
		{5AC0A948-96A8-36A9-99D9-63B845766ABF} = {5AC0A948-96A8-36A9-99D9-63B845766ABF}
		{080DC15D-8B90-30E9-B380-0A1C23E10A3D} = {080DC15D-8B90-30E9-B380-0A1C23E10A3D}
	EndProjectSection
EndProject
Project("{8BC9CEB8-8B4A-11D0-8D11-00A0C91BC942}") = "INSTALL", "INSTALL.vcxproj", "{A6E92A2C-3C70-37AA-BDAB-5AD9E221DEF0}"
	ProjectSection(ProjectDependencies) = postProject
		{DCBE2805-60B7-3C70-ABA1-970D62CAE698} = {DCBE2805-60B7-3C70-ABA1-970D62CAE698}
		{56CCD73A-21A9-3FC1-8AB5-7D737C6BDEC9} = {56CCD73A-21A9-3FC1-8AB5-7D737C6BDEC9}
	EndProjectSection
EndProject
Project("{8BC9CEB8-8B4A-11D0-8D11-00A0C91BC942}") = "ZERO_CHECK", "ZERO_CHECK.vcxproj", "{56CCD73A-21A9-3FC1-8AB5-7D737C6BDEC9}"
	ProjectSection(ProjectDependencies) = postProject
	EndProjectSection
EndProject
Project("{8BC9CEB8-8B4A-11D0-8D11-00A0C91BC942}") = "access_control_client", "examples\access_control_client.vcxproj", "{4201BD6E-EF66-3348-921D-E717C7C5841F}"
	ProjectSection(ProjectDependencies) = postProject
		{56CCD73A-21A9-3FC1-8AB5-7D737C6BDEC9} = {56CCD73A-21A9-3FC1-8AB5-7D737C6BDEC9}
		{8C8B272A-8984-3750-A197-C02617C6FF87} = {8C8B272A-8984-3750-A197-C02617C6FF87}
	EndProjectSection
EndProject
Project("{8BC9CEB8-8B4A-11D0-8D11-00A0C91BC942}") = "access_control_client_encrypt", "examples\access_control_client_encrypt.vcxproj", "{A9E8B4A3-BD30-36DE-A4B3-96C5CBA0DB3C}"
	ProjectSection(ProjectDependencies) = postProject
		{56CCD73A-21A9-3FC1-8AB5-7D737C6BDEC9} = {56CCD73A-21A9-3FC1-8AB5-7D737C6BDEC9}
		{8C8B272A-8984-3750-A197-C02617C6FF87} = {8C8B272A-8984-3750-A197-C02617C6FF87}
	EndProjectSection
EndProject
Project("{8BC9CEB8-8B4A-11D0-8D11-00A0C91BC942}") = "access_control_server", "examples\access_control_server.vcxproj", "{CD7301FB-2762-37AE-B2E1-3E78C204B0AE}"
	ProjectSection(ProjectDependencies) = postProject
		{56CCD73A-21A9-3FC1-8AB5-7D737C6BDEC9} = {56CCD73A-21A9-3FC1-8AB5-7D737C6BDEC9}
		{8C8B272A-8984-3750-A197-C02617C6FF87} = {8C8B272A-8984-3750-A197-C02617C6FF87}
	EndProjectSection
EndProject
Project("{8BC9CEB8-8B4A-11D0-8D11-00A0C91BC942}") = "ci_server", "examples\ci_server.vcxproj", "{B3080D1A-59BA-3FF0-AB2F-12BAC99C8D43}"
	ProjectSection(ProjectDependencies) = postProject
		{56CCD73A-21A9-3FC1-8AB5-7D737C6BDEC9} = {56CCD73A-21A9-3FC1-8AB5-7D737C6BDEC9}
		{8C8B272A-8984-3750-A197-C02617C6FF87} = {8C8B272A-8984-3750-A197-C02617C6FF87}
	EndProjectSection
EndProject
Project("{8BC9CEB8-8B4A-11D0-8D11-00A0C91BC942}") = "clang-format", "clang-format.vcxproj", "{9230433D-397C-3759-9FBF-CB0C9BA5CD42}"
	ProjectSection(ProjectDependencies) = postProject
		{56CCD73A-21A9-3FC1-8AB5-7D737C6BDEC9} = {56CCD73A-21A9-3FC1-8AB5-7D737C6BDEC9}
	EndProjectSection
EndProject
Project("{8BC9CEB8-8B4A-11D0-8D11-00A0C91BC942}") = "clang-tidy", "clang-tidy.vcxproj", "{276D6630-E6F7-3E70-A0F4-C2754C3F738A}"
	ProjectSection(ProjectDependencies) = postProject
		{56CCD73A-21A9-3FC1-8AB5-7D737C6BDEC9} = {56CCD73A-21A9-3FC1-8AB5-7D737C6BDEC9}
		{8C8B272A-8984-3750-A197-C02617C6FF87} = {8C8B272A-8984-3750-A197-C02617C6FF87}
	EndProjectSection
EndProject
Project("{8BC9CEB8-8B4A-11D0-8D11-00A0C91BC942}") = "client", "examples\client.vcxproj", "{849B8FF8-A187-3B62-84A5-FB777D078309}"
	ProjectSection(ProjectDependencies) = postProject
		{56CCD73A-21A9-3FC1-8AB5-7D737C6BDEC9} = {56CCD73A-21A9-3FC1-8AB5-7D737C6BDEC9}
		{8C8B272A-8984-3750-A197-C02617C6FF87} = {8C8B272A-8984-3750-A197-C02617C6FF87}
	EndProjectSection
EndProject
Project("{8BC9CEB8-8B4A-11D0-8D11-00A0C91BC942}") = "client_async", "examples\client_async.vcxproj", "{AFE86352-D777-32E8-BD74-A4DC9328C5CB}"
	ProjectSection(ProjectDependencies) = postProject
		{56CCD73A-21A9-3FC1-8AB5-7D737C6BDEC9} = {56CCD73A-21A9-3FC1-8AB5-7D737C6BDEC9}
		{8C8B272A-8984-3750-A197-C02617C6FF87} = {8C8B272A-8984-3750-A197-C02617C6FF87}
	EndProjectSection
EndProject
Project("{8BC9CEB8-8B4A-11D0-8D11-00A0C91BC942}") = "client_connect", "examples\client_connect.vcxproj", "{C76DFA68-E341-3B1D-8A51-5979DCF58094}"
	ProjectSection(ProjectDependencies) = postProject
		{56CCD73A-21A9-3FC1-8AB5-7D737C6BDEC9} = {56CCD73A-21A9-3FC1-8AB5-7D737C6BDEC9}
		{8C8B272A-8984-3750-A197-C02617C6FF87} = {8C8B272A-8984-3750-A197-C02617C6FF87}
	EndProjectSection
EndProject
Project("{8BC9CEB8-8B4A-11D0-8D11-00A0C91BC942}") = "client_connect_loop", "examples\client_connect_loop.vcxproj", "{4E1C492A-AEFA-3D42-89B1-59763175EEC5}"
	ProjectSection(ProjectDependencies) = postProject
		{56CCD73A-21A9-3FC1-8AB5-7D737C6BDEC9} = {56CCD73A-21A9-3FC1-8AB5-7D737C6BDEC9}
		{8C8B272A-8984-3750-A197-C02617C6FF87} = {8C8B272A-8984-3750-A197-C02617C6FF87}
	EndProjectSection
EndProject
Project("{8BC9CEB8-8B4A-11D0-8D11-00A0C91BC942}") = "client_encryption", "examples\client_encryption.vcxproj", "{FC79ADA3-7D0F-394C-B719-7F3BA56AE8F8}"
	ProjectSection(ProjectDependencies) = postProject
		{56CCD73A-21A9-3FC1-8AB5-7D737C6BDEC9} = {56CCD73A-21A9-3FC1-8AB5-7D737C6BDEC9}
		{8C8B272A-8984-3750-A197-C02617C6FF87} = {8C8B272A-8984-3750-A197-C02617C6FF87}
	EndProjectSection
EndProject
Project("{8BC9CEB8-8B4A-11D0-8D11-00A0C91BC942}") = "client_event_filter", "examples\client_event_filter.vcxproj", "{B3842BF2-48CE-3F9C-A509-61C1E7D82070}"
	ProjectSection(ProjectDependencies) = postProject
		{56CCD73A-21A9-3FC1-8AB5-7D737C6BDEC9} = {56CCD73A-21A9-3FC1-8AB5-7D737C6BDEC9}
		{8C8B272A-8984-3750-A197-C02617C6FF87} = {8C8B272A-8984-3750-A197-C02617C6FF87}
	EndProjectSection
EndProject
Project("{8BC9CEB8-8B4A-11D0-8D11-00A0C91BC942}") = "client_historical", "examples\client_historical.vcxproj", "{EA6D60D6-00A5-39B5-B223-ACC32B753BB4}"
	ProjectSection(ProjectDependencies) = postProject
		{56CCD73A-21A9-3FC1-8AB5-7D737C6BDEC9} = {56CCD73A-21A9-3FC1-8AB5-7D737C6BDEC9}
		{8C8B272A-8984-3750-A197-C02617C6FF87} = {8C8B272A-8984-3750-A197-C02617C6FF87}
	EndProjectSection
EndProject
Project("{8BC9CEB8-8B4A-11D0-8D11-00A0C91BC942}") = "client_method_async", "examples\client_method_async.vcxproj", "{4FC608EF-ED6E-32AB-924C-D1A4FB1916FC}"
	ProjectSection(ProjectDependencies) = postProject
		{56CCD73A-21A9-3FC1-8AB5-7D737C6BDEC9} = {56CCD73A-21A9-3FC1-8AB5-7D737C6BDEC9}
		{8C8B272A-8984-3750-A197-C02617C6FF87} = {8C8B272A-8984-3750-A197-C02617C6FF87}
	EndProjectSection
EndProject
Project("{8BC9CEB8-8B4A-11D0-8D11-00A0C91BC942}") = "client_subscription_loop", "examples\client_subscription_loop.vcxproj", "{D7D22BD9-3199-3744-8276-999A94593A15}"
	ProjectSection(ProjectDependencies) = postProject
		{56CCD73A-21A9-3FC1-8AB5-7D737C6BDEC9} = {56CCD73A-21A9-3FC1-8AB5-7D737C6BDEC9}
		{8C8B272A-8984-3750-A197-C02617C6FF87} = {8C8B272A-8984-3750-A197-C02617C6FF87}
	EndProjectSection
EndProject
Project("{8BC9CEB8-8B4A-11D0-8D11-00A0C91BC942}") = "cpplint", "cpplint.vcxproj", "{AECD4165-C73D-3BEE-AD9D-8325E6AAE5D5}"
	ProjectSection(ProjectDependencies) = postProject
		{56CCD73A-21A9-3FC1-8AB5-7D737C6BDEC9} = {56CCD73A-21A9-3FC1-8AB5-7D737C6BDEC9}
	EndProjectSection
EndProject
Project("{8BC9CEB8-8B4A-11D0-8D11-00A0C91BC942}") = "doc", "doc\doc.vcxproj", "{B9A7EF64-3D03-3F95-A3E6-6BCA18B52149}"
	ProjectSection(ProjectDependencies) = postProject
		{56CCD73A-21A9-3FC1-8AB5-7D737C6BDEC9} = {56CCD73A-21A9-3FC1-8AB5-7D737C6BDEC9}
		{8C8B272A-8984-3750-A197-C02617C6FF87} = {8C8B272A-8984-3750-A197-C02617C6FF87}
	EndProjectSection
EndProject
Project("{8BC9CEB8-8B4A-11D0-8D11-00A0C91BC942}") = "doc_latex", "doc\doc_latex.vcxproj", "{6930B5EA-D337-36BC-888A-2522E88C08EF}"
	ProjectSection(ProjectDependencies) = postProject
		{56CCD73A-21A9-3FC1-8AB5-7D737C6BDEC9} = {56CCD73A-21A9-3FC1-8AB5-7D737C6BDEC9}
		{8C8B272A-8984-3750-A197-C02617C6FF87} = {8C8B272A-8984-3750-A197-C02617C6FF87}
	EndProjectSection
EndProject
Project("{8BC9CEB8-8B4A-11D0-8D11-00A0C91BC942}") = "doc_pdf", "doc\doc_pdf.vcxproj", "{6A01DBCF-E80A-3D65-9E13-071C85BBCB36}"
	ProjectSection(ProjectDependencies) = postProject
		{56CCD73A-21A9-3FC1-8AB5-7D737C6BDEC9} = {56CCD73A-21A9-3FC1-8AB5-7D737C6BDEC9}
		{6930B5EA-D337-36BC-888A-2522E88C08EF} = {6930B5EA-D337-36BC-888A-2522E88C08EF}
	EndProjectSection
EndProject
Project("{8BC9CEB8-8B4A-11D0-8D11-00A0C91BC942}") = "open62541", "open62541.vcxproj", "{8C8B272A-8984-3750-A197-C02617C6FF87}"
	ProjectSection(ProjectDependencies) = postProject
		{56CCD73A-21A9-3FC1-8AB5-7D737C6BDEC9} = {56CCD73A-21A9-3FC1-8AB5-7D737C6BDEC9}
		{29BCFA51-B8D1-3121-8193-69047246D419} = {29BCFA51-B8D1-3121-8193-69047246D419}
		{4412EE45-2B04-39C7-8347-7AE4C3F64923} = {4412EE45-2B04-39C7-8347-7AE4C3F64923}
	EndProjectSection
EndProject
Project("{8BC9CEB8-8B4A-11D0-8D11-00A0C91BC942}") = "open62541-code-generation", "open62541-code-generation.vcxproj", "{E153173E-C595-303D-875E-33A323A66BA2}"
	ProjectSection(ProjectDependencies) = postProject
		{56CCD73A-21A9-3FC1-8AB5-7D737C6BDEC9} = {56CCD73A-21A9-3FC1-8AB5-7D737C6BDEC9}
		{B65B519F-2B31-3615-ABB5-FD5347217424} = {B65B519F-2B31-3615-ABB5-FD5347217424}
		{BE3D6320-B5DB-3462-BD7C-F3BABD01F6C6} = {BE3D6320-B5DB-3462-BD7C-F3BABD01F6C6}
		{58864FDD-1C07-3EE6-A03D-6B98D2103510} = {58864FDD-1C07-3EE6-A03D-6B98D2103510}
		{2D9B2C6C-A63B-384B-9600-FDBF12A960A9} = {2D9B2C6C-A63B-384B-9600-FDBF12A960A9}
	EndProjectSection
EndProject
Project("{8BC9CEB8-8B4A-11D0-8D11-00A0C91BC942}") = "open62541-generator-ids-ns0", "open62541-generator-ids-ns0.vcxproj", "{09464EAD-DE1C-32C4-AD41-784D400318D9}"
	ProjectSection(ProjectDependencies) = postProject
		{56CCD73A-21A9-3FC1-8AB5-7D737C6BDEC9} = {56CCD73A-21A9-3FC1-8AB5-7D737C6BDEC9}
	EndProjectSection
EndProject
Project("{8BC9CEB8-8B4A-11D0-8D11-00A0C91BC942}") = "open62541-generator-ids_example", "examples\nodeset\open62541-generator-ids_example.vcxproj", "{90004F92-0C3B-3DFF-BD95-576837C713D7}"
	ProjectSection(ProjectDependencies) = postProject
		{56CCD73A-21A9-3FC1-8AB5-7D737C6BDEC9} = {56CCD73A-21A9-3FC1-8AB5-7D737C6BDEC9}
	EndProjectSection
EndProject
Project("{8BC9CEB8-8B4A-11D0-8D11-00A0C91BC942}") = "open62541-generator-namespace", "open62541-generator-namespace.vcxproj", "{B65B519F-2B31-3615-ABB5-FD5347217424}"
	ProjectSection(ProjectDependencies) = postProject
		{56CCD73A-21A9-3FC1-8AB5-7D737C6BDEC9} = {56CCD73A-21A9-3FC1-8AB5-7D737C6BDEC9}
		{2D9B2C6C-A63B-384B-9600-FDBF12A960A9} = {2D9B2C6C-A63B-384B-9600-FDBF12A960A9}
	EndProjectSection
EndProject
Project("{8BC9CEB8-8B4A-11D0-8D11-00A0C91BC942}") = "open62541-generator-ns-example", "examples\nodeset\open62541-generator-ns-example.vcxproj", "{BECB3E25-EA28-3CE8-9D04-A679C37031D8}"
	ProjectSection(ProjectDependencies) = postProject
		{56CCD73A-21A9-3FC1-8AB5-7D737C6BDEC9} = {56CCD73A-21A9-3FC1-8AB5-7D737C6BDEC9}
	EndProjectSection
EndProject
Project("{8BC9CEB8-8B4A-11D0-8D11-00A0C91BC942}") = "open62541-generator-statuscode", "open62541-generator-statuscode.vcxproj", "{BE3D6320-B5DB-3462-BD7C-F3BABD01F6C6}"
	ProjectSection(ProjectDependencies) = postProject
		{56CCD73A-21A9-3FC1-8AB5-7D737C6BDEC9} = {56CCD73A-21A9-3FC1-8AB5-7D737C6BDEC9}
	EndProjectSection
EndProject
Project("{8BC9CEB8-8B4A-11D0-8D11-00A0C91BC942}") = "open62541-generator-transport", "open62541-generator-transport.vcxproj", "{58864FDD-1C07-3EE6-A03D-6B98D2103510}"
	ProjectSection(ProjectDependencies) = postProject
		{56CCD73A-21A9-3FC1-8AB5-7D737C6BDEC9} = {56CCD73A-21A9-3FC1-8AB5-7D737C6BDEC9}
	EndProjectSection
EndProject
Project("{8BC9CEB8-8B4A-11D0-8D11-00A0C91BC942}") = "open62541-generator-types", "open62541-generator-types.vcxproj", "{2D9B2C6C-A63B-384B-9600-FDBF12A960A9}"
	ProjectSection(ProjectDependencies) = postProject
		{56CCD73A-21A9-3FC1-8AB5-7D737C6BDEC9} = {56CCD73A-21A9-3FC1-8AB5-7D737C6BDEC9}
	EndProjectSection
EndProject
Project("{8BC9CEB8-8B4A-11D0-8D11-00A0C91BC942}") = "open62541-object", "open62541-object.vcxproj", "{29BCFA51-B8D1-3121-8193-69047246D419}"
	ProjectSection(ProjectDependencies) = postProject
		{56CCD73A-21A9-3FC1-8AB5-7D737C6BDEC9} = {56CCD73A-21A9-3FC1-8AB5-7D737C6BDEC9}
		{E153173E-C595-303D-875E-33A323A66BA2} = {E153173E-C595-303D-875E-33A323A66BA2}
	EndProjectSection
EndProject
Project("{8BC9CEB8-8B4A-11D0-8D11-00A0C91BC942}") = "open62541-plugins", "open62541-plugins.vcxproj", "{4412EE45-2B04-39C7-8347-7AE4C3F64923}"
	ProjectSection(ProjectDependencies) = postProject
		{56CCD73A-21A9-3FC1-8AB5-7D737C6BDEC9} = {56CCD73A-21A9-3FC1-8AB5-7D737C6BDEC9}
		{B65B519F-2B31-3615-ABB5-FD5347217424} = {B65B519F-2B31-3615-ABB5-FD5347217424}
		{58864FDD-1C07-3EE6-A03D-6B98D2103510} = {58864FDD-1C07-3EE6-A03D-6B98D2103510}
		{2D9B2C6C-A63B-384B-9600-FDBF12A960A9} = {2D9B2C6C-A63B-384B-9600-FDBF12A960A9}
	EndProjectSection
EndProject
Project("{8BC9CEB8-8B4A-11D0-8D11-00A0C91BC942}") = "server_encryption", "examples\server_encryption.vcxproj", "{44FA1E92-44B1-30E4-B682-EE19E44BB269}"
	ProjectSection(ProjectDependencies) = postProject
		{56CCD73A-21A9-3FC1-8AB5-7D737C6BDEC9} = {56CCD73A-21A9-3FC1-8AB5-7D737C6BDEC9}
		{8C8B272A-8984-3750-A197-C02617C6FF87} = {8C8B272A-8984-3750-A197-C02617C6FF87}
	EndProjectSection
EndProject
Project("{8BC9CEB8-8B4A-11D0-8D11-00A0C91BC942}") = "server_events_random", "examples\server_events_random.vcxproj", "{C8FCE727-83DB-330E-87DA-1D161E04735E}"
	ProjectSection(ProjectDependencies) = postProject
		{56CCD73A-21A9-3FC1-8AB5-7D737C6BDEC9} = {56CCD73A-21A9-3FC1-8AB5-7D737C6BDEC9}
		{8C8B272A-8984-3750-A197-C02617C6FF87} = {8C8B272A-8984-3750-A197-C02617C6FF87}
	EndProjectSection
EndProject
Project("{8BC9CEB8-8B4A-11D0-8D11-00A0C91BC942}") = "server_file_based_config", "examples\server_file_based_config.vcxproj", "{224D3DD8-99D1-39BA-B58F-CE6A3069772C}"
	ProjectSection(ProjectDependencies) = postProject
		{56CCD73A-21A9-3FC1-8AB5-7D737C6BDEC9} = {56CCD73A-21A9-3FC1-8AB5-7D737C6BDEC9}
		{8C8B272A-8984-3750-A197-C02617C6FF87} = {8C8B272A-8984-3750-A197-C02617C6FF87}
	EndProjectSection
EndProject
Project("{8BC9CEB8-8B4A-11D0-8D11-00A0C91BC942}") = "server_inheritance", "examples\server_inheritance.vcxproj", "{93A3CF4C-D5A2-3E07-ADCA-82063A052B72}"
	ProjectSection(ProjectDependencies) = postProject
		{56CCD73A-21A9-3FC1-8AB5-7D737C6BDEC9} = {56CCD73A-21A9-3FC1-8AB5-7D737C6BDEC9}
		{8C8B272A-8984-3750-A197-C02617C6FF87} = {8C8B272A-8984-3750-A197-C02617C6FF87}
	EndProjectSection
EndProject
Project("{8BC9CEB8-8B4A-11D0-8D11-00A0C91BC942}") = "server_instantiation", "examples\server_instantiation.vcxproj", "{18020DFB-71CA-3EA6-A15F-A725BF8571D2}"
	ProjectSection(ProjectDependencies) = postProject
		{56CCD73A-21A9-3FC1-8AB5-7D737C6BDEC9} = {56CCD73A-21A9-3FC1-8AB5-7D737C6BDEC9}
		{8C8B272A-8984-3750-A197-C02617C6FF87} = {8C8B272A-8984-3750-A197-C02617C6FF87}
	EndProjectSection
EndProject
Project("{8BC9CEB8-8B4A-11D0-8D11-00A0C91BC942}") = "server_loglevel", "examples\server_loglevel.vcxproj", "{6C7F9148-A14B-3899-89E6-24C198384DC6}"
	ProjectSection(ProjectDependencies) = postProject
		{56CCD73A-21A9-3FC1-8AB5-7D737C6BDEC9} = {56CCD73A-21A9-3FC1-8AB5-7D737C6BDEC9}
		{8C8B272A-8984-3750-A197-C02617C6FF87} = {8C8B272A-8984-3750-A197-C02617C6FF87}
	EndProjectSection
EndProject
Project("{8BC9CEB8-8B4A-11D0-8D11-00A0C91BC942}") = "server_mainloop", "examples\server_mainloop.vcxproj", "{2EAAD4AE-F179-3276-948D-DDBF1F71C0D4}"
	ProjectSection(ProjectDependencies) = postProject
		{56CCD73A-21A9-3FC1-8AB5-7D737C6BDEC9} = {56CCD73A-21A9-3FC1-8AB5-7D737C6BDEC9}
		{8C8B272A-8984-3750-A197-C02617C6FF87} = {8C8B272A-8984-3750-A197-C02617C6FF87}
	EndProjectSection
EndProject
Project("{8BC9CEB8-8B4A-11D0-8D11-00A0C91BC942}") = "server_nodeset", "examples\nodeset\server_nodeset.vcxproj", "{F635EC30-C303-3587-A312-63E9120AD371}"
	ProjectSection(ProjectDependencies) = postProject
		{56CCD73A-21A9-3FC1-8AB5-7D737C6BDEC9} = {56CCD73A-21A9-3FC1-8AB5-7D737C6BDEC9}
		{8C8B272A-8984-3750-A197-C02617C6FF87} = {8C8B272A-8984-3750-A197-C02617C6FF87}
		{90004F92-0C3B-3DFF-BD95-576837C713D7} = {90004F92-0C3B-3DFF-BD95-576837C713D7}
		{BECB3E25-EA28-3CE8-9D04-A679C37031D8} = {BECB3E25-EA28-3CE8-9D04-A679C37031D8}
	EndProjectSection
EndProject
Project("{8BC9CEB8-8B4A-11D0-8D11-00A0C91BC942}") = "server_pubsub_publish_on_demand", "examples\server_pubsub_publish_on_demand.vcxproj", "{6AB81CEF-800A-37BA-816A-FA86D28CF7B7}"
	ProjectSection(ProjectDependencies) = postProject
		{56CCD73A-21A9-3FC1-8AB5-7D737C6BDEC9} = {56CCD73A-21A9-3FC1-8AB5-7D737C6BDEC9}
		{8C8B272A-8984-3750-A197-C02617C6FF87} = {8C8B272A-8984-3750-A197-C02617C6FF87}
	EndProjectSection
EndProject
Project("{8BC9CEB8-8B4A-11D0-8D11-00A0C91BC942}") = "server_pubsub_publisher_iop", "examples\server_pubsub_publisher_iop.vcxproj", "{F4536F21-FE2D-3D68-ABDE-C62934348C59}"
	ProjectSection(ProjectDependencies) = postProject
		{56CCD73A-21A9-3FC1-8AB5-7D737C6BDEC9} = {56CCD73A-21A9-3FC1-8AB5-7D737C6BDEC9}
		{8C8B272A-8984-3750-A197-C02617C6FF87} = {8C8B272A-8984-3750-A197-C02617C6FF87}
	EndProjectSection
EndProject
Project("{8BC9CEB8-8B4A-11D0-8D11-00A0C91BC942}") = "server_repeated_job", "examples\server_repeated_job.vcxproj", "{62A136D7-8E08-3C64-94E8-DFC790ACF2E4}"
	ProjectSection(ProjectDependencies) = postProject
		{56CCD73A-21A9-3FC1-8AB5-7D737C6BDEC9} = {56CCD73A-21A9-3FC1-8AB5-7D737C6BDEC9}
		{8C8B272A-8984-3750-A197-C02617C6FF87} = {8C8B272A-8984-3750-A197-C02617C6FF87}
	EndProjectSection
EndProject
Project("{8BC9CEB8-8B4A-11D0-8D11-00A0C91BC942}") = "server_settimestamp", "examples\server_settimestamp.vcxproj", "{E0184B9D-95A0-38E9-9686-A77E2AEC0537}"
	ProjectSection(ProjectDependencies) = postProject
		{56CCD73A-21A9-3FC1-8AB5-7D737C6BDEC9} = {56CCD73A-21A9-3FC1-8AB5-7D737C6BDEC9}
		{8C8B272A-8984-3750-A197-C02617C6FF87} = {8C8B272A-8984-3750-A197-C02617C6FF87}
	EndProjectSection
EndProject
Project("{8BC9CEB8-8B4A-11D0-8D11-00A0C91BC942}") = "tutorial_client_events", "examples\tutorial_client_events.vcxproj", "{6384FE58-1326-347B-BF4C-057C05DE641E}"
	ProjectSection(ProjectDependencies) = postProject
		{56CCD73A-21A9-3FC1-8AB5-7D737C6BDEC9} = {56CCD73A-21A9-3FC1-8AB5-7D737C6BDEC9}
		{8C8B272A-8984-3750-A197-C02617C6FF87} = {8C8B272A-8984-3750-A197-C02617C6FF87}
	EndProjectSection
EndProject
Project("{8BC9CEB8-8B4A-11D0-8D11-00A0C91BC942}") = "tutorial_client_firststeps", "examples\tutorial_client_firststeps.vcxproj", "{4E68CB25-77A3-3688-88AC-8F720C90ECC3}"
	ProjectSection(ProjectDependencies) = postProject
		{56CCD73A-21A9-3FC1-8AB5-7D737C6BDEC9} = {56CCD73A-21A9-3FC1-8AB5-7D737C6BDEC9}
		{8C8B272A-8984-3750-A197-C02617C6FF87} = {8C8B272A-8984-3750-A197-C02617C6FF87}
	EndProjectSection
EndProject
Project("{8BC9CEB8-8B4A-11D0-8D11-00A0C91BC942}") = "tutorial_datatypes", "examples\tutorial_datatypes.vcxproj", "{121348B2-133E-38D1-AAE5-DA791F5919E1}"
	ProjectSection(ProjectDependencies) = postProject
		{56CCD73A-21A9-3FC1-8AB5-7D737C6BDEC9} = {56CCD73A-21A9-3FC1-8AB5-7D737C6BDEC9}
		{8C8B272A-8984-3750-A197-C02617C6FF87} = {8C8B272A-8984-3750-A197-C02617C6FF87}
	EndProjectSection
EndProject
Project("{8BC9CEB8-8B4A-11D0-8D11-00A0C91BC942}") = "tutorial_pubsub_connection", "examples\tutorial_pubsub_connection.vcxproj", "{7D045B04-02CD-3D51-95F9-DF2CA05B638D}"
	ProjectSection(ProjectDependencies) = postProject
		{56CCD73A-21A9-3FC1-8AB5-7D737C6BDEC9} = {56CCD73A-21A9-3FC1-8AB5-7D737C6BDEC9}
		{8C8B272A-8984-3750-A197-C02617C6FF87} = {8C8B272A-8984-3750-A197-C02617C6FF87}
	EndProjectSection
EndProject
Project("{8BC9CEB8-8B4A-11D0-8D11-00A0C91BC942}") = "tutorial_pubsub_publish", "examples\tutorial_pubsub_publish.vcxproj", "{229E2341-206C-398E-9B46-40C5C22CFE60}"
	ProjectSection(ProjectDependencies) = postProject
		{56CCD73A-21A9-3FC1-8AB5-7D737C6BDEC9} = {56CCD73A-21A9-3FC1-8AB5-7D737C6BDEC9}
		{8C8B272A-8984-3750-A197-C02617C6FF87} = {8C8B272A-8984-3750-A197-C02617C6FF87}
	EndProjectSection
EndProject
Project("{8BC9CEB8-8B4A-11D0-8D11-00A0C91BC942}") = "tutorial_pubsub_subscribe", "examples\tutorial_pubsub_subscribe.vcxproj", "{8C0FB41A-2041-388E-AAD2-0BBE981D88B6}"
	ProjectSection(ProjectDependencies) = postProject
		{56CCD73A-21A9-3FC1-8AB5-7D737C6BDEC9} = {56CCD73A-21A9-3FC1-8AB5-7D737C6BDEC9}
		{8C8B272A-8984-3750-A197-C02617C6FF87} = {8C8B272A-8984-3750-A197-C02617C6FF87}
	EndProjectSection
EndProject
Project("{8BC9CEB8-8B4A-11D0-8D11-00A0C91BC942}") = "tutorial_server_datasource", "examples\tutorial_server_datasource.vcxproj", "{E62B6869-A529-3C44-8DBF-FE7D68662E2D}"
	ProjectSection(ProjectDependencies) = postProject
		{56CCD73A-21A9-3FC1-8AB5-7D737C6BDEC9} = {56CCD73A-21A9-3FC1-8AB5-7D737C6BDEC9}
		{8C8B272A-8984-3750-A197-C02617C6FF87} = {8C8B272A-8984-3750-A197-C02617C6FF87}
	EndProjectSection
EndProject
Project("{8BC9CEB8-8B4A-11D0-8D11-00A0C91BC942}") = "tutorial_server_events", "examples\tutorial_server_events.vcxproj", "{F936BF58-AB85-3449-BCA0-98838048D059}"
	ProjectSection(ProjectDependencies) = postProject
		{56CCD73A-21A9-3FC1-8AB5-7D737C6BDEC9} = {56CCD73A-21A9-3FC1-8AB5-7D737C6BDEC9}
		{8C8B272A-8984-3750-A197-C02617C6FF87} = {8C8B272A-8984-3750-A197-C02617C6FF87}
	EndProjectSection
EndProject
Project("{8BC9CEB8-8B4A-11D0-8D11-00A0C91BC942}") = "tutorial_server_firststeps", "examples\tutorial_server_firststeps.vcxproj", "{E08C02E1-6973-39C0-B9CB-AABAAD7A54DD}"
	ProjectSection(ProjectDependencies) = postProject
		{56CCD73A-21A9-3FC1-8AB5-7D737C6BDEC9} = {56CCD73A-21A9-3FC1-8AB5-7D737C6BDEC9}
		{8C8B272A-8984-3750-A197-C02617C6FF87} = {8C8B272A-8984-3750-A197-C02617C6FF87}
	EndProjectSection
EndProject
Project("{8BC9CEB8-8B4A-11D0-8D11-00A0C91BC942}") = "tutorial_server_historicaldata", "examples\tutorial_server_historicaldata.vcxproj", "{9D2845FC-5C01-34DE-80D8-44AC5EA0B556}"
	ProjectSection(ProjectDependencies) = postProject
		{56CCD73A-21A9-3FC1-8AB5-7D737C6BDEC9} = {56CCD73A-21A9-3FC1-8AB5-7D737C6BDEC9}
		{8C8B272A-8984-3750-A197-C02617C6FF87} = {8C8B272A-8984-3750-A197-C02617C6FF87}
	EndProjectSection
EndProject
Project("{8BC9CEB8-8B4A-11D0-8D11-00A0C91BC942}") = "tutorial_server_historicaldata_circular", "examples\tutorial_server_historicaldata_circular.vcxproj", "{B13E9C48-ABC4-305D-895B-3620C3F073E8}"
	ProjectSection(ProjectDependencies) = postProject
		{56CCD73A-21A9-3FC1-8AB5-7D737C6BDEC9} = {56CCD73A-21A9-3FC1-8AB5-7D737C6BDEC9}
		{8C8B272A-8984-3750-A197-C02617C6FF87} = {8C8B272A-8984-3750-A197-C02617C6FF87}
	EndProjectSection
EndProject
Project("{8BC9CEB8-8B4A-11D0-8D11-00A0C91BC942}") = "tutorial_server_method", "examples\tutorial_server_method.vcxproj", "{21C3970D-5F60-3074-93EC-1621D8E427C3}"
	ProjectSection(ProjectDependencies) = postProject
		{56CCD73A-21A9-3FC1-8AB5-7D737C6BDEC9} = {56CCD73A-21A9-3FC1-8AB5-7D737C6BDEC9}
		{8C8B272A-8984-3750-A197-C02617C6FF87} = {8C8B272A-8984-3750-A197-C02617C6FF87}
	EndProjectSection
EndProject
Project("{8BC9CEB8-8B4A-11D0-8D11-00A0C91BC942}") = "tutorial_server_method_async", "examples\tutorial_server_method_async.vcxproj", "{674DC1F7-20C1-3989-8B77-10036FF42756}"
	ProjectSection(ProjectDependencies) = postProject
		{56CCD73A-21A9-3FC1-8AB5-7D737C6BDEC9} = {56CCD73A-21A9-3FC1-8AB5-7D737C6BDEC9}
		{8C8B272A-8984-3750-A197-C02617C6FF87} = {8C8B272A-8984-3750-A197-C02617C6FF87}
	EndProjectSection
EndProject
Project("{8BC9CEB8-8B4A-11D0-8D11-00A0C91BC942}") = "tutorial_server_monitoreditems", "examples\tutorial_server_monitoreditems.vcxproj", "{C5A4020D-6FDD-30EA-BDB5-8EECB9C6D2CE}"
	ProjectSection(ProjectDependencies) = postProject
		{56CCD73A-21A9-3FC1-8AB5-7D737C6BDEC9} = {56CCD73A-21A9-3FC1-8AB5-7D737C6BDEC9}
		{8C8B272A-8984-3750-A197-C02617C6FF87} = {8C8B272A-8984-3750-A197-C02617C6FF87}
	EndProjectSection
EndProject
Project("{8BC9CEB8-8B4A-11D0-8D11-00A0C91BC942}") = "tutorial_server_object", "examples\tutorial_server_object.vcxproj", "{676C8C46-D7CA-335B-87C3-D33E883B4088}"
	ProjectSection(ProjectDependencies) = postProject
		{56CCD73A-21A9-3FC1-8AB5-7D737C6BDEC9} = {56CCD73A-21A9-3FC1-8AB5-7D737C6BDEC9}
		{8C8B272A-8984-3750-A197-C02617C6FF87} = {8C8B272A-8984-3750-A197-C02617C6FF87}
	EndProjectSection
EndProject
Project("{8BC9CEB8-8B4A-11D0-8D11-00A0C91BC942}") = "tutorial_server_reverseconnect", "examples\tutorial_server_reverseconnect.vcxproj", "{FF978261-9206-3405-A6DD-786EC652BAD5}"
	ProjectSection(ProjectDependencies) = postProject
		{56CCD73A-21A9-3FC1-8AB5-7D737C6BDEC9} = {56CCD73A-21A9-3FC1-8AB5-7D737C6BDEC9}
		{8C8B272A-8984-3750-A197-C02617C6FF87} = {8C8B272A-8984-3750-A197-C02617C6FF87}
	EndProjectSection
EndProject
Project("{8BC9CEB8-8B4A-11D0-8D11-00A0C91BC942}") = "tutorial_server_variable", "examples\tutorial_server_variable.vcxproj", "{5AC0A948-96A8-36A9-99D9-63B845766ABF}"
	ProjectSection(ProjectDependencies) = postProject
		{56CCD73A-21A9-3FC1-8AB5-7D737C6BDEC9} = {56CCD73A-21A9-3FC1-8AB5-7D737C6BDEC9}
		{8C8B272A-8984-3750-A197-C02617C6FF87} = {8C8B272A-8984-3750-A197-C02617C6FF87}
	EndProjectSection
EndProject
Project("{8BC9CEB8-8B4A-11D0-8D11-00A0C91BC942}") = "tutorial_server_variabletype", "examples\tutorial_server_variabletype.vcxproj", "{080DC15D-8B90-30E9-B380-0A1C23E10A3D}"
	ProjectSection(ProjectDependencies) = postProject
		{56CCD73A-21A9-3FC1-8AB5-7D737C6BDEC9} = {56CCD73A-21A9-3FC1-8AB5-7D737C6BDEC9}
		{8C8B272A-8984-3750-A197-C02617C6FF87} = {8C8B272A-8984-3750-A197-C02617C6FF87}
	EndProjectSection
EndProject
Global
	GlobalSection(SolutionConfigurationPlatforms) = preSolution
		Debug|x64 = Debug|x64
		Release|x64 = Release|x64
		MinSizeRel|x64 = MinSizeRel|x64
		RelWithDebInfo|x64 = RelWithDebInfo|x64
	EndGlobalSection
	GlobalSection(ProjectConfigurationPlatforms) = postSolution
		{DCBE2805-60B7-3C70-ABA1-970D62CAE698}.Debug|x64.ActiveCfg = Debug|x64
		{DCBE2805-60B7-3C70-ABA1-970D62CAE698}.Debug|x64.Build.0 = Debug|x64
		{DCBE2805-60B7-3C70-ABA1-970D62CAE698}.Release|x64.ActiveCfg = Release|x64
		{DCBE2805-60B7-3C70-ABA1-970D62CAE698}.Release|x64.Build.0 = Release|x64
		{DCBE2805-60B7-3C70-ABA1-970D62CAE698}.MinSizeRel|x64.ActiveCfg = MinSizeRel|x64
		{DCBE2805-60B7-3C70-ABA1-970D62CAE698}.MinSizeRel|x64.Build.0 = MinSizeRel|x64
		{DCBE2805-60B7-3C70-ABA1-970D62CAE698}.RelWithDebInfo|x64.ActiveCfg = RelWithDebInfo|x64
		{DCBE2805-60B7-3C70-ABA1-970D62CAE698}.RelWithDebInfo|x64.Build.0 = RelWithDebInfo|x64
		{A6E92A2C-3C70-37AA-BDAB-5AD9E221DEF0}.Debug|x64.ActiveCfg = Debug|x64
		{A6E92A2C-3C70-37AA-BDAB-5AD9E221DEF0}.Release|x64.ActiveCfg = Release|x64
		{A6E92A2C-3C70-37AA-BDAB-5AD9E221DEF0}.MinSizeRel|x64.ActiveCfg = MinSizeRel|x64
		{A6E92A2C-3C70-37AA-BDAB-5AD9E221DEF0}.RelWithDebInfo|x64.ActiveCfg = RelWithDebInfo|x64
		{56CCD73A-21A9-3FC1-8AB5-7D737C6BDEC9}.Debug|x64.ActiveCfg = Debug|x64
		{56CCD73A-21A9-3FC1-8AB5-7D737C6BDEC9}.Debug|x64.Build.0 = Debug|x64
		{56CCD73A-21A9-3FC1-8AB5-7D737C6BDEC9}.Release|x64.ActiveCfg = Release|x64
		{56CCD73A-21A9-3FC1-8AB5-7D737C6BDEC9}.Release|x64.Build.0 = Release|x64
		{56CCD73A-21A9-3FC1-8AB5-7D737C6BDEC9}.MinSizeRel|x64.ActiveCfg = MinSizeRel|x64
		{56CCD73A-21A9-3FC1-8AB5-7D737C6BDEC9}.MinSizeRel|x64.Build.0 = MinSizeRel|x64
		{56CCD73A-21A9-3FC1-8AB5-7D737C6BDEC9}.RelWithDebInfo|x64.ActiveCfg = RelWithDebInfo|x64
		{56CCD73A-21A9-3FC1-8AB5-7D737C6BDEC9}.RelWithDebInfo|x64.Build.0 = RelWithDebInfo|x64
		{4201BD6E-EF66-3348-921D-E717C7C5841F}.Debug|x64.ActiveCfg = Debug|x64
		{4201BD6E-EF66-3348-921D-E717C7C5841F}.Debug|x64.Build.0 = Debug|x64
		{4201BD6E-EF66-3348-921D-E717C7C5841F}.Release|x64.ActiveCfg = Release|x64
		{4201BD6E-EF66-3348-921D-E717C7C5841F}.Release|x64.Build.0 = Release|x64
		{4201BD6E-EF66-3348-921D-E717C7C5841F}.MinSizeRel|x64.ActiveCfg = MinSizeRel|x64
		{4201BD6E-EF66-3348-921D-E717C7C5841F}.MinSizeRel|x64.Build.0 = MinSizeRel|x64
		{4201BD6E-EF66-3348-921D-E717C7C5841F}.RelWithDebInfo|x64.ActiveCfg = RelWithDebInfo|x64
		{4201BD6E-EF66-3348-921D-E717C7C5841F}.RelWithDebInfo|x64.Build.0 = RelWithDebInfo|x64
		{A9E8B4A3-BD30-36DE-A4B3-96C5CBA0DB3C}.Debug|x64.ActiveCfg = Debug|x64
		{A9E8B4A3-BD30-36DE-A4B3-96C5CBA0DB3C}.Debug|x64.Build.0 = Debug|x64
		{A9E8B4A3-BD30-36DE-A4B3-96C5CBA0DB3C}.Release|x64.ActiveCfg = Release|x64
		{A9E8B4A3-BD30-36DE-A4B3-96C5CBA0DB3C}.Release|x64.Build.0 = Release|x64
		{A9E8B4A3-BD30-36DE-A4B3-96C5CBA0DB3C}.MinSizeRel|x64.ActiveCfg = MinSizeRel|x64
		{A9E8B4A3-BD30-36DE-A4B3-96C5CBA0DB3C}.MinSizeRel|x64.Build.0 = MinSizeRel|x64
		{A9E8B4A3-BD30-36DE-A4B3-96C5CBA0DB3C}.RelWithDebInfo|x64.ActiveCfg = RelWithDebInfo|x64
		{A9E8B4A3-BD30-36DE-A4B3-96C5CBA0DB3C}.RelWithDebInfo|x64.Build.0 = RelWithDebInfo|x64
		{CD7301FB-2762-37AE-B2E1-3E78C204B0AE}.Debug|x64.ActiveCfg = Debug|x64
		{CD7301FB-2762-37AE-B2E1-3E78C204B0AE}.Debug|x64.Build.0 = Debug|x64
		{CD7301FB-2762-37AE-B2E1-3E78C204B0AE}.Release|x64.ActiveCfg = Release|x64
		{CD7301FB-2762-37AE-B2E1-3E78C204B0AE}.Release|x64.Build.0 = Release|x64
		{CD7301FB-2762-37AE-B2E1-3E78C204B0AE}.MinSizeRel|x64.ActiveCfg = MinSizeRel|x64
		{CD7301FB-2762-37AE-B2E1-3E78C204B0AE}.MinSizeRel|x64.Build.0 = MinSizeRel|x64
		{CD7301FB-2762-37AE-B2E1-3E78C204B0AE}.RelWithDebInfo|x64.ActiveCfg = RelWithDebInfo|x64
		{CD7301FB-2762-37AE-B2E1-3E78C204B0AE}.RelWithDebInfo|x64.Build.0 = RelWithDebInfo|x64
		{B3080D1A-59BA-3FF0-AB2F-12BAC99C8D43}.Debug|x64.ActiveCfg = Debug|x64
		{B3080D1A-59BA-3FF0-AB2F-12BAC99C8D43}.Debug|x64.Build.0 = Debug|x64
		{B3080D1A-59BA-3FF0-AB2F-12BAC99C8D43}.Release|x64.ActiveCfg = Release|x64
		{B3080D1A-59BA-3FF0-AB2F-12BAC99C8D43}.Release|x64.Build.0 = Release|x64
		{B3080D1A-59BA-3FF0-AB2F-12BAC99C8D43}.MinSizeRel|x64.ActiveCfg = MinSizeRel|x64
		{B3080D1A-59BA-3FF0-AB2F-12BAC99C8D43}.MinSizeRel|x64.Build.0 = MinSizeRel|x64
		{B3080D1A-59BA-3FF0-AB2F-12BAC99C8D43}.RelWithDebInfo|x64.ActiveCfg = RelWithDebInfo|x64
		{B3080D1A-59BA-3FF0-AB2F-12BAC99C8D43}.RelWithDebInfo|x64.Build.0 = RelWithDebInfo|x64
		{9230433D-397C-3759-9FBF-CB0C9BA5CD42}.Debug|x64.ActiveCfg = Debug|x64
		{9230433D-397C-3759-9FBF-CB0C9BA5CD42}.Release|x64.ActiveCfg = Release|x64
		{9230433D-397C-3759-9FBF-CB0C9BA5CD42}.MinSizeRel|x64.ActiveCfg = MinSizeRel|x64
		{9230433D-397C-3759-9FBF-CB0C9BA5CD42}.RelWithDebInfo|x64.ActiveCfg = RelWithDebInfo|x64
		{276D6630-E6F7-3E70-A0F4-C2754C3F738A}.Debug|x64.ActiveCfg = Debug|x64
		{276D6630-E6F7-3E70-A0F4-C2754C3F738A}.Release|x64.ActiveCfg = Release|x64
		{276D6630-E6F7-3E70-A0F4-C2754C3F738A}.MinSizeRel|x64.ActiveCfg = MinSizeRel|x64
		{276D6630-E6F7-3E70-A0F4-C2754C3F738A}.RelWithDebInfo|x64.ActiveCfg = RelWithDebInfo|x64
		{849B8FF8-A187-3B62-84A5-FB777D078309}.Debug|x64.ActiveCfg = Debug|x64
		{849B8FF8-A187-3B62-84A5-FB777D078309}.Debug|x64.Build.0 = Debug|x64
		{849B8FF8-A187-3B62-84A5-FB777D078309}.Release|x64.ActiveCfg = Release|x64
		{849B8FF8-A187-3B62-84A5-FB777D078309}.Release|x64.Build.0 = Release|x64
		{849B8FF8-A187-3B62-84A5-FB777D078309}.MinSizeRel|x64.ActiveCfg = MinSizeRel|x64
		{849B8FF8-A187-3B62-84A5-FB777D078309}.MinSizeRel|x64.Build.0 = MinSizeRel|x64
		{849B8FF8-A187-3B62-84A5-FB777D078309}.RelWithDebInfo|x64.ActiveCfg = RelWithDebInfo|x64
		{849B8FF8-A187-3B62-84A5-FB777D078309}.RelWithDebInfo|x64.Build.0 = RelWithDebInfo|x64
		{AFE86352-D777-32E8-BD74-A4DC9328C5CB}.Debug|x64.ActiveCfg = Debug|x64
		{AFE86352-D777-32E8-BD74-A4DC9328C5CB}.Debug|x64.Build.0 = Debug|x64
		{AFE86352-D777-32E8-BD74-A4DC9328C5CB}.Release|x64.ActiveCfg = Release|x64
		{AFE86352-D777-32E8-BD74-A4DC9328C5CB}.Release|x64.Build.0 = Release|x64
		{AFE86352-D777-32E8-BD74-A4DC9328C5CB}.MinSizeRel|x64.ActiveCfg = MinSizeRel|x64
		{AFE86352-D777-32E8-BD74-A4DC9328C5CB}.MinSizeRel|x64.Build.0 = MinSizeRel|x64
		{AFE86352-D777-32E8-BD74-A4DC9328C5CB}.RelWithDebInfo|x64.ActiveCfg = RelWithDebInfo|x64
		{AFE86352-D777-32E8-BD74-A4DC9328C5CB}.RelWithDebInfo|x64.Build.0 = RelWithDebInfo|x64
		{C76DFA68-E341-3B1D-8A51-5979DCF58094}.Debug|x64.ActiveCfg = Debug|x64
		{C76DFA68-E341-3B1D-8A51-5979DCF58094}.Debug|x64.Build.0 = Debug|x64
		{C76DFA68-E341-3B1D-8A51-5979DCF58094}.Release|x64.ActiveCfg = Release|x64
		{C76DFA68-E341-3B1D-8A51-5979DCF58094}.Release|x64.Build.0 = Release|x64
		{C76DFA68-E341-3B1D-8A51-5979DCF58094}.MinSizeRel|x64.ActiveCfg = MinSizeRel|x64
		{C76DFA68-E341-3B1D-8A51-5979DCF58094}.MinSizeRel|x64.Build.0 = MinSizeRel|x64
		{C76DFA68-E341-3B1D-8A51-5979DCF58094}.RelWithDebInfo|x64.ActiveCfg = RelWithDebInfo|x64
		{C76DFA68-E341-3B1D-8A51-5979DCF58094}.RelWithDebInfo|x64.Build.0 = RelWithDebInfo|x64
		{4E1C492A-AEFA-3D42-89B1-59763175EEC5}.Debug|x64.ActiveCfg = Debug|x64
		{4E1C492A-AEFA-3D42-89B1-59763175EEC5}.Debug|x64.Build.0 = Debug|x64
		{4E1C492A-AEFA-3D42-89B1-59763175EEC5}.Release|x64.ActiveCfg = Release|x64
		{4E1C492A-AEFA-3D42-89B1-59763175EEC5}.Release|x64.Build.0 = Release|x64
		{4E1C492A-AEFA-3D42-89B1-59763175EEC5}.MinSizeRel|x64.ActiveCfg = MinSizeRel|x64
		{4E1C492A-AEFA-3D42-89B1-59763175EEC5}.MinSizeRel|x64.Build.0 = MinSizeRel|x64
		{4E1C492A-AEFA-3D42-89B1-59763175EEC5}.RelWithDebInfo|x64.ActiveCfg = RelWithDebInfo|x64
		{4E1C492A-AEFA-3D42-89B1-59763175EEC5}.RelWithDebInfo|x64.Build.0 = RelWithDebInfo|x64
		{FC79ADA3-7D0F-394C-B719-7F3BA56AE8F8}.Debug|x64.ActiveCfg = Debug|x64
		{FC79ADA3-7D0F-394C-B719-7F3BA56AE8F8}.Debug|x64.Build.0 = Debug|x64
		{FC79ADA3-7D0F-394C-B719-7F3BA56AE8F8}.Release|x64.ActiveCfg = Release|x64
		{FC79ADA3-7D0F-394C-B719-7F3BA56AE8F8}.Release|x64.Build.0 = Release|x64
		{FC79ADA3-7D0F-394C-B719-7F3BA56AE8F8}.MinSizeRel|x64.ActiveCfg = MinSizeRel|x64
		{FC79ADA3-7D0F-394C-B719-7F3BA56AE8F8}.MinSizeRel|x64.Build.0 = MinSizeRel|x64
		{FC79ADA3-7D0F-394C-B719-7F3BA56AE8F8}.RelWithDebInfo|x64.ActiveCfg = RelWithDebInfo|x64
		{FC79ADA3-7D0F-394C-B719-7F3BA56AE8F8}.RelWithDebInfo|x64.Build.0 = RelWithDebInfo|x64
		{B3842BF2-48CE-3F9C-A509-61C1E7D82070}.Debug|x64.ActiveCfg = Debug|x64
		{B3842BF2-48CE-3F9C-A509-61C1E7D82070}.Debug|x64.Build.0 = Debug|x64
		{B3842BF2-48CE-3F9C-A509-61C1E7D82070}.Release|x64.ActiveCfg = Release|x64
		{B3842BF2-48CE-3F9C-A509-61C1E7D82070}.Release|x64.Build.0 = Release|x64
		{B3842BF2-48CE-3F9C-A509-61C1E7D82070}.MinSizeRel|x64.ActiveCfg = MinSizeRel|x64
		{B3842BF2-48CE-3F9C-A509-61C1E7D82070}.MinSizeRel|x64.Build.0 = MinSizeRel|x64
		{B3842BF2-48CE-3F9C-A509-61C1E7D82070}.RelWithDebInfo|x64.ActiveCfg = RelWithDebInfo|x64
		{B3842BF2-48CE-3F9C-A509-61C1E7D82070}.RelWithDebInfo|x64.Build.0 = RelWithDebInfo|x64
		{EA6D60D6-00A5-39B5-B223-ACC32B753BB4}.Debug|x64.ActiveCfg = Debug|x64
		{EA6D60D6-00A5-39B5-B223-ACC32B753BB4}.Debug|x64.Build.0 = Debug|x64
		{EA6D60D6-00A5-39B5-B223-ACC32B753BB4}.Release|x64.ActiveCfg = Release|x64
		{EA6D60D6-00A5-39B5-B223-ACC32B753BB4}.Release|x64.Build.0 = Release|x64
		{EA6D60D6-00A5-39B5-B223-ACC32B753BB4}.MinSizeRel|x64.ActiveCfg = MinSizeRel|x64
		{EA6D60D6-00A5-39B5-B223-ACC32B753BB4}.MinSizeRel|x64.Build.0 = MinSizeRel|x64
		{EA6D60D6-00A5-39B5-B223-ACC32B753BB4}.RelWithDebInfo|x64.ActiveCfg = RelWithDebInfo|x64
		{EA6D60D6-00A5-39B5-B223-ACC32B753BB4}.RelWithDebInfo|x64.Build.0 = RelWithDebInfo|x64
		{4FC608EF-ED6E-32AB-924C-D1A4FB1916FC}.Debug|x64.ActiveCfg = Debug|x64
		{4FC608EF-ED6E-32AB-924C-D1A4FB1916FC}.Debug|x64.Build.0 = Debug|x64
		{4FC608EF-ED6E-32AB-924C-D1A4FB1916FC}.Release|x64.ActiveCfg = Release|x64
		{4FC608EF-ED6E-32AB-924C-D1A4FB1916FC}.Release|x64.Build.0 = Release|x64
		{4FC608EF-ED6E-32AB-924C-D1A4FB1916FC}.MinSizeRel|x64.ActiveCfg = MinSizeRel|x64
		{4FC608EF-ED6E-32AB-924C-D1A4FB1916FC}.MinSizeRel|x64.Build.0 = MinSizeRel|x64
		{4FC608EF-ED6E-32AB-924C-D1A4FB1916FC}.RelWithDebInfo|x64.ActiveCfg = RelWithDebInfo|x64
		{4FC608EF-ED6E-32AB-924C-D1A4FB1916FC}.RelWithDebInfo|x64.Build.0 = RelWithDebInfo|x64
		{D7D22BD9-3199-3744-8276-999A94593A15}.Debug|x64.ActiveCfg = Debug|x64
		{D7D22BD9-3199-3744-8276-999A94593A15}.Debug|x64.Build.0 = Debug|x64
		{D7D22BD9-3199-3744-8276-999A94593A15}.Release|x64.ActiveCfg = Release|x64
		{D7D22BD9-3199-3744-8276-999A94593A15}.Release|x64.Build.0 = Release|x64
		{D7D22BD9-3199-3744-8276-999A94593A15}.MinSizeRel|x64.ActiveCfg = MinSizeRel|x64
		{D7D22BD9-3199-3744-8276-999A94593A15}.MinSizeRel|x64.Build.0 = MinSizeRel|x64
		{D7D22BD9-3199-3744-8276-999A94593A15}.RelWithDebInfo|x64.ActiveCfg = RelWithDebInfo|x64
		{D7D22BD9-3199-3744-8276-999A94593A15}.RelWithDebInfo|x64.Build.0 = RelWithDebInfo|x64
		{AECD4165-C73D-3BEE-AD9D-8325E6AAE5D5}.Debug|x64.ActiveCfg = Debug|x64
		{AECD4165-C73D-3BEE-AD9D-8325E6AAE5D5}.Release|x64.ActiveCfg = Release|x64
		{AECD4165-C73D-3BEE-AD9D-8325E6AAE5D5}.MinSizeRel|x64.ActiveCfg = MinSizeRel|x64
		{AECD4165-C73D-3BEE-AD9D-8325E6AAE5D5}.RelWithDebInfo|x64.ActiveCfg = RelWithDebInfo|x64
		{B9A7EF64-3D03-3F95-A3E6-6BCA18B52149}.Debug|x64.ActiveCfg = Debug|x64
		{B9A7EF64-3D03-3F95-A3E6-6BCA18B52149}.Release|x64.ActiveCfg = Release|x64
		{B9A7EF64-3D03-3F95-A3E6-6BCA18B52149}.MinSizeRel|x64.ActiveCfg = MinSizeRel|x64
		{B9A7EF64-3D03-3F95-A3E6-6BCA18B52149}.RelWithDebInfo|x64.ActiveCfg = RelWithDebInfo|x64
		{6930B5EA-D337-36BC-888A-2522E88C08EF}.Debug|x64.ActiveCfg = Debug|x64
		{6930B5EA-D337-36BC-888A-2522E88C08EF}.Release|x64.ActiveCfg = Release|x64
		{6930B5EA-D337-36BC-888A-2522E88C08EF}.MinSizeRel|x64.ActiveCfg = MinSizeRel|x64
		{6930B5EA-D337-36BC-888A-2522E88C08EF}.RelWithDebInfo|x64.ActiveCfg = RelWithDebInfo|x64
		{6A01DBCF-E80A-3D65-9E13-071C85BBCB36}.Debug|x64.ActiveCfg = Debug|x64
		{6A01DBCF-E80A-3D65-9E13-071C85BBCB36}.Release|x64.ActiveCfg = Release|x64
		{6A01DBCF-E80A-3D65-9E13-071C85BBCB36}.MinSizeRel|x64.ActiveCfg = MinSizeRel|x64
		{6A01DBCF-E80A-3D65-9E13-071C85BBCB36}.RelWithDebInfo|x64.ActiveCfg = RelWithDebInfo|x64
		{8C8B272A-8984-3750-A197-C02617C6FF87}.Debug|x64.ActiveCfg = Debug|x64
		{8C8B272A-8984-3750-A197-C02617C6FF87}.Debug|x64.Build.0 = Debug|x64
		{8C8B272A-8984-3750-A197-C02617C6FF87}.Release|x64.ActiveCfg = Release|x64
		{8C8B272A-8984-3750-A197-C02617C6FF87}.Release|x64.Build.0 = Release|x64
		{8C8B272A-8984-3750-A197-C02617C6FF87}.MinSizeRel|x64.ActiveCfg = MinSizeRel|x64
		{8C8B272A-8984-3750-A197-C02617C6FF87}.MinSizeRel|x64.Build.0 = MinSizeRel|x64
		{8C8B272A-8984-3750-A197-C02617C6FF87}.RelWithDebInfo|x64.ActiveCfg = RelWithDebInfo|x64
		{8C8B272A-8984-3750-A197-C02617C6FF87}.RelWithDebInfo|x64.Build.0 = RelWithDebInfo|x64
		{E153173E-C595-303D-875E-33A323A66BA2}.Debug|x64.ActiveCfg = Debug|x64
		{E153173E-C595-303D-875E-33A323A66BA2}.Debug|x64.Build.0 = Debug|x64
		{E153173E-C595-303D-875E-33A323A66BA2}.Release|x64.ActiveCfg = Release|x64
		{E153173E-C595-303D-875E-33A323A66BA2}.Release|x64.Build.0 = Release|x64
		{E153173E-C595-303D-875E-33A323A66BA2}.MinSizeRel|x64.ActiveCfg = MinSizeRel|x64
		{E153173E-C595-303D-875E-33A323A66BA2}.MinSizeRel|x64.Build.0 = MinSizeRel|x64
		{E153173E-C595-303D-875E-33A323A66BA2}.RelWithDebInfo|x64.ActiveCfg = RelWithDebInfo|x64
		{E153173E-C595-303D-875E-33A323A66BA2}.RelWithDebInfo|x64.Build.0 = RelWithDebInfo|x64
		{09464EAD-DE1C-32C4-AD41-784D400318D9}.Debug|x64.ActiveCfg = Debug|x64
		{09464EAD-DE1C-32C4-AD41-784D400318D9}.Release|x64.ActiveCfg = Release|x64
		{09464EAD-DE1C-32C4-AD41-784D400318D9}.MinSizeRel|x64.ActiveCfg = MinSizeRel|x64
		{09464EAD-DE1C-32C4-AD41-784D400318D9}.RelWithDebInfo|x64.ActiveCfg = RelWithDebInfo|x64
		{90004F92-0C3B-3DFF-BD95-576837C713D7}.Debug|x64.ActiveCfg = Debug|x64
		{90004F92-0C3B-3DFF-BD95-576837C713D7}.Debug|x64.Build.0 = Debug|x64
		{90004F92-0C3B-3DFF-BD95-576837C713D7}.Release|x64.ActiveCfg = Release|x64
		{90004F92-0C3B-3DFF-BD95-576837C713D7}.Release|x64.Build.0 = Release|x64
		{90004F92-0C3B-3DFF-BD95-576837C713D7}.MinSizeRel|x64.ActiveCfg = MinSizeRel|x64
		{90004F92-0C3B-3DFF-BD95-576837C713D7}.MinSizeRel|x64.Build.0 = MinSizeRel|x64
		{90004F92-0C3B-3DFF-BD95-576837C713D7}.RelWithDebInfo|x64.ActiveCfg = RelWithDebInfo|x64
		{90004F92-0C3B-3DFF-BD95-576837C713D7}.RelWithDebInfo|x64.Build.0 = RelWithDebInfo|x64
		{B65B519F-2B31-3615-ABB5-FD5347217424}.Debug|x64.ActiveCfg = Debug|x64
		{B65B519F-2B31-3615-ABB5-FD5347217424}.Debug|x64.Build.0 = Debug|x64
		{B65B519F-2B31-3615-ABB5-FD5347217424}.Release|x64.ActiveCfg = Release|x64
		{B65B519F-2B31-3615-ABB5-FD5347217424}.Release|x64.Build.0 = Release|x64
		{B65B519F-2B31-3615-ABB5-FD5347217424}.MinSizeRel|x64.ActiveCfg = MinSizeRel|x64
		{B65B519F-2B31-3615-ABB5-FD5347217424}.MinSizeRel|x64.Build.0 = MinSizeRel|x64
		{B65B519F-2B31-3615-ABB5-FD5347217424}.RelWithDebInfo|x64.ActiveCfg = RelWithDebInfo|x64
		{B65B519F-2B31-3615-ABB5-FD5347217424}.RelWithDebInfo|x64.Build.0 = RelWithDebInfo|x64
		{BECB3E25-EA28-3CE8-9D04-A679C37031D8}.Debug|x64.ActiveCfg = Debug|x64
		{BECB3E25-EA28-3CE8-9D04-A679C37031D8}.Debug|x64.Build.0 = Debug|x64
		{BECB3E25-EA28-3CE8-9D04-A679C37031D8}.Release|x64.ActiveCfg = Release|x64
		{BECB3E25-EA28-3CE8-9D04-A679C37031D8}.Release|x64.Build.0 = Release|x64
		{BECB3E25-EA28-3CE8-9D04-A679C37031D8}.MinSizeRel|x64.ActiveCfg = MinSizeRel|x64
		{BECB3E25-EA28-3CE8-9D04-A679C37031D8}.MinSizeRel|x64.Build.0 = MinSizeRel|x64
		{BECB3E25-EA28-3CE8-9D04-A679C37031D8}.RelWithDebInfo|x64.ActiveCfg = RelWithDebInfo|x64
		{BECB3E25-EA28-3CE8-9D04-A679C37031D8}.RelWithDebInfo|x64.Build.0 = RelWithDebInfo|x64
		{BE3D6320-B5DB-3462-BD7C-F3BABD01F6C6}.Debug|x64.ActiveCfg = Debug|x64
		{BE3D6320-B5DB-3462-BD7C-F3BABD01F6C6}.Debug|x64.Build.0 = Debug|x64
		{BE3D6320-B5DB-3462-BD7C-F3BABD01F6C6}.Release|x64.ActiveCfg = Release|x64
		{BE3D6320-B5DB-3462-BD7C-F3BABD01F6C6}.Release|x64.Build.0 = Release|x64
		{BE3D6320-B5DB-3462-BD7C-F3BABD01F6C6}.MinSizeRel|x64.ActiveCfg = MinSizeRel|x64
		{BE3D6320-B5DB-3462-BD7C-F3BABD01F6C6}.MinSizeRel|x64.Build.0 = MinSizeRel|x64
		{BE3D6320-B5DB-3462-BD7C-F3BABD01F6C6}.RelWithDebInfo|x64.ActiveCfg = RelWithDebInfo|x64
		{BE3D6320-B5DB-3462-BD7C-F3BABD01F6C6}.RelWithDebInfo|x64.Build.0 = RelWithDebInfo|x64
		{58864FDD-1C07-3EE6-A03D-6B98D2103510}.Debug|x64.ActiveCfg = Debug|x64
		{58864FDD-1C07-3EE6-A03D-6B98D2103510}.Debug|x64.Build.0 = Debug|x64
		{58864FDD-1C07-3EE6-A03D-6B98D2103510}.Release|x64.ActiveCfg = Release|x64
		{58864FDD-1C07-3EE6-A03D-6B98D2103510}.Release|x64.Build.0 = Release|x64
		{58864FDD-1C07-3EE6-A03D-6B98D2103510}.MinSizeRel|x64.ActiveCfg = MinSizeRel|x64
		{58864FDD-1C07-3EE6-A03D-6B98D2103510}.MinSizeRel|x64.Build.0 = MinSizeRel|x64
		{58864FDD-1C07-3EE6-A03D-6B98D2103510}.RelWithDebInfo|x64.ActiveCfg = RelWithDebInfo|x64
		{58864FDD-1C07-3EE6-A03D-6B98D2103510}.RelWithDebInfo|x64.Build.0 = RelWithDebInfo|x64
		{2D9B2C6C-A63B-384B-9600-FDBF12A960A9}.Debug|x64.ActiveCfg = Debug|x64
		{2D9B2C6C-A63B-384B-9600-FDBF12A960A9}.Debug|x64.Build.0 = Debug|x64
		{2D9B2C6C-A63B-384B-9600-FDBF12A960A9}.Release|x64.ActiveCfg = Release|x64
		{2D9B2C6C-A63B-384B-9600-FDBF12A960A9}.Release|x64.Build.0 = Release|x64
		{2D9B2C6C-A63B-384B-9600-FDBF12A960A9}.MinSizeRel|x64.ActiveCfg = MinSizeRel|x64
		{2D9B2C6C-A63B-384B-9600-FDBF12A960A9}.MinSizeRel|x64.Build.0 = MinSizeRel|x64
		{2D9B2C6C-A63B-384B-9600-FDBF12A960A9}.RelWithDebInfo|x64.ActiveCfg = RelWithDebInfo|x64
		{2D9B2C6C-A63B-384B-9600-FDBF12A960A9}.RelWithDebInfo|x64.Build.0 = RelWithDebInfo|x64
		{29BCFA51-B8D1-3121-8193-69047246D419}.Debug|x64.ActiveCfg = Debug|x64
		{29BCFA51-B8D1-3121-8193-69047246D419}.Debug|x64.Build.0 = Debug|x64
		{29BCFA51-B8D1-3121-8193-69047246D419}.Release|x64.ActiveCfg = Release|x64
		{29BCFA51-B8D1-3121-8193-69047246D419}.Release|x64.Build.0 = Release|x64
		{29BCFA51-B8D1-3121-8193-69047246D419}.MinSizeRel|x64.ActiveCfg = MinSizeRel|x64
		{29BCFA51-B8D1-3121-8193-69047246D419}.MinSizeRel|x64.Build.0 = MinSizeRel|x64
		{29BCFA51-B8D1-3121-8193-69047246D419}.RelWithDebInfo|x64.ActiveCfg = RelWithDebInfo|x64
		{29BCFA51-B8D1-3121-8193-69047246D419}.RelWithDebInfo|x64.Build.0 = RelWithDebInfo|x64
		{4412EE45-2B04-39C7-8347-7AE4C3F64923}.Debug|x64.ActiveCfg = Debug|x64
		{4412EE45-2B04-39C7-8347-7AE4C3F64923}.Debug|x64.Build.0 = Debug|x64
		{4412EE45-2B04-39C7-8347-7AE4C3F64923}.Release|x64.ActiveCfg = Release|x64
		{4412EE45-2B04-39C7-8347-7AE4C3F64923}.Release|x64.Build.0 = Release|x64
		{4412EE45-2B04-39C7-8347-7AE4C3F64923}.MinSizeRel|x64.ActiveCfg = MinSizeRel|x64
		{4412EE45-2B04-39C7-8347-7AE4C3F64923}.MinSizeRel|x64.Build.0 = MinSizeRel|x64
		{4412EE45-2B04-39C7-8347-7AE4C3F64923}.RelWithDebInfo|x64.ActiveCfg = RelWithDebInfo|x64
		{4412EE45-2B04-39C7-8347-7AE4C3F64923}.RelWithDebInfo|x64.Build.0 = RelWithDebInfo|x64
		{44FA1E92-44B1-30E4-B682-EE19E44BB269}.Debug|x64.ActiveCfg = Debug|x64
		{44FA1E92-44B1-30E4-B682-EE19E44BB269}.Debug|x64.Build.0 = Debug|x64
		{44FA1E92-44B1-30E4-B682-EE19E44BB269}.Release|x64.ActiveCfg = Release|x64
		{44FA1E92-44B1-30E4-B682-EE19E44BB269}.Release|x64.Build.0 = Release|x64
		{44FA1E92-44B1-30E4-B682-EE19E44BB269}.MinSizeRel|x64.ActiveCfg = MinSizeRel|x64
		{44FA1E92-44B1-30E4-B682-EE19E44BB269}.MinSizeRel|x64.Build.0 = MinSizeRel|x64
		{44FA1E92-44B1-30E4-B682-EE19E44BB269}.RelWithDebInfo|x64.ActiveCfg = RelWithDebInfo|x64
		{44FA1E92-44B1-30E4-B682-EE19E44BB269}.RelWithDebInfo|x64.Build.0 = RelWithDebInfo|x64
		{C8FCE727-83DB-330E-87DA-1D161E04735E}.Debug|x64.ActiveCfg = Debug|x64
		{C8FCE727-83DB-330E-87DA-1D161E04735E}.Debug|x64.Build.0 = Debug|x64
		{C8FCE727-83DB-330E-87DA-1D161E04735E}.Release|x64.ActiveCfg = Release|x64
		{C8FCE727-83DB-330E-87DA-1D161E04735E}.Release|x64.Build.0 = Release|x64
		{C8FCE727-83DB-330E-87DA-1D161E04735E}.MinSizeRel|x64.ActiveCfg = MinSizeRel|x64
		{C8FCE727-83DB-330E-87DA-1D161E04735E}.MinSizeRel|x64.Build.0 = MinSizeRel|x64
		{C8FCE727-83DB-330E-87DA-1D161E04735E}.RelWithDebInfo|x64.ActiveCfg = RelWithDebInfo|x64
		{C8FCE727-83DB-330E-87DA-1D161E04735E}.RelWithDebInfo|x64.Build.0 = RelWithDebInfo|x64
		{224D3DD8-99D1-39BA-B58F-CE6A3069772C}.Debug|x64.ActiveCfg = Debug|x64
		{224D3DD8-99D1-39BA-B58F-CE6A3069772C}.Debug|x64.Build.0 = Debug|x64
		{224D3DD8-99D1-39BA-B58F-CE6A3069772C}.Release|x64.ActiveCfg = Release|x64
		{224D3DD8-99D1-39BA-B58F-CE6A3069772C}.Release|x64.Build.0 = Release|x64
		{224D3DD8-99D1-39BA-B58F-CE6A3069772C}.MinSizeRel|x64.ActiveCfg = MinSizeRel|x64
		{224D3DD8-99D1-39BA-B58F-CE6A3069772C}.MinSizeRel|x64.Build.0 = MinSizeRel|x64
		{224D3DD8-99D1-39BA-B58F-CE6A3069772C}.RelWithDebInfo|x64.ActiveCfg = RelWithDebInfo|x64
		{224D3DD8-99D1-39BA-B58F-CE6A3069772C}.RelWithDebInfo|x64.Build.0 = RelWithDebInfo|x64
		{93A3CF4C-D5A2-3E07-ADCA-82063A052B72}.Debug|x64.ActiveCfg = Debug|x64
		{93A3CF4C-D5A2-3E07-ADCA-82063A052B72}.Debug|x64.Build.0 = Debug|x64
		{93A3CF4C-D5A2-3E07-ADCA-82063A052B72}.Release|x64.ActiveCfg = Release|x64
		{93A3CF4C-D5A2-3E07-ADCA-82063A052B72}.Release|x64.Build.0 = Release|x64
		{93A3CF4C-D5A2-3E07-ADCA-82063A052B72}.MinSizeRel|x64.ActiveCfg = MinSizeRel|x64
		{93A3CF4C-D5A2-3E07-ADCA-82063A052B72}.MinSizeRel|x64.Build.0 = MinSizeRel|x64
		{93A3CF4C-D5A2-3E07-ADCA-82063A052B72}.RelWithDebInfo|x64.ActiveCfg = RelWithDebInfo|x64
		{93A3CF4C-D5A2-3E07-ADCA-82063A052B72}.RelWithDebInfo|x64.Build.0 = RelWithDebInfo|x64
		{18020DFB-71CA-3EA6-A15F-A725BF8571D2}.Debug|x64.ActiveCfg = Debug|x64
		{18020DFB-71CA-3EA6-A15F-A725BF8571D2}.Debug|x64.Build.0 = Debug|x64
		{18020DFB-71CA-3EA6-A15F-A725BF8571D2}.Release|x64.ActiveCfg = Release|x64
		{18020DFB-71CA-3EA6-A15F-A725BF8571D2}.Release|x64.Build.0 = Release|x64
		{18020DFB-71CA-3EA6-A15F-A725BF8571D2}.MinSizeRel|x64.ActiveCfg = MinSizeRel|x64
		{18020DFB-71CA-3EA6-A15F-A725BF8571D2}.MinSizeRel|x64.Build.0 = MinSizeRel|x64
		{18020DFB-71CA-3EA6-A15F-A725BF8571D2}.RelWithDebInfo|x64.ActiveCfg = RelWithDebInfo|x64
		{18020DFB-71CA-3EA6-A15F-A725BF8571D2}.RelWithDebInfo|x64.Build.0 = RelWithDebInfo|x64
		{6C7F9148-A14B-3899-89E6-24C198384DC6}.Debug|x64.ActiveCfg = Debug|x64
		{6C7F9148-A14B-3899-89E6-24C198384DC6}.Debug|x64.Build.0 = Debug|x64
		{6C7F9148-A14B-3899-89E6-24C198384DC6}.Release|x64.ActiveCfg = Release|x64
		{6C7F9148-A14B-3899-89E6-24C198384DC6}.Release|x64.Build.0 = Release|x64
		{6C7F9148-A14B-3899-89E6-24C198384DC6}.MinSizeRel|x64.ActiveCfg = MinSizeRel|x64
		{6C7F9148-A14B-3899-89E6-24C198384DC6}.MinSizeRel|x64.Build.0 = MinSizeRel|x64
		{6C7F9148-A14B-3899-89E6-24C198384DC6}.RelWithDebInfo|x64.ActiveCfg = RelWithDebInfo|x64
		{6C7F9148-A14B-3899-89E6-24C198384DC6}.RelWithDebInfo|x64.Build.0 = RelWithDebInfo|x64
		{2EAAD4AE-F179-3276-948D-DDBF1F71C0D4}.Debug|x64.ActiveCfg = Debug|x64
		{2EAAD4AE-F179-3276-948D-DDBF1F71C0D4}.Debug|x64.Build.0 = Debug|x64
		{2EAAD4AE-F179-3276-948D-DDBF1F71C0D4}.Release|x64.ActiveCfg = Release|x64
		{2EAAD4AE-F179-3276-948D-DDBF1F71C0D4}.Release|x64.Build.0 = Release|x64
		{2EAAD4AE-F179-3276-948D-DDBF1F71C0D4}.MinSizeRel|x64.ActiveCfg = MinSizeRel|x64
		{2EAAD4AE-F179-3276-948D-DDBF1F71C0D4}.MinSizeRel|x64.Build.0 = MinSizeRel|x64
		{2EAAD4AE-F179-3276-948D-DDBF1F71C0D4}.RelWithDebInfo|x64.ActiveCfg = RelWithDebInfo|x64
		{2EAAD4AE-F179-3276-948D-DDBF1F71C0D4}.RelWithDebInfo|x64.Build.0 = RelWithDebInfo|x64
		{F635EC30-C303-3587-A312-63E9120AD371}.Debug|x64.ActiveCfg = Debug|x64
		{F635EC30-C303-3587-A312-63E9120AD371}.Debug|x64.Build.0 = Debug|x64
		{F635EC30-C303-3587-A312-63E9120AD371}.Release|x64.ActiveCfg = Release|x64
		{F635EC30-C303-3587-A312-63E9120AD371}.Release|x64.Build.0 = Release|x64
		{F635EC30-C303-3587-A312-63E9120AD371}.MinSizeRel|x64.ActiveCfg = MinSizeRel|x64
		{F635EC30-C303-3587-A312-63E9120AD371}.MinSizeRel|x64.Build.0 = MinSizeRel|x64
		{F635EC30-C303-3587-A312-63E9120AD371}.RelWithDebInfo|x64.ActiveCfg = RelWithDebInfo|x64
		{F635EC30-C303-3587-A312-63E9120AD371}.RelWithDebInfo|x64.Build.0 = RelWithDebInfo|x64
		{6AB81CEF-800A-37BA-816A-FA86D28CF7B7}.Debug|x64.ActiveCfg = Debug|x64
		{6AB81CEF-800A-37BA-816A-FA86D28CF7B7}.Debug|x64.Build.0 = Debug|x64
		{6AB81CEF-800A-37BA-816A-FA86D28CF7B7}.Release|x64.ActiveCfg = Release|x64
		{6AB81CEF-800A-37BA-816A-FA86D28CF7B7}.Release|x64.Build.0 = Release|x64
		{6AB81CEF-800A-37BA-816A-FA86D28CF7B7}.MinSizeRel|x64.ActiveCfg = MinSizeRel|x64
		{6AB81CEF-800A-37BA-816A-FA86D28CF7B7}.MinSizeRel|x64.Build.0 = MinSizeRel|x64
		{6AB81CEF-800A-37BA-816A-FA86D28CF7B7}.RelWithDebInfo|x64.ActiveCfg = RelWithDebInfo|x64
		{6AB81CEF-800A-37BA-816A-FA86D28CF7B7}.RelWithDebInfo|x64.Build.0 = RelWithDebInfo|x64
		{F4536F21-FE2D-3D68-ABDE-C62934348C59}.Debug|x64.ActiveCfg = Debug|x64
		{F4536F21-FE2D-3D68-ABDE-C62934348C59}.Debug|x64.Build.0 = Debug|x64
		{F4536F21-FE2D-3D68-ABDE-C62934348C59}.Release|x64.ActiveCfg = Release|x64
		{F4536F21-FE2D-3D68-ABDE-C62934348C59}.Release|x64.Build.0 = Release|x64
		{F4536F21-FE2D-3D68-ABDE-C62934348C59}.MinSizeRel|x64.ActiveCfg = MinSizeRel|x64
		{F4536F21-FE2D-3D68-ABDE-C62934348C59}.MinSizeRel|x64.Build.0 = MinSizeRel|x64
		{F4536F21-FE2D-3D68-ABDE-C62934348C59}.RelWithDebInfo|x64.ActiveCfg = RelWithDebInfo|x64
		{F4536F21-FE2D-3D68-ABDE-C62934348C59}.RelWithDebInfo|x64.Build.0 = RelWithDebInfo|x64
		{62A136D7-8E08-3C64-94E8-DFC790ACF2E4}.Debug|x64.ActiveCfg = Debug|x64
		{62A136D7-8E08-3C64-94E8-DFC790ACF2E4}.Debug|x64.Build.0 = Debug|x64
		{62A136D7-8E08-3C64-94E8-DFC790ACF2E4}.Release|x64.ActiveCfg = Release|x64
		{62A136D7-8E08-3C64-94E8-DFC790ACF2E4}.Release|x64.Build.0 = Release|x64
		{62A136D7-8E08-3C64-94E8-DFC790ACF2E4}.MinSizeRel|x64.ActiveCfg = MinSizeRel|x64
		{62A136D7-8E08-3C64-94E8-DFC790ACF2E4}.MinSizeRel|x64.Build.0 = MinSizeRel|x64
		{62A136D7-8E08-3C64-94E8-DFC790ACF2E4}.RelWithDebInfo|x64.ActiveCfg = RelWithDebInfo|x64
		{62A136D7-8E08-3C64-94E8-DFC790ACF2E4}.RelWithDebInfo|x64.Build.0 = RelWithDebInfo|x64
		{E0184B9D-95A0-38E9-9686-A77E2AEC0537}.Debug|x64.ActiveCfg = Debug|x64
		{E0184B9D-95A0-38E9-9686-A77E2AEC0537}.Debug|x64.Build.0 = Debug|x64
		{E0184B9D-95A0-38E9-9686-A77E2AEC0537}.Release|x64.ActiveCfg = Release|x64
		{E0184B9D-95A0-38E9-9686-A77E2AEC0537}.Release|x64.Build.0 = Release|x64
		{E0184B9D-95A0-38E9-9686-A77E2AEC0537}.MinSizeRel|x64.ActiveCfg = MinSizeRel|x64
		{E0184B9D-95A0-38E9-9686-A77E2AEC0537}.MinSizeRel|x64.Build.0 = MinSizeRel|x64
		{E0184B9D-95A0-38E9-9686-A77E2AEC0537}.RelWithDebInfo|x64.ActiveCfg = RelWithDebInfo|x64
		{E0184B9D-95A0-38E9-9686-A77E2AEC0537}.RelWithDebInfo|x64.Build.0 = RelWithDebInfo|x64
		{6384FE58-1326-347B-BF4C-057C05DE641E}.Debug|x64.ActiveCfg = Debug|x64
		{6384FE58-1326-347B-BF4C-057C05DE641E}.Debug|x64.Build.0 = Debug|x64
		{6384FE58-1326-347B-BF4C-057C05DE641E}.Release|x64.ActiveCfg = Release|x64
		{6384FE58-1326-347B-BF4C-057C05DE641E}.Release|x64.Build.0 = Release|x64
		{6384FE58-1326-347B-BF4C-057C05DE641E}.MinSizeRel|x64.ActiveCfg = MinSizeRel|x64
		{6384FE58-1326-347B-BF4C-057C05DE641E}.MinSizeRel|x64.Build.0 = MinSizeRel|x64
		{6384FE58-1326-347B-BF4C-057C05DE641E}.RelWithDebInfo|x64.ActiveCfg = RelWithDebInfo|x64
		{6384FE58-1326-347B-BF4C-057C05DE641E}.RelWithDebInfo|x64.Build.0 = RelWithDebInfo|x64
		{4E68CB25-77A3-3688-88AC-8F720C90ECC3}.Debug|x64.ActiveCfg = Debug|x64
		{4E68CB25-77A3-3688-88AC-8F720C90ECC3}.Debug|x64.Build.0 = Debug|x64
		{4E68CB25-77A3-3688-88AC-8F720C90ECC3}.Release|x64.ActiveCfg = Release|x64
		{4E68CB25-77A3-3688-88AC-8F720C90ECC3}.Release|x64.Build.0 = Release|x64
		{4E68CB25-77A3-3688-88AC-8F720C90ECC3}.MinSizeRel|x64.ActiveCfg = MinSizeRel|x64
		{4E68CB25-77A3-3688-88AC-8F720C90ECC3}.MinSizeRel|x64.Build.0 = MinSizeRel|x64
		{4E68CB25-77A3-3688-88AC-8F720C90ECC3}.RelWithDebInfo|x64.ActiveCfg = RelWithDebInfo|x64
		{4E68CB25-77A3-3688-88AC-8F720C90ECC3}.RelWithDebInfo|x64.Build.0 = RelWithDebInfo|x64
		{121348B2-133E-38D1-AAE5-DA791F5919E1}.Debug|x64.ActiveCfg = Debug|x64
		{121348B2-133E-38D1-AAE5-DA791F5919E1}.Debug|x64.Build.0 = Debug|x64
		{121348B2-133E-38D1-AAE5-DA791F5919E1}.Release|x64.ActiveCfg = Release|x64
		{121348B2-133E-38D1-AAE5-DA791F5919E1}.Release|x64.Build.0 = Release|x64
		{121348B2-133E-38D1-AAE5-DA791F5919E1}.MinSizeRel|x64.ActiveCfg = MinSizeRel|x64
		{121348B2-133E-38D1-AAE5-DA791F5919E1}.MinSizeRel|x64.Build.0 = MinSizeRel|x64
		{121348B2-133E-38D1-AAE5-DA791F5919E1}.RelWithDebInfo|x64.ActiveCfg = RelWithDebInfo|x64
		{121348B2-133E-38D1-AAE5-DA791F5919E1}.RelWithDebInfo|x64.Build.0 = RelWithDebInfo|x64
		{7D045B04-02CD-3D51-95F9-DF2CA05B638D}.Debug|x64.ActiveCfg = Debug|x64
		{7D045B04-02CD-3D51-95F9-DF2CA05B638D}.Debug|x64.Build.0 = Debug|x64
		{7D045B04-02CD-3D51-95F9-DF2CA05B638D}.Release|x64.ActiveCfg = Release|x64
		{7D045B04-02CD-3D51-95F9-DF2CA05B638D}.Release|x64.Build.0 = Release|x64
		{7D045B04-02CD-3D51-95F9-DF2CA05B638D}.MinSizeRel|x64.ActiveCfg = MinSizeRel|x64
		{7D045B04-02CD-3D51-95F9-DF2CA05B638D}.MinSizeRel|x64.Build.0 = MinSizeRel|x64
		{7D045B04-02CD-3D51-95F9-DF2CA05B638D}.RelWithDebInfo|x64.ActiveCfg = RelWithDebInfo|x64
		{7D045B04-02CD-3D51-95F9-DF2CA05B638D}.RelWithDebInfo|x64.Build.0 = RelWithDebInfo|x64
		{229E2341-206C-398E-9B46-40C5C22CFE60}.Debug|x64.ActiveCfg = Debug|x64
		{229E2341-206C-398E-9B46-40C5C22CFE60}.Debug|x64.Build.0 = Debug|x64
		{229E2341-206C-398E-9B46-40C5C22CFE60}.Release|x64.ActiveCfg = Release|x64
		{229E2341-206C-398E-9B46-40C5C22CFE60}.Release|x64.Build.0 = Release|x64
		{229E2341-206C-398E-9B46-40C5C22CFE60}.MinSizeRel|x64.ActiveCfg = MinSizeRel|x64
		{229E2341-206C-398E-9B46-40C5C22CFE60}.MinSizeRel|x64.Build.0 = MinSizeRel|x64
		{229E2341-206C-398E-9B46-40C5C22CFE60}.RelWithDebInfo|x64.ActiveCfg = RelWithDebInfo|x64
		{229E2341-206C-398E-9B46-40C5C22CFE60}.RelWithDebInfo|x64.Build.0 = RelWithDebInfo|x64
		{8C0FB41A-2041-388E-AAD2-0BBE981D88B6}.Debug|x64.ActiveCfg = Debug|x64
		{8C0FB41A-2041-388E-AAD2-0BBE981D88B6}.Debug|x64.Build.0 = Debug|x64
		{8C0FB41A-2041-388E-AAD2-0BBE981D88B6}.Release|x64.ActiveCfg = Release|x64
		{8C0FB41A-2041-388E-AAD2-0BBE981D88B6}.Release|x64.Build.0 = Release|x64
		{8C0FB41A-2041-388E-AAD2-0BBE981D88B6}.MinSizeRel|x64.ActiveCfg = MinSizeRel|x64
		{8C0FB41A-2041-388E-AAD2-0BBE981D88B6}.MinSizeRel|x64.Build.0 = MinSizeRel|x64
		{8C0FB41A-2041-388E-AAD2-0BBE981D88B6}.RelWithDebInfo|x64.ActiveCfg = RelWithDebInfo|x64
		{8C0FB41A-2041-388E-AAD2-0BBE981D88B6}.RelWithDebInfo|x64.Build.0 = RelWithDebInfo|x64
		{E62B6869-A529-3C44-8DBF-FE7D68662E2D}.Debug|x64.ActiveCfg = Debug|x64
		{E62B6869-A529-3C44-8DBF-FE7D68662E2D}.Debug|x64.Build.0 = Debug|x64
		{E62B6869-A529-3C44-8DBF-FE7D68662E2D}.Release|x64.ActiveCfg = Release|x64
		{E62B6869-A529-3C44-8DBF-FE7D68662E2D}.Release|x64.Build.0 = Release|x64
		{E62B6869-A529-3C44-8DBF-FE7D68662E2D}.MinSizeRel|x64.ActiveCfg = MinSizeRel|x64
		{E62B6869-A529-3C44-8DBF-FE7D68662E2D}.MinSizeRel|x64.Build.0 = MinSizeRel|x64
		{E62B6869-A529-3C44-8DBF-FE7D68662E2D}.RelWithDebInfo|x64.ActiveCfg = RelWithDebInfo|x64
		{E62B6869-A529-3C44-8DBF-FE7D68662E2D}.RelWithDebInfo|x64.Build.0 = RelWithDebInfo|x64
		{F936BF58-AB85-3449-BCA0-98838048D059}.Debug|x64.ActiveCfg = Debug|x64
		{F936BF58-AB85-3449-BCA0-98838048D059}.Debug|x64.Build.0 = Debug|x64
		{F936BF58-AB85-3449-BCA0-98838048D059}.Release|x64.ActiveCfg = Release|x64
		{F936BF58-AB85-3449-BCA0-98838048D059}.Release|x64.Build.0 = Release|x64
		{F936BF58-AB85-3449-BCA0-98838048D059}.MinSizeRel|x64.ActiveCfg = MinSizeRel|x64
		{F936BF58-AB85-3449-BCA0-98838048D059}.MinSizeRel|x64.Build.0 = MinSizeRel|x64
		{F936BF58-AB85-3449-BCA0-98838048D059}.RelWithDebInfo|x64.ActiveCfg = RelWithDebInfo|x64
		{F936BF58-AB85-3449-BCA0-98838048D059}.RelWithDebInfo|x64.Build.0 = RelWithDebInfo|x64
		{E08C02E1-6973-39C0-B9CB-AABAAD7A54DD}.Debug|x64.ActiveCfg = Debug|x64
		{E08C02E1-6973-39C0-B9CB-AABAAD7A54DD}.Debug|x64.Build.0 = Debug|x64
		{E08C02E1-6973-39C0-B9CB-AABAAD7A54DD}.Release|x64.ActiveCfg = Release|x64
		{E08C02E1-6973-39C0-B9CB-AABAAD7A54DD}.Release|x64.Build.0 = Release|x64
		{E08C02E1-6973-39C0-B9CB-AABAAD7A54DD}.MinSizeRel|x64.ActiveCfg = MinSizeRel|x64
		{E08C02E1-6973-39C0-B9CB-AABAAD7A54DD}.MinSizeRel|x64.Build.0 = MinSizeRel|x64
		{E08C02E1-6973-39C0-B9CB-AABAAD7A54DD}.RelWithDebInfo|x64.ActiveCfg = RelWithDebInfo|x64
		{E08C02E1-6973-39C0-B9CB-AABAAD7A54DD}.RelWithDebInfo|x64.Build.0 = RelWithDebInfo|x64
		{9D2845FC-5C01-34DE-80D8-44AC5EA0B556}.Debug|x64.ActiveCfg = Debug|x64
		{9D2845FC-5C01-34DE-80D8-44AC5EA0B556}.Debug|x64.Build.0 = Debug|x64
		{9D2845FC-5C01-34DE-80D8-44AC5EA0B556}.Release|x64.ActiveCfg = Release|x64
		{9D2845FC-5C01-34DE-80D8-44AC5EA0B556}.Release|x64.Build.0 = Release|x64
		{9D2845FC-5C01-34DE-80D8-44AC5EA0B556}.MinSizeRel|x64.ActiveCfg = MinSizeRel|x64
		{9D2845FC-5C01-34DE-80D8-44AC5EA0B556}.MinSizeRel|x64.Build.0 = MinSizeRel|x64
		{9D2845FC-5C01-34DE-80D8-44AC5EA0B556}.RelWithDebInfo|x64.ActiveCfg = RelWithDebInfo|x64
		{9D2845FC-5C01-34DE-80D8-44AC5EA0B556}.RelWithDebInfo|x64.Build.0 = RelWithDebInfo|x64
		{B13E9C48-ABC4-305D-895B-3620C3F073E8}.Debug|x64.ActiveCfg = Debug|x64
		{B13E9C48-ABC4-305D-895B-3620C3F073E8}.Debug|x64.Build.0 = Debug|x64
		{B13E9C48-ABC4-305D-895B-3620C3F073E8}.Release|x64.ActiveCfg = Release|x64
		{B13E9C48-ABC4-305D-895B-3620C3F073E8}.Release|x64.Build.0 = Release|x64
		{B13E9C48-ABC4-305D-895B-3620C3F073E8}.MinSizeRel|x64.ActiveCfg = MinSizeRel|x64
		{B13E9C48-ABC4-305D-895B-3620C3F073E8}.MinSizeRel|x64.Build.0 = MinSizeRel|x64
		{B13E9C48-ABC4-305D-895B-3620C3F073E8}.RelWithDebInfo|x64.ActiveCfg = RelWithDebInfo|x64
		{B13E9C48-ABC4-305D-895B-3620C3F073E8}.RelWithDebInfo|x64.Build.0 = RelWithDebInfo|x64
		{21C3970D-5F60-3074-93EC-1621D8E427C3}.Debug|x64.ActiveCfg = Debug|x64
		{21C3970D-5F60-3074-93EC-1621D8E427C3}.Debug|x64.Build.0 = Debug|x64
		{21C3970D-5F60-3074-93EC-1621D8E427C3}.Release|x64.ActiveCfg = Release|x64
		{21C3970D-5F60-3074-93EC-1621D8E427C3}.Release|x64.Build.0 = Release|x64
		{21C3970D-5F60-3074-93EC-1621D8E427C3}.MinSizeRel|x64.ActiveCfg = MinSizeRel|x64
		{21C3970D-5F60-3074-93EC-1621D8E427C3}.MinSizeRel|x64.Build.0 = MinSizeRel|x64
		{21C3970D-5F60-3074-93EC-1621D8E427C3}.RelWithDebInfo|x64.ActiveCfg = RelWithDebInfo|x64
		{21C3970D-5F60-3074-93EC-1621D8E427C3}.RelWithDebInfo|x64.Build.0 = RelWithDebInfo|x64
		{674DC1F7-20C1-3989-8B77-10036FF42756}.Debug|x64.ActiveCfg = Debug|x64
		{674DC1F7-20C1-3989-8B77-10036FF42756}.Debug|x64.Build.0 = Debug|x64
		{674DC1F7-20C1-3989-8B77-10036FF42756}.Release|x64.ActiveCfg = Release|x64
		{674DC1F7-20C1-3989-8B77-10036FF42756}.Release|x64.Build.0 = Release|x64
		{674DC1F7-20C1-3989-8B77-10036FF42756}.MinSizeRel|x64.ActiveCfg = MinSizeRel|x64
		{674DC1F7-20C1-3989-8B77-10036FF42756}.MinSizeRel|x64.Build.0 = MinSizeRel|x64
		{674DC1F7-20C1-3989-8B77-10036FF42756}.RelWithDebInfo|x64.ActiveCfg = RelWithDebInfo|x64
		{674DC1F7-20C1-3989-8B77-10036FF42756}.RelWithDebInfo|x64.Build.0 = RelWithDebInfo|x64
		{C5A4020D-6FDD-30EA-BDB5-8EECB9C6D2CE}.Debug|x64.ActiveCfg = Debug|x64
		{C5A4020D-6FDD-30EA-BDB5-8EECB9C6D2CE}.Debug|x64.Build.0 = Debug|x64
		{C5A4020D-6FDD-30EA-BDB5-8EECB9C6D2CE}.Release|x64.ActiveCfg = Release|x64
		{C5A4020D-6FDD-30EA-BDB5-8EECB9C6D2CE}.Release|x64.Build.0 = Release|x64
		{C5A4020D-6FDD-30EA-BDB5-8EECB9C6D2CE}.MinSizeRel|x64.ActiveCfg = MinSizeRel|x64
		{C5A4020D-6FDD-30EA-BDB5-8EECB9C6D2CE}.MinSizeRel|x64.Build.0 = MinSizeRel|x64
		{C5A4020D-6FDD-30EA-BDB5-8EECB9C6D2CE}.RelWithDebInfo|x64.ActiveCfg = RelWithDebInfo|x64
		{C5A4020D-6FDD-30EA-BDB5-8EECB9C6D2CE}.RelWithDebInfo|x64.Build.0 = RelWithDebInfo|x64
		{676C8C46-D7CA-335B-87C3-D33E883B4088}.Debug|x64.ActiveCfg = Debug|x64
		{676C8C46-D7CA-335B-87C3-D33E883B4088}.Debug|x64.Build.0 = Debug|x64
		{676C8C46-D7CA-335B-87C3-D33E883B4088}.Release|x64.ActiveCfg = Release|x64
		{676C8C46-D7CA-335B-87C3-D33E883B4088}.Release|x64.Build.0 = Release|x64
		{676C8C46-D7CA-335B-87C3-D33E883B4088}.MinSizeRel|x64.ActiveCfg = MinSizeRel|x64
		{676C8C46-D7CA-335B-87C3-D33E883B4088}.MinSizeRel|x64.Build.0 = MinSizeRel|x64
		{676C8C46-D7CA-335B-87C3-D33E883B4088}.RelWithDebInfo|x64.ActiveCfg = RelWithDebInfo|x64
		{676C8C46-D7CA-335B-87C3-D33E883B4088}.RelWithDebInfo|x64.Build.0 = RelWithDebInfo|x64
		{FF978261-9206-3405-A6DD-786EC652BAD5}.Debug|x64.ActiveCfg = Debug|x64
		{FF978261-9206-3405-A6DD-786EC652BAD5}.Debug|x64.Build.0 = Debug|x64
		{FF978261-9206-3405-A6DD-786EC652BAD5}.Release|x64.ActiveCfg = Release|x64
		{FF978261-9206-3405-A6DD-786EC652BAD5}.Release|x64.Build.0 = Release|x64
		{FF978261-9206-3405-A6DD-786EC652BAD5}.MinSizeRel|x64.ActiveCfg = MinSizeRel|x64
		{FF978261-9206-3405-A6DD-786EC652BAD5}.MinSizeRel|x64.Build.0 = MinSizeRel|x64
		{FF978261-9206-3405-A6DD-786EC652BAD5}.RelWithDebInfo|x64.ActiveCfg = RelWithDebInfo|x64
		{FF978261-9206-3405-A6DD-786EC652BAD5}.RelWithDebInfo|x64.Build.0 = RelWithDebInfo|x64
		{5AC0A948-96A8-36A9-99D9-63B845766ABF}.Debug|x64.ActiveCfg = Debug|x64
		{5AC0A948-96A8-36A9-99D9-63B845766ABF}.Debug|x64.Build.0 = Debug|x64
		{5AC0A948-96A8-36A9-99D9-63B845766ABF}.Release|x64.ActiveCfg = Release|x64
		{5AC0A948-96A8-36A9-99D9-63B845766ABF}.Release|x64.Build.0 = Release|x64
		{5AC0A948-96A8-36A9-99D9-63B845766ABF}.MinSizeRel|x64.ActiveCfg = MinSizeRel|x64
		{5AC0A948-96A8-36A9-99D9-63B845766ABF}.MinSizeRel|x64.Build.0 = MinSizeRel|x64
		{5AC0A948-96A8-36A9-99D9-63B845766ABF}.RelWithDebInfo|x64.ActiveCfg = RelWithDebInfo|x64
		{5AC0A948-96A8-36A9-99D9-63B845766ABF}.RelWithDebInfo|x64.Build.0 = RelWithDebInfo|x64
		{080DC15D-8B90-30E9-B380-0A1C23E10A3D}.Debug|x64.ActiveCfg = Debug|x64
		{080DC15D-8B90-30E9-B380-0A1C23E10A3D}.Debug|x64.Build.0 = Debug|x64
		{080DC15D-8B90-30E9-B380-0A1C23E10A3D}.Release|x64.ActiveCfg = Release|x64
		{080DC15D-8B90-30E9-B380-0A1C23E10A3D}.Release|x64.Build.0 = Release|x64
		{080DC15D-8B90-30E9-B380-0A1C23E10A3D}.MinSizeRel|x64.ActiveCfg = MinSizeRel|x64
		{080DC15D-8B90-30E9-B380-0A1C23E10A3D}.MinSizeRel|x64.Build.0 = MinSizeRel|x64
		{080DC15D-8B90-30E9-B380-0A1C23E10A3D}.RelWithDebInfo|x64.ActiveCfg = RelWithDebInfo|x64
		{080DC15D-8B90-30E9-B380-0A1C23E10A3D}.RelWithDebInfo|x64.Build.0 = RelWithDebInfo|x64
	EndGlobalSection
	GlobalSection(NestedProjects) = preSolution
		{276D6630-E6F7-3E70-A0F4-C2754C3F738A} = {9CDBB8EB-1092-34E7-ADE7-0A8957D9B8D4}
		{AECD4165-C73D-3BEE-AD9D-8325E6AAE5D5} = {9CDBB8EB-1092-34E7-ADE7-0A8957D9B8D4}
		{DCBE2805-60B7-3C70-ABA1-970D62CAE698} = {74379155-BDE0-3501-AF5F-A17C14A866BA}
		{A6E92A2C-3C70-37AA-BDAB-5AD9E221DEF0} = {74379155-BDE0-3501-AF5F-A17C14A866BA}
		{56CCD73A-21A9-3FC1-8AB5-7D737C6BDEC9} = {74379155-BDE0-3501-AF5F-A17C14A866BA}
		{22F8F134-4561-332B-9E4A-41C267667A83} = {8B55763D-1808-3056-8387-5E0FDEEFC541}
		{84D00FCA-65B7-350B-B062-85732108814D} = {8B55763D-1808-3056-8387-5E0FDEEFC541}
		{26B816AB-40CC-3F19-A357-FE75B1AB0EDE} = {8B55763D-1808-3056-8387-5E0FDEEFC541}
		{D292DEA7-1E1E-3FD9-AC8B-F93143D486B8} = {8B55763D-1808-3056-8387-5E0FDEEFC541}
		{B9A7EF64-3D03-3F95-A3E6-6BCA18B52149} = {22F8F134-4561-332B-9E4A-41C267667A83}
		{6930B5EA-D337-36BC-888A-2522E88C08EF} = {22F8F134-4561-332B-9E4A-41C267667A83}
		{6A01DBCF-E80A-3D65-9E13-071C85BBCB36} = {22F8F134-4561-332B-9E4A-41C267667A83}
		{4201BD6E-EF66-3348-921D-E717C7C5841F} = {84D00FCA-65B7-350B-B062-85732108814D}
		{A9E8B4A3-BD30-36DE-A4B3-96C5CBA0DB3C} = {84D00FCA-65B7-350B-B062-85732108814D}
		{CD7301FB-2762-37AE-B2E1-3E78C204B0AE} = {84D00FCA-65B7-350B-B062-85732108814D}
		{B3080D1A-59BA-3FF0-AB2F-12BAC99C8D43} = {84D00FCA-65B7-350B-B062-85732108814D}
		{849B8FF8-A187-3B62-84A5-FB777D078309} = {84D00FCA-65B7-350B-B062-85732108814D}
		{AFE86352-D777-32E8-BD74-A4DC9328C5CB} = {84D00FCA-65B7-350B-B062-85732108814D}
		{C76DFA68-E341-3B1D-8A51-5979DCF58094} = {84D00FCA-65B7-350B-B062-85732108814D}
		{4E1C492A-AEFA-3D42-89B1-59763175EEC5} = {84D00FCA-65B7-350B-B062-85732108814D}
		{FC79ADA3-7D0F-394C-B719-7F3BA56AE8F8} = {84D00FCA-65B7-350B-B062-85732108814D}
		{B3842BF2-48CE-3F9C-A509-61C1E7D82070} = {84D00FCA-65B7-350B-B062-85732108814D}
		{EA6D60D6-00A5-39B5-B223-ACC32B753BB4} = {84D00FCA-65B7-350B-B062-85732108814D}
		{4FC608EF-ED6E-32AB-924C-D1A4FB1916FC} = {84D00FCA-65B7-350B-B062-85732108814D}
		{D7D22BD9-3199-3744-8276-999A94593A15} = {84D00FCA-65B7-350B-B062-85732108814D}
		{44FA1E92-44B1-30E4-B682-EE19E44BB269} = {84D00FCA-65B7-350B-B062-85732108814D}
		{C8FCE727-83DB-330E-87DA-1D161E04735E} = {84D00FCA-65B7-350B-B062-85732108814D}
		{224D3DD8-99D1-39BA-B58F-CE6A3069772C} = {84D00FCA-65B7-350B-B062-85732108814D}
		{93A3CF4C-D5A2-3E07-ADCA-82063A052B72} = {84D00FCA-65B7-350B-B062-85732108814D}
		{18020DFB-71CA-3EA6-A15F-A725BF8571D2} = {84D00FCA-65B7-350B-B062-85732108814D}
		{6C7F9148-A14B-3899-89E6-24C198384DC6} = {84D00FCA-65B7-350B-B062-85732108814D}
		{2EAAD4AE-F179-3276-948D-DDBF1F71C0D4} = {84D00FCA-65B7-350B-B062-85732108814D}
		{F635EC30-C303-3587-A312-63E9120AD371} = {84D00FCA-65B7-350B-B062-85732108814D}
		{6AB81CEF-800A-37BA-816A-FA86D28CF7B7} = {84D00FCA-65B7-350B-B062-85732108814D}
		{F4536F21-FE2D-3D68-ABDE-C62934348C59} = {84D00FCA-65B7-350B-B062-85732108814D}
		{62A136D7-8E08-3C64-94E8-DFC790ACF2E4} = {84D00FCA-65B7-350B-B062-85732108814D}
		{E0184B9D-95A0-38E9-9686-A77E2AEC0537} = {84D00FCA-65B7-350B-B062-85732108814D}
		{6384FE58-1326-347B-BF4C-057C05DE641E} = {84D00FCA-65B7-350B-B062-85732108814D}
		{4E68CB25-77A3-3688-88AC-8F720C90ECC3} = {84D00FCA-65B7-350B-B062-85732108814D}
		{121348B2-133E-38D1-AAE5-DA791F5919E1} = {84D00FCA-65B7-350B-B062-85732108814D}
		{7D045B04-02CD-3D51-95F9-DF2CA05B638D} = {84D00FCA-65B7-350B-B062-85732108814D}
		{229E2341-206C-398E-9B46-40C5C22CFE60} = {84D00FCA-65B7-350B-B062-85732108814D}
		{8C0FB41A-2041-388E-AAD2-0BBE981D88B6} = {84D00FCA-65B7-350B-B062-85732108814D}
		{E62B6869-A529-3C44-8DBF-FE7D68662E2D} = {84D00FCA-65B7-350B-B062-85732108814D}
		{F936BF58-AB85-3449-BCA0-98838048D059} = {84D00FCA-65B7-350B-B062-85732108814D}
		{E08C02E1-6973-39C0-B9CB-AABAAD7A54DD} = {84D00FCA-65B7-350B-B062-85732108814D}
		{9D2845FC-5C01-34DE-80D8-44AC5EA0B556} = {84D00FCA-65B7-350B-B062-85732108814D}
		{B13E9C48-ABC4-305D-895B-3620C3F073E8} = {84D00FCA-65B7-350B-B062-85732108814D}
		{21C3970D-5F60-3074-93EC-1621D8E427C3} = {84D00FCA-65B7-350B-B062-85732108814D}
		{674DC1F7-20C1-3989-8B77-10036FF42756} = {84D00FCA-65B7-350B-B062-85732108814D}
		{C5A4020D-6FDD-30EA-BDB5-8EECB9C6D2CE} = {84D00FCA-65B7-350B-B062-85732108814D}
		{676C8C46-D7CA-335B-87C3-D33E883B4088} = {84D00FCA-65B7-350B-B062-85732108814D}
		{FF978261-9206-3405-A6DD-786EC652BAD5} = {84D00FCA-65B7-350B-B062-85732108814D}
		{5AC0A948-96A8-36A9-99D9-63B845766ABF} = {84D00FCA-65B7-350B-B062-85732108814D}
		{080DC15D-8B90-30E9-B380-0A1C23E10A3D} = {84D00FCA-65B7-350B-B062-85732108814D}
		{B65B519F-2B31-3615-ABB5-FD5347217424} = {26B816AB-40CC-3F19-A357-FE75B1AB0EDE}
		{BE3D6320-B5DB-3462-BD7C-F3BABD01F6C6} = {26B816AB-40CC-3F19-A357-FE75B1AB0EDE}
		{58864FDD-1C07-3EE6-A03D-6B98D2103510} = {26B816AB-40CC-3F19-A357-FE75B1AB0EDE}
		{2D9B2C6C-A63B-384B-9600-FDBF12A960A9} = {26B816AB-40CC-3F19-A357-FE75B1AB0EDE}
		{8C8B272A-8984-3750-A197-C02617C6FF87} = {D292DEA7-1E1E-3FD9-AC8B-F93143D486B8}
		{29BCFA51-B8D1-3121-8193-69047246D419} = {D292DEA7-1E1E-3FD9-AC8B-F93143D486B8}
		{4412EE45-2B04-39C7-8347-7AE4C3F64923} = {D292DEA7-1E1E-3FD9-AC8B-F93143D486B8}
	EndGlobalSection
	GlobalSection(ExtensibilityGlobals) = postSolution
		SolutionGuid = {F27F51E3-9CD2-3EEC-8AE1-80A9C20BF3D4}
	EndGlobalSection
	GlobalSection(ExtensibilityAddIns) = postSolution
	EndGlobalSection
EndGlobal
