
Microsoft Visual Studio Solution File, Format Version 12.00
# Visual Studio Version 17
Project("{2150E333-8FDC-42A3-9474-1A3956D46DE8}") = "CodeAnalysis", "CodeAnalysis", "{9873C48A-90D2-3170-8B0B-A0931795D76C}"
EndProject
Project("{2150E333-8FDC-42A3-9474-1A3956D46DE8}") = "_CmakePredifinedTargets", "_CmakePredifinedTargets", "{55959F2C-204B-3B54-887F-8E47E643FAC0}"
EndProject
Project("{2150E333-8FDC-42A3-9474-1A3956D46DE8}") = "open62541", "open62541", "{12E8A72A-B7F2-367D-9944-273C48B36CE3}"
EndProject
Project("{2150E333-8FDC-42A3-9474-1A3956D46DE8}") = "doc", "open62541\doc", "{CBF1DACF-E131-30E5-90F9-4A51A815E743}"
EndProject
Project("{2150E333-8FDC-42A3-9474-1A3956D46DE8}") = "examples", "open62541\examples", "{80750731-ADBA-3030-91EB-A588E91AC6A0}"
EndProject
Project("{2150E333-8FDC-42A3-9474-1A3956D46DE8}") = "generators", "open62541\generators", "{3D408CEC-52B4-3465-8540-63B051F006B3}"
EndProject
Project("{2150E333-8FDC-42A3-9474-1A3956D46DE8}") = "lib", "open62541\lib", "{206B1684-6681-3E9A-92C4-5ECA22F9E4A5}"
EndProject
Project("{8BC9CEB8-8B4A-11D0-8D11-00A0C91BC942}") = "ALL_BUILD", "ALL_BUILD.vcxproj", "{732B23F1-B628-35D0-A1C0-9A02251B11AD}"
	ProjectSection(ProjectDependencies) = postProject
		{25AC83A3-8ED6-3340-81AC-AEB7F792F456} = {25AC83A3-8ED6-3340-81AC-AEB7F792F456}
		{352AF3C2-60A3-3269-BD5E-F9194472F3F7} = {352AF3C2-60A3-3269-BD5E-F9194472F3F7}
		{127FA75D-5A7A-3B7E-9F34-EC20836396FB} = {127FA75D-5A7A-3B7E-9F34-EC20836396FB}
		{466FCD69-0C55-3D60-A71A-2D91DEE6DFA9} = {466FCD69-0C55-3D60-A71A-2D91DEE6DFA9}
		{5EA08B84-95FB-3D9E-8EC8-E1A551E98908} = {5EA08B84-95FB-3D9E-8EC8-E1A551E98908}
		{EF3C5B4B-9FEA-3C81-A818-7E1489FDF2DB} = {EF3C5B4B-9FEA-3C81-A818-7E1489FDF2DB}
		{477332DF-237E-3719-8418-140D16253F57} = {477332DF-237E-3719-8418-140D16253F57}
		{C4285D75-F8BE-31D0-A16E-550E6D8B7A66} = {C4285D75-F8BE-31D0-A16E-550E6D8B7A66}
		{EDA19816-1235-33D4-B04E-F891613560A8} = {EDA19816-1235-33D4-B04E-F891613560A8}
		{FEB6C1A0-5A6D-3406-98C6-BF0382213B3B} = {FEB6C1A0-5A6D-3406-98C6-BF0382213B3B}
		{12176AAE-2DBD-31DD-BDF5-EDBB3F9F3DCA} = {12176AAE-2DBD-31DD-BDF5-EDBB3F9F3DCA}
		{7C9E4CE4-5D60-39B9-9CBB-5249AC83741D} = {7C9E4CE4-5D60-39B9-9CBB-5249AC83741D}
		{F556FAFD-92FB-3CB6-9EB4-08F7FFD8E587} = {F556FAFD-92FB-3CB6-9EB4-08F7FFD8E587}
		{4BD7DDA3-99D2-3083-84D8-44D91457427C} = {4BD7DDA3-99D2-3083-84D8-44D91457427C}
		{99CE8EF1-1989-365E-9BAA-6AD0F4A8BC2B} = {99CE8EF1-1989-365E-9BAA-6AD0F4A8BC2B}
		{71A53457-39A5-31A6-ACFA-D8DC8BBC7FF1} = {71A53457-39A5-31A6-ACFA-D8DC8BBC7FF1}
		{344BFB56-E130-3943-8713-CECFCBD877BA} = {344BFB56-E130-3943-8713-CECFCBD877BA}
		{D3B350F1-A14D-3CFC-A01B-78A733C63CA0} = {D3B350F1-A14D-3CFC-A01B-78A733C63CA0}
		{B308D199-A808-3B4F-99F0-348E332F4263} = {B308D199-A808-3B4F-99F0-348E332F4263}
		{BC2151F2-68CD-3885-9D34-8D08F9A1A835} = {BC2151F2-68CD-3885-9D34-8D08F9A1A835}
		{0F92912C-B9B2-3FF5-9ACC-CB9C18DB936A} = {0F92912C-B9B2-3FF5-9ACC-CB9C18DB936A}
		{E1FB8AB6-2096-3BCB-99CE-67F9E6A6983A} = {E1FB8AB6-2096-3BCB-99CE-67F9E6A6983A}
		{2327528F-71F6-31EB-8D5A-1F946865F917} = {2327528F-71F6-31EB-8D5A-1F946865F917}
		{01BD771C-6819-3820-A646-4B18B44DF7F6} = {01BD771C-6819-3820-A646-4B18B44DF7F6}
		{526CD0C2-FBAD-30EB-B8E0-BC65644D4CFA} = {526CD0C2-FBAD-30EB-B8E0-BC65644D4CFA}
		{078BD6D3-8419-39E5-8700-A00E77614279} = {078BD6D3-8419-39E5-8700-A00E77614279}
		{15A852D4-689E-3FEE-9A98-CAF7ECBB3E71} = {15A852D4-689E-3FEE-9A98-CAF7ECBB3E71}
		{AD0F3927-53BC-371F-9FFB-9676E1D213FC} = {AD0F3927-53BC-371F-9FFB-9676E1D213FC}
		{488E16E1-A235-332A-9714-C27CCC56D414} = {488E16E1-A235-332A-9714-C27CCC56D414}
		{305B5463-044F-329E-AE9E-E993EF95B332} = {305B5463-044F-329E-AE9E-E993EF95B332}
		{410EA96F-D231-320C-84A8-62E24C05939A} = {410EA96F-D231-320C-84A8-62E24C05939A}
		{537B97B4-7727-38D3-8552-31BC406EAF63} = {537B97B4-7727-38D3-8552-31BC406EAF63}
		{16567A88-3B7F-355E-8645-F40CF5AB91C1} = {16567A88-3B7F-355E-8645-F40CF5AB91C1}
		{8562F50A-6B05-3558-B986-167FEA2E5D92} = {8562F50A-6B05-3558-B986-167FEA2E5D92}
		{38830273-04FF-31F6-8BDC-0B7BCB807A4C} = {38830273-04FF-31F6-8BDC-0B7BCB807A4C}
		{204FE9F9-D8C2-36B6-AB4F-10DE652430C1} = {204FE9F9-D8C2-36B6-AB4F-10DE652430C1}
		{F6EE1D43-E363-3140-9D3B-C55752B377A9} = {F6EE1D43-E363-3140-9D3B-C55752B377A9}
		{6B272F02-BFFD-39D9-8E81-4ECBB5A6101F} = {6B272F02-BFFD-39D9-8E81-4ECBB5A6101F}
		{645ADFC7-9C29-3C91-9C81-AD231ECAE238} = {645ADFC7-9C29-3C91-9C81-AD231ECAE238}
		{6133508B-AE7D-321A-876B-82576C58DC5F} = {6133508B-AE7D-321A-876B-82576C58DC5F}
		{5EE3FAE8-7063-358A-8502-8E4C5857DAAD} = {5EE3FAE8-7063-358A-8502-8E4C5857DAAD}
		{C8049C1B-B631-3836-8057-94CF26B76847} = {C8049C1B-B631-3836-8057-94CF26B76847}
		{02E74673-8F1C-35EC-B247-90A2E509D8C7} = {02E74673-8F1C-35EC-B247-90A2E509D8C7}
		{E7E2EC4A-2F1F-330F-B7D1-726FB913756E} = {E7E2EC4A-2F1F-330F-B7D1-726FB913756E}
		{E38F753A-1CB9-3B42-B0FD-4B85A74EA338} = {E38F753A-1CB9-3B42-B0FD-4B85A74EA338}
		{90977F89-4990-333D-A5BD-065B4D13F198} = {90977F89-4990-333D-A5BD-065B4D13F198}
		{6552F3A1-4084-376D-A699-FCFBB7E164A2} = {6552F3A1-4084-376D-A699-FCFBB7E164A2}
	EndProjectSection
EndProject
Project("{8BC9CEB8-8B4A-11D0-8D11-00A0C91BC942}") = "INSTALL", "INSTALL.vcxproj", "{674E7486-B2C4-3BF9-9DBE-B96078537751}"
	ProjectSection(ProjectDependencies) = postProject
		{732B23F1-B628-35D0-A1C0-9A02251B11AD} = {732B23F1-B628-35D0-A1C0-9A02251B11AD}
		{25AC83A3-8ED6-3340-81AC-AEB7F792F456} = {25AC83A3-8ED6-3340-81AC-AEB7F792F456}
	EndProjectSection
EndProject
Project("{8BC9CEB8-8B4A-11D0-8D11-00A0C91BC942}") = "ZERO_CHECK", "ZERO_CHECK.vcxproj", "{25AC83A3-8ED6-3340-81AC-AEB7F792F456}"
	ProjectSection(ProjectDependencies) = postProject
	EndProjectSection
EndProject
Project("{8BC9CEB8-8B4A-11D0-8D11-00A0C91BC942}") = "access_control_client", "examples\access_control_client.vcxproj", "{352AF3C2-60A3-3269-BD5E-F9194472F3F7}"
	ProjectSection(ProjectDependencies) = postProject
		{25AC83A3-8ED6-3340-81AC-AEB7F792F456} = {25AC83A3-8ED6-3340-81AC-AEB7F792F456}
		{99CE8EF1-1989-365E-9BAA-6AD0F4A8BC2B} = {99CE8EF1-1989-365E-9BAA-6AD0F4A8BC2B}
	EndProjectSection
EndProject
Project("{8BC9CEB8-8B4A-11D0-8D11-00A0C91BC942}") = "access_control_client_encrypt", "examples\access_control_client_encrypt.vcxproj", "{127FA75D-5A7A-3B7E-9F34-EC20836396FB}"
	ProjectSection(ProjectDependencies) = postProject
		{25AC83A3-8ED6-3340-81AC-AEB7F792F456} = {25AC83A3-8ED6-3340-81AC-AEB7F792F456}
		{99CE8EF1-1989-365E-9BAA-6AD0F4A8BC2B} = {99CE8EF1-1989-365E-9BAA-6AD0F4A8BC2B}
	EndProjectSection
EndProject
Project("{8BC9CEB8-8B4A-11D0-8D11-00A0C91BC942}") = "access_control_server", "examples\access_control_server.vcxproj", "{466FCD69-0C55-3D60-A71A-2D91DEE6DFA9}"
	ProjectSection(ProjectDependencies) = postProject
		{25AC83A3-8ED6-3340-81AC-AEB7F792F456} = {25AC83A3-8ED6-3340-81AC-AEB7F792F456}
		{99CE8EF1-1989-365E-9BAA-6AD0F4A8BC2B} = {99CE8EF1-1989-365E-9BAA-6AD0F4A8BC2B}
	EndProjectSection
EndProject
Project("{8BC9CEB8-8B4A-11D0-8D11-00A0C91BC942}") = "ci_server", "examples\ci_server.vcxproj", "{5EA08B84-95FB-3D9E-8EC8-E1A551E98908}"
	ProjectSection(ProjectDependencies) = postProject
		{25AC83A3-8ED6-3340-81AC-AEB7F792F456} = {25AC83A3-8ED6-3340-81AC-AEB7F792F456}
		{99CE8EF1-1989-365E-9BAA-6AD0F4A8BC2B} = {99CE8EF1-1989-365E-9BAA-6AD0F4A8BC2B}
	EndProjectSection
EndProject
Project("{8BC9CEB8-8B4A-11D0-8D11-00A0C91BC942}") = "clang-format", "clang-format.vcxproj", "{12AD914B-B512-3A89-A678-84361592C660}"
	ProjectSection(ProjectDependencies) = postProject
		{25AC83A3-8ED6-3340-81AC-AEB7F792F456} = {25AC83A3-8ED6-3340-81AC-AEB7F792F456}
	EndProjectSection
EndProject
Project("{8BC9CEB8-8B4A-11D0-8D11-00A0C91BC942}") = "clang-tidy", "clang-tidy.vcxproj", "{CDC9E029-92D6-3FCB-A146-F2B8710F525E}"
	ProjectSection(ProjectDependencies) = postProject
		{25AC83A3-8ED6-3340-81AC-AEB7F792F456} = {25AC83A3-8ED6-3340-81AC-AEB7F792F456}
		{99CE8EF1-1989-365E-9BAA-6AD0F4A8BC2B} = {99CE8EF1-1989-365E-9BAA-6AD0F4A8BC2B}
	EndProjectSection
EndProject
Project("{8BC9CEB8-8B4A-11D0-8D11-00A0C91BC942}") = "client", "examples\client.vcxproj", "{EF3C5B4B-9FEA-3C81-A818-7E1489FDF2DB}"
	ProjectSection(ProjectDependencies) = postProject
		{25AC83A3-8ED6-3340-81AC-AEB7F792F456} = {25AC83A3-8ED6-3340-81AC-AEB7F792F456}
		{99CE8EF1-1989-365E-9BAA-6AD0F4A8BC2B} = {99CE8EF1-1989-365E-9BAA-6AD0F4A8BC2B}
	EndProjectSection
EndProject
Project("{8BC9CEB8-8B4A-11D0-8D11-00A0C91BC942}") = "client_async", "examples\client_async.vcxproj", "{477332DF-237E-3719-8418-140D16253F57}"
	ProjectSection(ProjectDependencies) = postProject
		{25AC83A3-8ED6-3340-81AC-AEB7F792F456} = {25AC83A3-8ED6-3340-81AC-AEB7F792F456}
		{99CE8EF1-1989-365E-9BAA-6AD0F4A8BC2B} = {99CE8EF1-1989-365E-9BAA-6AD0F4A8BC2B}
	EndProjectSection
EndProject
Project("{8BC9CEB8-8B4A-11D0-8D11-00A0C91BC942}") = "client_connect", "examples\client_connect.vcxproj", "{C4285D75-F8BE-31D0-A16E-550E6D8B7A66}"
	ProjectSection(ProjectDependencies) = postProject
		{25AC83A3-8ED6-3340-81AC-AEB7F792F456} = {25AC83A3-8ED6-3340-81AC-AEB7F792F456}
		{99CE8EF1-1989-365E-9BAA-6AD0F4A8BC2B} = {99CE8EF1-1989-365E-9BAA-6AD0F4A8BC2B}
	EndProjectSection
EndProject
Project("{8BC9CEB8-8B4A-11D0-8D11-00A0C91BC942}") = "client_connect_loop", "examples\client_connect_loop.vcxproj", "{EDA19816-1235-33D4-B04E-F891613560A8}"
	ProjectSection(ProjectDependencies) = postProject
		{25AC83A3-8ED6-3340-81AC-AEB7F792F456} = {25AC83A3-8ED6-3340-81AC-AEB7F792F456}
		{99CE8EF1-1989-365E-9BAA-6AD0F4A8BC2B} = {99CE8EF1-1989-365E-9BAA-6AD0F4A8BC2B}
	EndProjectSection
EndProject
Project("{8BC9CEB8-8B4A-11D0-8D11-00A0C91BC942}") = "client_encryption", "examples\client_encryption.vcxproj", "{FEB6C1A0-5A6D-3406-98C6-BF0382213B3B}"
	ProjectSection(ProjectDependencies) = postProject
		{25AC83A3-8ED6-3340-81AC-AEB7F792F456} = {25AC83A3-8ED6-3340-81AC-AEB7F792F456}
		{99CE8EF1-1989-365E-9BAA-6AD0F4A8BC2B} = {99CE8EF1-1989-365E-9BAA-6AD0F4A8BC2B}
	EndProjectSection
EndProject
Project("{8BC9CEB8-8B4A-11D0-8D11-00A0C91BC942}") = "client_event_filter", "examples\client_event_filter.vcxproj", "{12176AAE-2DBD-31DD-BDF5-EDBB3F9F3DCA}"
	ProjectSection(ProjectDependencies) = postProject
		{25AC83A3-8ED6-3340-81AC-AEB7F792F456} = {25AC83A3-8ED6-3340-81AC-AEB7F792F456}
		{99CE8EF1-1989-365E-9BAA-6AD0F4A8BC2B} = {99CE8EF1-1989-365E-9BAA-6AD0F4A8BC2B}
	EndProjectSection
EndProject
Project("{8BC9CEB8-8B4A-11D0-8D11-00A0C91BC942}") = "client_historical", "examples\client_historical.vcxproj", "{7C9E4CE4-5D60-39B9-9CBB-5249AC83741D}"
	ProjectSection(ProjectDependencies) = postProject
		{25AC83A3-8ED6-3340-81AC-AEB7F792F456} = {25AC83A3-8ED6-3340-81AC-AEB7F792F456}
		{99CE8EF1-1989-365E-9BAA-6AD0F4A8BC2B} = {99CE8EF1-1989-365E-9BAA-6AD0F4A8BC2B}
	EndProjectSection
EndProject
Project("{8BC9CEB8-8B4A-11D0-8D11-00A0C91BC942}") = "client_method_async", "examples\client_method_async.vcxproj", "{F556FAFD-92FB-3CB6-9EB4-08F7FFD8E587}"
	ProjectSection(ProjectDependencies) = postProject
		{25AC83A3-8ED6-3340-81AC-AEB7F792F456} = {25AC83A3-8ED6-3340-81AC-AEB7F792F456}
		{99CE8EF1-1989-365E-9BAA-6AD0F4A8BC2B} = {99CE8EF1-1989-365E-9BAA-6AD0F4A8BC2B}
	EndProjectSection
EndProject
Project("{8BC9CEB8-8B4A-11D0-8D11-00A0C91BC942}") = "client_subscription_loop", "examples\client_subscription_loop.vcxproj", "{4BD7DDA3-99D2-3083-84D8-44D91457427C}"
	ProjectSection(ProjectDependencies) = postProject
		{25AC83A3-8ED6-3340-81AC-AEB7F792F456} = {25AC83A3-8ED6-3340-81AC-AEB7F792F456}
		{99CE8EF1-1989-365E-9BAA-6AD0F4A8BC2B} = {99CE8EF1-1989-365E-9BAA-6AD0F4A8BC2B}
	EndProjectSection
EndProject
Project("{8BC9CEB8-8B4A-11D0-8D11-00A0C91BC942}") = "cpplint", "cpplint.vcxproj", "{53D4A424-147C-334A-B9F5-E2E4F04E8923}"
	ProjectSection(ProjectDependencies) = postProject
		{25AC83A3-8ED6-3340-81AC-AEB7F792F456} = {25AC83A3-8ED6-3340-81AC-AEB7F792F456}
	EndProjectSection
EndProject
Project("{8BC9CEB8-8B4A-11D0-8D11-00A0C91BC942}") = "doc", "doc\doc.vcxproj", "{4596216B-603D-3D59-AD4A-1B0783D1A920}"
	ProjectSection(ProjectDependencies) = postProject
		{25AC83A3-8ED6-3340-81AC-AEB7F792F456} = {25AC83A3-8ED6-3340-81AC-AEB7F792F456}
		{99CE8EF1-1989-365E-9BAA-6AD0F4A8BC2B} = {99CE8EF1-1989-365E-9BAA-6AD0F4A8BC2B}
	EndProjectSection
EndProject
Project("{8BC9CEB8-8B4A-11D0-8D11-00A0C91BC942}") = "doc_latex", "doc\doc_latex.vcxproj", "{B529C458-236B-3B99-B5F8-F2D7A45A30FD}"
	ProjectSection(ProjectDependencies) = postProject
		{25AC83A3-8ED6-3340-81AC-AEB7F792F456} = {25AC83A3-8ED6-3340-81AC-AEB7F792F456}
		{99CE8EF1-1989-365E-9BAA-6AD0F4A8BC2B} = {99CE8EF1-1989-365E-9BAA-6AD0F4A8BC2B}
	EndProjectSection
EndProject
Project("{8BC9CEB8-8B4A-11D0-8D11-00A0C91BC942}") = "doc_pdf", "doc\doc_pdf.vcxproj", "{4335C78D-8143-3F9A-A07A-83862547269C}"
	ProjectSection(ProjectDependencies) = postProject
		{25AC83A3-8ED6-3340-81AC-AEB7F792F456} = {25AC83A3-8ED6-3340-81AC-AEB7F792F456}
		{B529C458-236B-3B99-B5F8-F2D7A45A30FD} = {B529C458-236B-3B99-B5F8-F2D7A45A30FD}
	EndProjectSection
EndProject
Project("{8BC9CEB8-8B4A-11D0-8D11-00A0C91BC942}") = "open62541", "open62541.vcxproj", "{99CE8EF1-1989-365E-9BAA-6AD0F4A8BC2B}"
	ProjectSection(ProjectDependencies) = postProject
		{25AC83A3-8ED6-3340-81AC-AEB7F792F456} = {25AC83A3-8ED6-3340-81AC-AEB7F792F456}
		{71A53457-39A5-31A6-ACFA-D8DC8BBC7FF1} = {71A53457-39A5-31A6-ACFA-D8DC8BBC7FF1}
		{344BFB56-E130-3943-8713-CECFCBD877BA} = {344BFB56-E130-3943-8713-CECFCBD877BA}
	EndProjectSection
EndProject
Project("{8BC9CEB8-8B4A-11D0-8D11-00A0C91BC942}") = "open62541-code-generation", "open62541-code-generation.vcxproj", "{588CDE8E-5162-3FF2-BC0A-6E7F9DDBD77E}"
	ProjectSection(ProjectDependencies) = postProject
		{25AC83A3-8ED6-3340-81AC-AEB7F792F456} = {25AC83A3-8ED6-3340-81AC-AEB7F792F456}
		{EEE1A883-476E-3E47-9BCF-485F9F6DFE11} = {EEE1A883-476E-3E47-9BCF-485F9F6DFE11}
		{C46352F5-B642-3B77-ACAD-F2289C834200} = {C46352F5-B642-3B77-ACAD-F2289C834200}
		{3338AF03-F8B1-3566-B324-881136D0DF52} = {3338AF03-F8B1-3566-B324-881136D0DF52}
		{044522ED-FFBC-3CC4-9939-20A5E4D42549} = {044522ED-FFBC-3CC4-9939-20A5E4D42549}
	EndProjectSection
EndProject
Project("{8BC9CEB8-8B4A-11D0-8D11-00A0C91BC942}") = "open62541-generator-ids-ns0", "open62541-generator-ids-ns0.vcxproj", "{CB11922D-FED4-3C20-AAB9-6E38440AD7CE}"
	ProjectSection(ProjectDependencies) = postProject
		{25AC83A3-8ED6-3340-81AC-AEB7F792F456} = {25AC83A3-8ED6-3340-81AC-AEB7F792F456}
	EndProjectSection
EndProject
Project("{8BC9CEB8-8B4A-11D0-8D11-00A0C91BC942}") = "open62541-generator-ids_example", "examples\nodeset\open62541-generator-ids_example.vcxproj", "{D24D208F-3F86-37C5-9846-D2AC53CC6E07}"
	ProjectSection(ProjectDependencies) = postProject
		{25AC83A3-8ED6-3340-81AC-AEB7F792F456} = {25AC83A3-8ED6-3340-81AC-AEB7F792F456}
	EndProjectSection
EndProject
Project("{8BC9CEB8-8B4A-11D0-8D11-00A0C91BC942}") = "open62541-generator-namespace", "open62541-generator-namespace.vcxproj", "{EEE1A883-476E-3E47-9BCF-485F9F6DFE11}"
	ProjectSection(ProjectDependencies) = postProject
		{25AC83A3-8ED6-3340-81AC-AEB7F792F456} = {25AC83A3-8ED6-3340-81AC-AEB7F792F456}
		{044522ED-FFBC-3CC4-9939-20A5E4D42549} = {044522ED-FFBC-3CC4-9939-20A5E4D42549}
	EndProjectSection
EndProject
Project("{8BC9CEB8-8B4A-11D0-8D11-00A0C91BC942}") = "open62541-generator-ns-example", "examples\nodeset\open62541-generator-ns-example.vcxproj", "{E345A969-DA2C-35D6-B278-5477B64A5BEE}"
	ProjectSection(ProjectDependencies) = postProject
		{25AC83A3-8ED6-3340-81AC-AEB7F792F456} = {25AC83A3-8ED6-3340-81AC-AEB7F792F456}
	EndProjectSection
EndProject
Project("{8BC9CEB8-8B4A-11D0-8D11-00A0C91BC942}") = "open62541-generator-statuscode", "open62541-generator-statuscode.vcxproj", "{C46352F5-B642-3B77-ACAD-F2289C834200}"
	ProjectSection(ProjectDependencies) = postProject
		{25AC83A3-8ED6-3340-81AC-AEB7F792F456} = {25AC83A3-8ED6-3340-81AC-AEB7F792F456}
	EndProjectSection
EndProject
Project("{8BC9CEB8-8B4A-11D0-8D11-00A0C91BC942}") = "open62541-generator-transport", "open62541-generator-transport.vcxproj", "{3338AF03-F8B1-3566-B324-881136D0DF52}"
	ProjectSection(ProjectDependencies) = postProject
		{25AC83A3-8ED6-3340-81AC-AEB7F792F456} = {25AC83A3-8ED6-3340-81AC-AEB7F792F456}
	EndProjectSection
EndProject
Project("{8BC9CEB8-8B4A-11D0-8D11-00A0C91BC942}") = "open62541-generator-types", "open62541-generator-types.vcxproj", "{044522ED-FFBC-3CC4-9939-20A5E4D42549}"
	ProjectSection(ProjectDependencies) = postProject
		{25AC83A3-8ED6-3340-81AC-AEB7F792F456} = {25AC83A3-8ED6-3340-81AC-AEB7F792F456}
	EndProjectSection
EndProject
Project("{8BC9CEB8-8B4A-11D0-8D11-00A0C91BC942}") = "open62541-object", "open62541-object.vcxproj", "{71A53457-39A5-31A6-ACFA-D8DC8BBC7FF1}"
	ProjectSection(ProjectDependencies) = postProject
		{25AC83A3-8ED6-3340-81AC-AEB7F792F456} = {25AC83A3-8ED6-3340-81AC-AEB7F792F456}
		{588CDE8E-5162-3FF2-BC0A-6E7F9DDBD77E} = {588CDE8E-5162-3FF2-BC0A-6E7F9DDBD77E}
	EndProjectSection
EndProject
Project("{8BC9CEB8-8B4A-11D0-8D11-00A0C91BC942}") = "open62541-plugins", "open62541-plugins.vcxproj", "{344BFB56-E130-3943-8713-CECFCBD877BA}"
	ProjectSection(ProjectDependencies) = postProject
		{25AC83A3-8ED6-3340-81AC-AEB7F792F456} = {25AC83A3-8ED6-3340-81AC-AEB7F792F456}
		{EEE1A883-476E-3E47-9BCF-485F9F6DFE11} = {EEE1A883-476E-3E47-9BCF-485F9F6DFE11}
		{3338AF03-F8B1-3566-B324-881136D0DF52} = {3338AF03-F8B1-3566-B324-881136D0DF52}
		{044522ED-FFBC-3CC4-9939-20A5E4D42549} = {044522ED-FFBC-3CC4-9939-20A5E4D42549}
	EndProjectSection
EndProject
Project("{8BC9CEB8-8B4A-11D0-8D11-00A0C91BC942}") = "server_encryption", "examples\server_encryption.vcxproj", "{D3B350F1-A14D-3CFC-A01B-78A733C63CA0}"
	ProjectSection(ProjectDependencies) = postProject
		{25AC83A3-8ED6-3340-81AC-AEB7F792F456} = {25AC83A3-8ED6-3340-81AC-AEB7F792F456}
		{99CE8EF1-1989-365E-9BAA-6AD0F4A8BC2B} = {99CE8EF1-1989-365E-9BAA-6AD0F4A8BC2B}
	EndProjectSection
EndProject
Project("{8BC9CEB8-8B4A-11D0-8D11-00A0C91BC942}") = "server_events_random", "examples\server_events_random.vcxproj", "{B308D199-A808-3B4F-99F0-348E332F4263}"
	ProjectSection(ProjectDependencies) = postProject
		{25AC83A3-8ED6-3340-81AC-AEB7F792F456} = {25AC83A3-8ED6-3340-81AC-AEB7F792F456}
		{99CE8EF1-1989-365E-9BAA-6AD0F4A8BC2B} = {99CE8EF1-1989-365E-9BAA-6AD0F4A8BC2B}
	EndProjectSection
EndProject
Project("{8BC9CEB8-8B4A-11D0-8D11-00A0C91BC942}") = "server_file_based_config", "examples\server_file_based_config.vcxproj", "{BC2151F2-68CD-3885-9D34-8D08F9A1A835}"
	ProjectSection(ProjectDependencies) = postProject
		{25AC83A3-8ED6-3340-81AC-AEB7F792F456} = {25AC83A3-8ED6-3340-81AC-AEB7F792F456}
		{99CE8EF1-1989-365E-9BAA-6AD0F4A8BC2B} = {99CE8EF1-1989-365E-9BAA-6AD0F4A8BC2B}
	EndProjectSection
EndProject
Project("{8BC9CEB8-8B4A-11D0-8D11-00A0C91BC942}") = "server_inheritance", "examples\server_inheritance.vcxproj", "{0F92912C-B9B2-3FF5-9ACC-CB9C18DB936A}"
	ProjectSection(ProjectDependencies) = postProject
		{25AC83A3-8ED6-3340-81AC-AEB7F792F456} = {25AC83A3-8ED6-3340-81AC-AEB7F792F456}
		{99CE8EF1-1989-365E-9BAA-6AD0F4A8BC2B} = {99CE8EF1-1989-365E-9BAA-6AD0F4A8BC2B}
	EndProjectSection
EndProject
Project("{8BC9CEB8-8B4A-11D0-8D11-00A0C91BC942}") = "server_instantiation", "examples\server_instantiation.vcxproj", "{E1FB8AB6-2096-3BCB-99CE-67F9E6A6983A}"
	ProjectSection(ProjectDependencies) = postProject
		{25AC83A3-8ED6-3340-81AC-AEB7F792F456} = {25AC83A3-8ED6-3340-81AC-AEB7F792F456}
		{99CE8EF1-1989-365E-9BAA-6AD0F4A8BC2B} = {99CE8EF1-1989-365E-9BAA-6AD0F4A8BC2B}
	EndProjectSection
EndProject
Project("{8BC9CEB8-8B4A-11D0-8D11-00A0C91BC942}") = "server_loglevel", "examples\server_loglevel.vcxproj", "{2327528F-71F6-31EB-8D5A-1F946865F917}"
	ProjectSection(ProjectDependencies) = postProject
		{25AC83A3-8ED6-3340-81AC-AEB7F792F456} = {25AC83A3-8ED6-3340-81AC-AEB7F792F456}
		{99CE8EF1-1989-365E-9BAA-6AD0F4A8BC2B} = {99CE8EF1-1989-365E-9BAA-6AD0F4A8BC2B}
	EndProjectSection
EndProject
Project("{8BC9CEB8-8B4A-11D0-8D11-00A0C91BC942}") = "server_mainloop", "examples\server_mainloop.vcxproj", "{01BD771C-6819-3820-A646-4B18B44DF7F6}"
	ProjectSection(ProjectDependencies) = postProject
		{25AC83A3-8ED6-3340-81AC-AEB7F792F456} = {25AC83A3-8ED6-3340-81AC-AEB7F792F456}
		{99CE8EF1-1989-365E-9BAA-6AD0F4A8BC2B} = {99CE8EF1-1989-365E-9BAA-6AD0F4A8BC2B}
	EndProjectSection
EndProject
Project("{8BC9CEB8-8B4A-11D0-8D11-00A0C91BC942}") = "server_nodeset", "examples\nodeset\server_nodeset.vcxproj", "{526CD0C2-FBAD-30EB-B8E0-BC65644D4CFA}"
	ProjectSection(ProjectDependencies) = postProject
		{25AC83A3-8ED6-3340-81AC-AEB7F792F456} = {25AC83A3-8ED6-3340-81AC-AEB7F792F456}
		{99CE8EF1-1989-365E-9BAA-6AD0F4A8BC2B} = {99CE8EF1-1989-365E-9BAA-6AD0F4A8BC2B}
		{D24D208F-3F86-37C5-9846-D2AC53CC6E07} = {D24D208F-3F86-37C5-9846-D2AC53CC6E07}
		{E345A969-DA2C-35D6-B278-5477B64A5BEE} = {E345A969-DA2C-35D6-B278-5477B64A5BEE}
	EndProjectSection
EndProject
Project("{8BC9CEB8-8B4A-11D0-8D11-00A0C91BC942}") = "server_pubsub_publish_on_demand", "examples\server_pubsub_publish_on_demand.vcxproj", "{078BD6D3-8419-39E5-8700-A00E77614279}"
	ProjectSection(ProjectDependencies) = postProject
		{25AC83A3-8ED6-3340-81AC-AEB7F792F456} = {25AC83A3-8ED6-3340-81AC-AEB7F792F456}
		{99CE8EF1-1989-365E-9BAA-6AD0F4A8BC2B} = {99CE8EF1-1989-365E-9BAA-6AD0F4A8BC2B}
	EndProjectSection
EndProject
Project("{8BC9CEB8-8B4A-11D0-8D11-00A0C91BC942}") = "server_pubsub_publisher_iop", "examples\server_pubsub_publisher_iop.vcxproj", "{15A852D4-689E-3FEE-9A98-CAF7ECBB3E71}"
	ProjectSection(ProjectDependencies) = postProject
		{25AC83A3-8ED6-3340-81AC-AEB7F792F456} = {25AC83A3-8ED6-3340-81AC-AEB7F792F456}
		{99CE8EF1-1989-365E-9BAA-6AD0F4A8BC2B} = {99CE8EF1-1989-365E-9BAA-6AD0F4A8BC2B}
	EndProjectSection
EndProject
Project("{8BC9CEB8-8B4A-11D0-8D11-00A0C91BC942}") = "server_repeated_job", "examples\server_repeated_job.vcxproj", "{AD0F3927-53BC-371F-9FFB-9676E1D213FC}"
	ProjectSection(ProjectDependencies) = postProject
		{25AC83A3-8ED6-3340-81AC-AEB7F792F456} = {25AC83A3-8ED6-3340-81AC-AEB7F792F456}
		{99CE8EF1-1989-365E-9BAA-6AD0F4A8BC2B} = {99CE8EF1-1989-365E-9BAA-6AD0F4A8BC2B}
	EndProjectSection
EndProject
Project("{8BC9CEB8-8B4A-11D0-8D11-00A0C91BC942}") = "server_settimestamp", "examples\server_settimestamp.vcxproj", "{488E16E1-A235-332A-9714-C27CCC56D414}"
	ProjectSection(ProjectDependencies) = postProject
		{25AC83A3-8ED6-3340-81AC-AEB7F792F456} = {25AC83A3-8ED6-3340-81AC-AEB7F792F456}
		{99CE8EF1-1989-365E-9BAA-6AD0F4A8BC2B} = {99CE8EF1-1989-365E-9BAA-6AD0F4A8BC2B}
	EndProjectSection
EndProject
Project("{8BC9CEB8-8B4A-11D0-8D11-00A0C91BC942}") = "tutorial_client_events", "examples\tutorial_client_events.vcxproj", "{305B5463-044F-329E-AE9E-E993EF95B332}"
	ProjectSection(ProjectDependencies) = postProject
		{25AC83A3-8ED6-3340-81AC-AEB7F792F456} = {25AC83A3-8ED6-3340-81AC-AEB7F792F456}
		{99CE8EF1-1989-365E-9BAA-6AD0F4A8BC2B} = {99CE8EF1-1989-365E-9BAA-6AD0F4A8BC2B}
	EndProjectSection
EndProject
Project("{8BC9CEB8-8B4A-11D0-8D11-00A0C91BC942}") = "tutorial_client_firststeps", "examples\tutorial_client_firststeps.vcxproj", "{410EA96F-D231-320C-84A8-62E24C05939A}"
	ProjectSection(ProjectDependencies) = postProject
		{25AC83A3-8ED6-3340-81AC-AEB7F792F456} = {25AC83A3-8ED6-3340-81AC-AEB7F792F456}
		{99CE8EF1-1989-365E-9BAA-6AD0F4A8BC2B} = {99CE8EF1-1989-365E-9BAA-6AD0F4A8BC2B}
	EndProjectSection
EndProject
Project("{8BC9CEB8-8B4A-11D0-8D11-00A0C91BC942}") = "tutorial_datatypes", "examples\tutorial_datatypes.vcxproj", "{537B97B4-7727-38D3-8552-31BC406EAF63}"
	ProjectSection(ProjectDependencies) = postProject
		{25AC83A3-8ED6-3340-81AC-AEB7F792F456} = {25AC83A3-8ED6-3340-81AC-AEB7F792F456}
		{99CE8EF1-1989-365E-9BAA-6AD0F4A8BC2B} = {99CE8EF1-1989-365E-9BAA-6AD0F4A8BC2B}
	EndProjectSection
EndProject
Project("{8BC9CEB8-8B4A-11D0-8D11-00A0C91BC942}") = "tutorial_pubsub_connection", "examples\tutorial_pubsub_connection.vcxproj", "{16567A88-3B7F-355E-8645-F40CF5AB91C1}"
	ProjectSection(ProjectDependencies) = postProject
		{25AC83A3-8ED6-3340-81AC-AEB7F792F456} = {25AC83A3-8ED6-3340-81AC-AEB7F792F456}
		{99CE8EF1-1989-365E-9BAA-6AD0F4A8BC2B} = {99CE8EF1-1989-365E-9BAA-6AD0F4A8BC2B}
	EndProjectSection
EndProject
Project("{8BC9CEB8-8B4A-11D0-8D11-00A0C91BC942}") = "tutorial_pubsub_publish", "examples\tutorial_pubsub_publish.vcxproj", "{8562F50A-6B05-3558-B986-167FEA2E5D92}"
	ProjectSection(ProjectDependencies) = postProject
		{25AC83A3-8ED6-3340-81AC-AEB7F792F456} = {25AC83A3-8ED6-3340-81AC-AEB7F792F456}
		{99CE8EF1-1989-365E-9BAA-6AD0F4A8BC2B} = {99CE8EF1-1989-365E-9BAA-6AD0F4A8BC2B}
	EndProjectSection
EndProject
Project("{8BC9CEB8-8B4A-11D0-8D11-00A0C91BC942}") = "tutorial_pubsub_subscribe", "examples\tutorial_pubsub_subscribe.vcxproj", "{38830273-04FF-31F6-8BDC-0B7BCB807A4C}"
	ProjectSection(ProjectDependencies) = postProject
		{25AC83A3-8ED6-3340-81AC-AEB7F792F456} = {25AC83A3-8ED6-3340-81AC-AEB7F792F456}
		{99CE8EF1-1989-365E-9BAA-6AD0F4A8BC2B} = {99CE8EF1-1989-365E-9BAA-6AD0F4A8BC2B}
	EndProjectSection
EndProject
Project("{8BC9CEB8-8B4A-11D0-8D11-00A0C91BC942}") = "tutorial_server_datasource", "examples\tutorial_server_datasource.vcxproj", "{204FE9F9-D8C2-36B6-AB4F-10DE652430C1}"
	ProjectSection(ProjectDependencies) = postProject
		{25AC83A3-8ED6-3340-81AC-AEB7F792F456} = {25AC83A3-8ED6-3340-81AC-AEB7F792F456}
		{99CE8EF1-1989-365E-9BAA-6AD0F4A8BC2B} = {99CE8EF1-1989-365E-9BAA-6AD0F4A8BC2B}
	EndProjectSection
EndProject
Project("{8BC9CEB8-8B4A-11D0-8D11-00A0C91BC942}") = "tutorial_server_events", "examples\tutorial_server_events.vcxproj", "{F6EE1D43-E363-3140-9D3B-C55752B377A9}"
	ProjectSection(ProjectDependencies) = postProject
		{25AC83A3-8ED6-3340-81AC-AEB7F792F456} = {25AC83A3-8ED6-3340-81AC-AEB7F792F456}
		{99CE8EF1-1989-365E-9BAA-6AD0F4A8BC2B} = {99CE8EF1-1989-365E-9BAA-6AD0F4A8BC2B}
	EndProjectSection
EndProject
Project("{8BC9CEB8-8B4A-11D0-8D11-00A0C91BC942}") = "tutorial_server_firststeps", "examples\tutorial_server_firststeps.vcxproj", "{6B272F02-BFFD-39D9-8E81-4ECBB5A6101F}"
	ProjectSection(ProjectDependencies) = postProject
		{25AC83A3-8ED6-3340-81AC-AEB7F792F456} = {25AC83A3-8ED6-3340-81AC-AEB7F792F456}
		{99CE8EF1-1989-365E-9BAA-6AD0F4A8BC2B} = {99CE8EF1-1989-365E-9BAA-6AD0F4A8BC2B}
	EndProjectSection
EndProject
Project("{8BC9CEB8-8B4A-11D0-8D11-00A0C91BC942}") = "tutorial_server_historicaldata", "examples\tutorial_server_historicaldata.vcxproj", "{645ADFC7-9C29-3C91-9C81-AD231ECAE238}"
	ProjectSection(ProjectDependencies) = postProject
		{25AC83A3-8ED6-3340-81AC-AEB7F792F456} = {25AC83A3-8ED6-3340-81AC-AEB7F792F456}
		{99CE8EF1-1989-365E-9BAA-6AD0F4A8BC2B} = {99CE8EF1-1989-365E-9BAA-6AD0F4A8BC2B}
	EndProjectSection
EndProject
Project("{8BC9CEB8-8B4A-11D0-8D11-00A0C91BC942}") = "tutorial_server_historicaldata_circular", "examples\tutorial_server_historicaldata_circular.vcxproj", "{6133508B-AE7D-321A-876B-82576C58DC5F}"
	ProjectSection(ProjectDependencies) = postProject
		{25AC83A3-8ED6-3340-81AC-AEB7F792F456} = {25AC83A3-8ED6-3340-81AC-AEB7F792F456}
		{99CE8EF1-1989-365E-9BAA-6AD0F4A8BC2B} = {99CE8EF1-1989-365E-9BAA-6AD0F4A8BC2B}
	EndProjectSection
EndProject
Project("{8BC9CEB8-8B4A-11D0-8D11-00A0C91BC942}") = "tutorial_server_method", "examples\tutorial_server_method.vcxproj", "{5EE3FAE8-7063-358A-8502-8E4C5857DAAD}"
	ProjectSection(ProjectDependencies) = postProject
		{25AC83A3-8ED6-3340-81AC-AEB7F792F456} = {25AC83A3-8ED6-3340-81AC-AEB7F792F456}
		{99CE8EF1-1989-365E-9BAA-6AD0F4A8BC2B} = {99CE8EF1-1989-365E-9BAA-6AD0F4A8BC2B}
	EndProjectSection
EndProject
Project("{8BC9CEB8-8B4A-11D0-8D11-00A0C91BC942}") = "tutorial_server_method_async", "examples\tutorial_server_method_async.vcxproj", "{C8049C1B-B631-3836-8057-94CF26B76847}"
	ProjectSection(ProjectDependencies) = postProject
		{25AC83A3-8ED6-3340-81AC-AEB7F792F456} = {25AC83A3-8ED6-3340-81AC-AEB7F792F456}
		{99CE8EF1-1989-365E-9BAA-6AD0F4A8BC2B} = {99CE8EF1-1989-365E-9BAA-6AD0F4A8BC2B}
	EndProjectSection
EndProject
Project("{8BC9CEB8-8B4A-11D0-8D11-00A0C91BC942}") = "tutorial_server_monitoreditems", "examples\tutorial_server_monitoreditems.vcxproj", "{02E74673-8F1C-35EC-B247-90A2E509D8C7}"
	ProjectSection(ProjectDependencies) = postProject
		{25AC83A3-8ED6-3340-81AC-AEB7F792F456} = {25AC83A3-8ED6-3340-81AC-AEB7F792F456}
		{99CE8EF1-1989-365E-9BAA-6AD0F4A8BC2B} = {99CE8EF1-1989-365E-9BAA-6AD0F4A8BC2B}
	EndProjectSection
EndProject
Project("{8BC9CEB8-8B4A-11D0-8D11-00A0C91BC942}") = "tutorial_server_object", "examples\tutorial_server_object.vcxproj", "{E7E2EC4A-2F1F-330F-B7D1-726FB913756E}"
	ProjectSection(ProjectDependencies) = postProject
		{25AC83A3-8ED6-3340-81AC-AEB7F792F456} = {25AC83A3-8ED6-3340-81AC-AEB7F792F456}
		{99CE8EF1-1989-365E-9BAA-6AD0F4A8BC2B} = {99CE8EF1-1989-365E-9BAA-6AD0F4A8BC2B}
	EndProjectSection
EndProject
Project("{8BC9CEB8-8B4A-11D0-8D11-00A0C91BC942}") = "tutorial_server_reverseconnect", "examples\tutorial_server_reverseconnect.vcxproj", "{E38F753A-1CB9-3B42-B0FD-4B85A74EA338}"
	ProjectSection(ProjectDependencies) = postProject
		{25AC83A3-8ED6-3340-81AC-AEB7F792F456} = {25AC83A3-8ED6-3340-81AC-AEB7F792F456}
		{99CE8EF1-1989-365E-9BAA-6AD0F4A8BC2B} = {99CE8EF1-1989-365E-9BAA-6AD0F4A8BC2B}
	EndProjectSection
EndProject
Project("{8BC9CEB8-8B4A-11D0-8D11-00A0C91BC942}") = "tutorial_server_variable", "examples\tutorial_server_variable.vcxproj", "{90977F89-4990-333D-A5BD-065B4D13F198}"
	ProjectSection(ProjectDependencies) = postProject
		{25AC83A3-8ED6-3340-81AC-AEB7F792F456} = {25AC83A3-8ED6-3340-81AC-AEB7F792F456}
		{99CE8EF1-1989-365E-9BAA-6AD0F4A8BC2B} = {99CE8EF1-1989-365E-9BAA-6AD0F4A8BC2B}
	EndProjectSection
EndProject
Project("{8BC9CEB8-8B4A-11D0-8D11-00A0C91BC942}") = "tutorial_server_variabletype", "examples\tutorial_server_variabletype.vcxproj", "{6552F3A1-4084-376D-A699-FCFBB7E164A2}"
	ProjectSection(ProjectDependencies) = postProject
		{25AC83A3-8ED6-3340-81AC-AEB7F792F456} = {25AC83A3-8ED6-3340-81AC-AEB7F792F456}
		{99CE8EF1-1989-365E-9BAA-6AD0F4A8BC2B} = {99CE8EF1-1989-365E-9BAA-6AD0F4A8BC2B}
	EndProjectSection
EndProject
Global
	GlobalSection(SolutionConfigurationPlatforms) = preSolution
		Debug|Win32 = Debug|Win32
		Release|Win32 = Release|Win32
		MinSizeRel|Win32 = MinSizeRel|Win32
		RelWithDebInfo|Win32 = RelWithDebInfo|Win32
	EndGlobalSection
	GlobalSection(ProjectConfigurationPlatforms) = postSolution
		{732B23F1-B628-35D0-A1C0-9A02251B11AD}.Debug|Win32.ActiveCfg = Debug|Win32
		{732B23F1-B628-35D0-A1C0-9A02251B11AD}.Debug|Win32.Build.0 = Debug|Win32
		{732B23F1-B628-35D0-A1C0-9A02251B11AD}.Release|Win32.ActiveCfg = Release|Win32
		{732B23F1-B628-35D0-A1C0-9A02251B11AD}.Release|Win32.Build.0 = Release|Win32
		{732B23F1-B628-35D0-A1C0-9A02251B11AD}.MinSizeRel|Win32.ActiveCfg = MinSizeRel|Win32
		{732B23F1-B628-35D0-A1C0-9A02251B11AD}.MinSizeRel|Win32.Build.0 = MinSizeRel|Win32
		{732B23F1-B628-35D0-A1C0-9A02251B11AD}.RelWithDebInfo|Win32.ActiveCfg = RelWithDebInfo|Win32
		{732B23F1-B628-35D0-A1C0-9A02251B11AD}.RelWithDebInfo|Win32.Build.0 = RelWithDebInfo|Win32
		{674E7486-B2C4-3BF9-9DBE-B96078537751}.Debug|Win32.ActiveCfg = Debug|Win32
		{674E7486-B2C4-3BF9-9DBE-B96078537751}.Release|Win32.ActiveCfg = Release|Win32
		{674E7486-B2C4-3BF9-9DBE-B96078537751}.MinSizeRel|Win32.ActiveCfg = MinSizeRel|Win32
		{674E7486-B2C4-3BF9-9DBE-B96078537751}.RelWithDebInfo|Win32.ActiveCfg = RelWithDebInfo|Win32
		{25AC83A3-8ED6-3340-81AC-AEB7F792F456}.Debug|Win32.ActiveCfg = Debug|Win32
		{25AC83A3-8ED6-3340-81AC-AEB7F792F456}.Debug|Win32.Build.0 = Debug|Win32
		{25AC83A3-8ED6-3340-81AC-AEB7F792F456}.Release|Win32.ActiveCfg = Release|Win32
		{25AC83A3-8ED6-3340-81AC-AEB7F792F456}.Release|Win32.Build.0 = Release|Win32
		{25AC83A3-8ED6-3340-81AC-AEB7F792F456}.MinSizeRel|Win32.ActiveCfg = MinSizeRel|Win32
		{25AC83A3-8ED6-3340-81AC-AEB7F792F456}.MinSizeRel|Win32.Build.0 = MinSizeRel|Win32
		{25AC83A3-8ED6-3340-81AC-AEB7F792F456}.RelWithDebInfo|Win32.ActiveCfg = RelWithDebInfo|Win32
		{25AC83A3-8ED6-3340-81AC-AEB7F792F456}.RelWithDebInfo|Win32.Build.0 = RelWithDebInfo|Win32
		{352AF3C2-60A3-3269-BD5E-F9194472F3F7}.Debug|Win32.ActiveCfg = Debug|Win32
		{352AF3C2-60A3-3269-BD5E-F9194472F3F7}.Debug|Win32.Build.0 = Debug|Win32
		{352AF3C2-60A3-3269-BD5E-F9194472F3F7}.Release|Win32.ActiveCfg = Release|Win32
		{352AF3C2-60A3-3269-BD5E-F9194472F3F7}.Release|Win32.Build.0 = Release|Win32
		{352AF3C2-60A3-3269-BD5E-F9194472F3F7}.MinSizeRel|Win32.ActiveCfg = MinSizeRel|Win32
		{352AF3C2-60A3-3269-BD5E-F9194472F3F7}.MinSizeRel|Win32.Build.0 = MinSizeRel|Win32
		{352AF3C2-60A3-3269-BD5E-F9194472F3F7}.RelWithDebInfo|Win32.ActiveCfg = RelWithDebInfo|Win32
		{352AF3C2-60A3-3269-BD5E-F9194472F3F7}.RelWithDebInfo|Win32.Build.0 = RelWithDebInfo|Win32
		{127FA75D-5A7A-3B7E-9F34-EC20836396FB}.Debug|Win32.ActiveCfg = Debug|Win32
		{127FA75D-5A7A-3B7E-9F34-EC20836396FB}.Debug|Win32.Build.0 = Debug|Win32
		{127FA75D-5A7A-3B7E-9F34-EC20836396FB}.Release|Win32.ActiveCfg = Release|Win32
		{127FA75D-5A7A-3B7E-9F34-EC20836396FB}.Release|Win32.Build.0 = Release|Win32
		{127FA75D-5A7A-3B7E-9F34-EC20836396FB}.MinSizeRel|Win32.ActiveCfg = MinSizeRel|Win32
		{127FA75D-5A7A-3B7E-9F34-EC20836396FB}.MinSizeRel|Win32.Build.0 = MinSizeRel|Win32
		{127FA75D-5A7A-3B7E-9F34-EC20836396FB}.RelWithDebInfo|Win32.ActiveCfg = RelWithDebInfo|Win32
		{127FA75D-5A7A-3B7E-9F34-EC20836396FB}.RelWithDebInfo|Win32.Build.0 = RelWithDebInfo|Win32
		{466FCD69-0C55-3D60-A71A-2D91DEE6DFA9}.Debug|Win32.ActiveCfg = Debug|Win32
		{466FCD69-0C55-3D60-A71A-2D91DEE6DFA9}.Debug|Win32.Build.0 = Debug|Win32
		{466FCD69-0C55-3D60-A71A-2D91DEE6DFA9}.Release|Win32.ActiveCfg = Release|Win32
		{466FCD69-0C55-3D60-A71A-2D91DEE6DFA9}.Release|Win32.Build.0 = Release|Win32
		{466FCD69-0C55-3D60-A71A-2D91DEE6DFA9}.MinSizeRel|Win32.ActiveCfg = MinSizeRel|Win32
		{466FCD69-0C55-3D60-A71A-2D91DEE6DFA9}.MinSizeRel|Win32.Build.0 = MinSizeRel|Win32
		{466FCD69-0C55-3D60-A71A-2D91DEE6DFA9}.RelWithDebInfo|Win32.ActiveCfg = RelWithDebInfo|Win32
		{466FCD69-0C55-3D60-A71A-2D91DEE6DFA9}.RelWithDebInfo|Win32.Build.0 = RelWithDebInfo|Win32
		{5EA08B84-95FB-3D9E-8EC8-E1A551E98908}.Debug|Win32.ActiveCfg = Debug|Win32
		{5EA08B84-95FB-3D9E-8EC8-E1A551E98908}.Debug|Win32.Build.0 = Debug|Win32
		{5EA08B84-95FB-3D9E-8EC8-E1A551E98908}.Release|Win32.ActiveCfg = Release|Win32
		{5EA08B84-95FB-3D9E-8EC8-E1A551E98908}.Release|Win32.Build.0 = Release|Win32
		{5EA08B84-95FB-3D9E-8EC8-E1A551E98908}.MinSizeRel|Win32.ActiveCfg = MinSizeRel|Win32
		{5EA08B84-95FB-3D9E-8EC8-E1A551E98908}.MinSizeRel|Win32.Build.0 = MinSizeRel|Win32
		{5EA08B84-95FB-3D9E-8EC8-E1A551E98908}.RelWithDebInfo|Win32.ActiveCfg = RelWithDebInfo|Win32
		{5EA08B84-95FB-3D9E-8EC8-E1A551E98908}.RelWithDebInfo|Win32.Build.0 = RelWithDebInfo|Win32
		{12AD914B-B512-3A89-A678-84361592C660}.Debug|Win32.ActiveCfg = Debug|Win32
		{12AD914B-B512-3A89-A678-84361592C660}.Release|Win32.ActiveCfg = Release|Win32
		{12AD914B-B512-3A89-A678-84361592C660}.MinSizeRel|Win32.ActiveCfg = MinSizeRel|Win32
		{12AD914B-B512-3A89-A678-84361592C660}.RelWithDebInfo|Win32.ActiveCfg = RelWithDebInfo|Win32
		{CDC9E029-92D6-3FCB-A146-F2B8710F525E}.Debug|Win32.ActiveCfg = Debug|Win32
		{CDC9E029-92D6-3FCB-A146-F2B8710F525E}.Release|Win32.ActiveCfg = Release|Win32
		{CDC9E029-92D6-3FCB-A146-F2B8710F525E}.MinSizeRel|Win32.ActiveCfg = MinSizeRel|Win32
		{CDC9E029-92D6-3FCB-A146-F2B8710F525E}.RelWithDebInfo|Win32.ActiveCfg = RelWithDebInfo|Win32
		{EF3C5B4B-9FEA-3C81-A818-7E1489FDF2DB}.Debug|Win32.ActiveCfg = Debug|Win32
		{EF3C5B4B-9FEA-3C81-A818-7E1489FDF2DB}.Debug|Win32.Build.0 = Debug|Win32
		{EF3C5B4B-9FEA-3C81-A818-7E1489FDF2DB}.Release|Win32.ActiveCfg = Release|Win32
		{EF3C5B4B-9FEA-3C81-A818-7E1489FDF2DB}.Release|Win32.Build.0 = Release|Win32
		{EF3C5B4B-9FEA-3C81-A818-7E1489FDF2DB}.MinSizeRel|Win32.ActiveCfg = MinSizeRel|Win32
		{EF3C5B4B-9FEA-3C81-A818-7E1489FDF2DB}.MinSizeRel|Win32.Build.0 = MinSizeRel|Win32
		{EF3C5B4B-9FEA-3C81-A818-7E1489FDF2DB}.RelWithDebInfo|Win32.ActiveCfg = RelWithDebInfo|Win32
		{EF3C5B4B-9FEA-3C81-A818-7E1489FDF2DB}.RelWithDebInfo|Win32.Build.0 = RelWithDebInfo|Win32
		{477332DF-237E-3719-8418-140D16253F57}.Debug|Win32.ActiveCfg = Debug|Win32
		{477332DF-237E-3719-8418-140D16253F57}.Debug|Win32.Build.0 = Debug|Win32
		{477332DF-237E-3719-8418-140D16253F57}.Release|Win32.ActiveCfg = Release|Win32
		{477332DF-237E-3719-8418-140D16253F57}.Release|Win32.Build.0 = Release|Win32
		{477332DF-237E-3719-8418-140D16253F57}.MinSizeRel|Win32.ActiveCfg = MinSizeRel|Win32
		{477332DF-237E-3719-8418-140D16253F57}.MinSizeRel|Win32.Build.0 = MinSizeRel|Win32
		{477332DF-237E-3719-8418-140D16253F57}.RelWithDebInfo|Win32.ActiveCfg = RelWithDebInfo|Win32
		{477332DF-237E-3719-8418-140D16253F57}.RelWithDebInfo|Win32.Build.0 = RelWithDebInfo|Win32
		{C4285D75-F8BE-31D0-A16E-550E6D8B7A66}.Debug|Win32.ActiveCfg = Debug|Win32
		{C4285D75-F8BE-31D0-A16E-550E6D8B7A66}.Debug|Win32.Build.0 = Debug|Win32
		{C4285D75-F8BE-31D0-A16E-550E6D8B7A66}.Release|Win32.ActiveCfg = Release|Win32
		{C4285D75-F8BE-31D0-A16E-550E6D8B7A66}.Release|Win32.Build.0 = Release|Win32
		{C4285D75-F8BE-31D0-A16E-550E6D8B7A66}.MinSizeRel|Win32.ActiveCfg = MinSizeRel|Win32
		{C4285D75-F8BE-31D0-A16E-550E6D8B7A66}.MinSizeRel|Win32.Build.0 = MinSizeRel|Win32
		{C4285D75-F8BE-31D0-A16E-550E6D8B7A66}.RelWithDebInfo|Win32.ActiveCfg = RelWithDebInfo|Win32
		{C4285D75-F8BE-31D0-A16E-550E6D8B7A66}.RelWithDebInfo|Win32.Build.0 = RelWithDebInfo|Win32
		{EDA19816-1235-33D4-B04E-F891613560A8}.Debug|Win32.ActiveCfg = Debug|Win32
		{EDA19816-1235-33D4-B04E-F891613560A8}.Debug|Win32.Build.0 = Debug|Win32
		{EDA19816-1235-33D4-B04E-F891613560A8}.Release|Win32.ActiveCfg = Release|Win32
		{EDA19816-1235-33D4-B04E-F891613560A8}.Release|Win32.Build.0 = Release|Win32
		{EDA19816-1235-33D4-B04E-F891613560A8}.MinSizeRel|Win32.ActiveCfg = MinSizeRel|Win32
		{EDA19816-1235-33D4-B04E-F891613560A8}.MinSizeRel|Win32.Build.0 = MinSizeRel|Win32
		{EDA19816-1235-33D4-B04E-F891613560A8}.RelWithDebInfo|Win32.ActiveCfg = RelWithDebInfo|Win32
		{EDA19816-1235-33D4-B04E-F891613560A8}.RelWithDebInfo|Win32.Build.0 = RelWithDebInfo|Win32
		{FEB6C1A0-5A6D-3406-98C6-BF0382213B3B}.Debug|Win32.ActiveCfg = Debug|Win32
		{FEB6C1A0-5A6D-3406-98C6-BF0382213B3B}.Debug|Win32.Build.0 = Debug|Win32
		{FEB6C1A0-5A6D-3406-98C6-BF0382213B3B}.Release|Win32.ActiveCfg = Release|Win32
		{FEB6C1A0-5A6D-3406-98C6-BF0382213B3B}.Release|Win32.Build.0 = Release|Win32
		{FEB6C1A0-5A6D-3406-98C6-BF0382213B3B}.MinSizeRel|Win32.ActiveCfg = MinSizeRel|Win32
		{FEB6C1A0-5A6D-3406-98C6-BF0382213B3B}.MinSizeRel|Win32.Build.0 = MinSizeRel|Win32
		{FEB6C1A0-5A6D-3406-98C6-BF0382213B3B}.RelWithDebInfo|Win32.ActiveCfg = RelWithDebInfo|Win32
		{FEB6C1A0-5A6D-3406-98C6-BF0382213B3B}.RelWithDebInfo|Win32.Build.0 = RelWithDebInfo|Win32
		{12176AAE-2DBD-31DD-BDF5-EDBB3F9F3DCA}.Debug|Win32.ActiveCfg = Debug|Win32
		{12176AAE-2DBD-31DD-BDF5-EDBB3F9F3DCA}.Debug|Win32.Build.0 = Debug|Win32
		{12176AAE-2DBD-31DD-BDF5-EDBB3F9F3DCA}.Release|Win32.ActiveCfg = Release|Win32
		{12176AAE-2DBD-31DD-BDF5-EDBB3F9F3DCA}.Release|Win32.Build.0 = Release|Win32
		{12176AAE-2DBD-31DD-BDF5-EDBB3F9F3DCA}.MinSizeRel|Win32.ActiveCfg = MinSizeRel|Win32
		{12176AAE-2DBD-31DD-BDF5-EDBB3F9F3DCA}.MinSizeRel|Win32.Build.0 = MinSizeRel|Win32
		{12176AAE-2DBD-31DD-BDF5-EDBB3F9F3DCA}.RelWithDebInfo|Win32.ActiveCfg = RelWithDebInfo|Win32
		{12176AAE-2DBD-31DD-BDF5-EDBB3F9F3DCA}.RelWithDebInfo|Win32.Build.0 = RelWithDebInfo|Win32
		{7C9E4CE4-5D60-39B9-9CBB-5249AC83741D}.Debug|Win32.ActiveCfg = Debug|Win32
		{7C9E4CE4-5D60-39B9-9CBB-5249AC83741D}.Debug|Win32.Build.0 = Debug|Win32
		{7C9E4CE4-5D60-39B9-9CBB-5249AC83741D}.Release|Win32.ActiveCfg = Release|Win32
		{7C9E4CE4-5D60-39B9-9CBB-5249AC83741D}.Release|Win32.Build.0 = Release|Win32
		{7C9E4CE4-5D60-39B9-9CBB-5249AC83741D}.MinSizeRel|Win32.ActiveCfg = MinSizeRel|Win32
		{7C9E4CE4-5D60-39B9-9CBB-5249AC83741D}.MinSizeRel|Win32.Build.0 = MinSizeRel|Win32
		{7C9E4CE4-5D60-39B9-9CBB-5249AC83741D}.RelWithDebInfo|Win32.ActiveCfg = RelWithDebInfo|Win32
		{7C9E4CE4-5D60-39B9-9CBB-5249AC83741D}.RelWithDebInfo|Win32.Build.0 = RelWithDebInfo|Win32
		{F556FAFD-92FB-3CB6-9EB4-08F7FFD8E587}.Debug|Win32.ActiveCfg = Debug|Win32
		{F556FAFD-92FB-3CB6-9EB4-08F7FFD8E587}.Debug|Win32.Build.0 = Debug|Win32
		{F556FAFD-92FB-3CB6-9EB4-08F7FFD8E587}.Release|Win32.ActiveCfg = Release|Win32
		{F556FAFD-92FB-3CB6-9EB4-08F7FFD8E587}.Release|Win32.Build.0 = Release|Win32
		{F556FAFD-92FB-3CB6-9EB4-08F7FFD8E587}.MinSizeRel|Win32.ActiveCfg = MinSizeRel|Win32
		{F556FAFD-92FB-3CB6-9EB4-08F7FFD8E587}.MinSizeRel|Win32.Build.0 = MinSizeRel|Win32
		{F556FAFD-92FB-3CB6-9EB4-08F7FFD8E587}.RelWithDebInfo|Win32.ActiveCfg = RelWithDebInfo|Win32
		{F556FAFD-92FB-3CB6-9EB4-08F7FFD8E587}.RelWithDebInfo|Win32.Build.0 = RelWithDebInfo|Win32
		{4BD7DDA3-99D2-3083-84D8-44D91457427C}.Debug|Win32.ActiveCfg = Debug|Win32
		{4BD7DDA3-99D2-3083-84D8-44D91457427C}.Debug|Win32.Build.0 = Debug|Win32
		{4BD7DDA3-99D2-3083-84D8-44D91457427C}.Release|Win32.ActiveCfg = Release|Win32
		{4BD7DDA3-99D2-3083-84D8-44D91457427C}.Release|Win32.Build.0 = Release|Win32
		{4BD7DDA3-99D2-3083-84D8-44D91457427C}.MinSizeRel|Win32.ActiveCfg = MinSizeRel|Win32
		{4BD7DDA3-99D2-3083-84D8-44D91457427C}.MinSizeRel|Win32.Build.0 = MinSizeRel|Win32
		{4BD7DDA3-99D2-3083-84D8-44D91457427C}.RelWithDebInfo|Win32.ActiveCfg = RelWithDebInfo|Win32
		{4BD7DDA3-99D2-3083-84D8-44D91457427C}.RelWithDebInfo|Win32.Build.0 = RelWithDebInfo|Win32
		{53D4A424-147C-334A-B9F5-E2E4F04E8923}.Debug|Win32.ActiveCfg = Debug|Win32
		{53D4A424-147C-334A-B9F5-E2E4F04E8923}.Release|Win32.ActiveCfg = Release|Win32
		{53D4A424-147C-334A-B9F5-E2E4F04E8923}.MinSizeRel|Win32.ActiveCfg = MinSizeRel|Win32
		{53D4A424-147C-334A-B9F5-E2E4F04E8923}.RelWithDebInfo|Win32.ActiveCfg = RelWithDebInfo|Win32
		{4596216B-603D-3D59-AD4A-1B0783D1A920}.Debug|Win32.ActiveCfg = Debug|Win32
		{4596216B-603D-3D59-AD4A-1B0783D1A920}.Release|Win32.ActiveCfg = Release|Win32
		{4596216B-603D-3D59-AD4A-1B0783D1A920}.MinSizeRel|Win32.ActiveCfg = MinSizeRel|Win32
		{4596216B-603D-3D59-AD4A-1B0783D1A920}.RelWithDebInfo|Win32.ActiveCfg = RelWithDebInfo|Win32
		{B529C458-236B-3B99-B5F8-F2D7A45A30FD}.Debug|Win32.ActiveCfg = Debug|Win32
		{B529C458-236B-3B99-B5F8-F2D7A45A30FD}.Release|Win32.ActiveCfg = Release|Win32
		{B529C458-236B-3B99-B5F8-F2D7A45A30FD}.MinSizeRel|Win32.ActiveCfg = MinSizeRel|Win32
		{B529C458-236B-3B99-B5F8-F2D7A45A30FD}.RelWithDebInfo|Win32.ActiveCfg = RelWithDebInfo|Win32
		{4335C78D-8143-3F9A-A07A-83862547269C}.Debug|Win32.ActiveCfg = Debug|Win32
		{4335C78D-8143-3F9A-A07A-83862547269C}.Release|Win32.ActiveCfg = Release|Win32
		{4335C78D-8143-3F9A-A07A-83862547269C}.MinSizeRel|Win32.ActiveCfg = MinSizeRel|Win32
		{4335C78D-8143-3F9A-A07A-83862547269C}.RelWithDebInfo|Win32.ActiveCfg = RelWithDebInfo|Win32
		{99CE8EF1-1989-365E-9BAA-6AD0F4A8BC2B}.Debug|Win32.ActiveCfg = Debug|Win32
		{99CE8EF1-1989-365E-9BAA-6AD0F4A8BC2B}.Debug|Win32.Build.0 = Debug|Win32
		{99CE8EF1-1989-365E-9BAA-6AD0F4A8BC2B}.Release|Win32.ActiveCfg = Release|Win32
		{99CE8EF1-1989-365E-9BAA-6AD0F4A8BC2B}.Release|Win32.Build.0 = Release|Win32
		{99CE8EF1-1989-365E-9BAA-6AD0F4A8BC2B}.MinSizeRel|Win32.ActiveCfg = MinSizeRel|Win32
		{99CE8EF1-1989-365E-9BAA-6AD0F4A8BC2B}.MinSizeRel|Win32.Build.0 = MinSizeRel|Win32
		{99CE8EF1-1989-365E-9BAA-6AD0F4A8BC2B}.RelWithDebInfo|Win32.ActiveCfg = RelWithDebInfo|Win32
		{99CE8EF1-1989-365E-9BAA-6AD0F4A8BC2B}.RelWithDebInfo|Win32.Build.0 = RelWithDebInfo|Win32
		{588CDE8E-5162-3FF2-BC0A-6E7F9DDBD77E}.Debug|Win32.ActiveCfg = Debug|Win32
		{588CDE8E-5162-3FF2-BC0A-6E7F9DDBD77E}.Debug|Win32.Build.0 = Debug|Win32
		{588CDE8E-5162-3FF2-BC0A-6E7F9DDBD77E}.Release|Win32.ActiveCfg = Release|Win32
		{588CDE8E-5162-3FF2-BC0A-6E7F9DDBD77E}.Release|Win32.Build.0 = Release|Win32
		{588CDE8E-5162-3FF2-BC0A-6E7F9DDBD77E}.MinSizeRel|Win32.ActiveCfg = MinSizeRel|Win32
		{588CDE8E-5162-3FF2-BC0A-6E7F9DDBD77E}.MinSizeRel|Win32.Build.0 = MinSizeRel|Win32
		{588CDE8E-5162-3FF2-BC0A-6E7F9DDBD77E}.RelWithDebInfo|Win32.ActiveCfg = RelWithDebInfo|Win32
		{588CDE8E-5162-3FF2-BC0A-6E7F9DDBD77E}.RelWithDebInfo|Win32.Build.0 = RelWithDebInfo|Win32
		{CB11922D-FED4-3C20-AAB9-6E38440AD7CE}.Debug|Win32.ActiveCfg = Debug|Win32
		{CB11922D-FED4-3C20-AAB9-6E38440AD7CE}.Release|Win32.ActiveCfg = Release|Win32
		{CB11922D-FED4-3C20-AAB9-6E38440AD7CE}.MinSizeRel|Win32.ActiveCfg = MinSizeRel|Win32
		{CB11922D-FED4-3C20-AAB9-6E38440AD7CE}.RelWithDebInfo|Win32.ActiveCfg = RelWithDebInfo|Win32
		{D24D208F-3F86-37C5-9846-D2AC53CC6E07}.Debug|Win32.ActiveCfg = Debug|Win32
		{D24D208F-3F86-37C5-9846-D2AC53CC6E07}.Debug|Win32.Build.0 = Debug|Win32
		{D24D208F-3F86-37C5-9846-D2AC53CC6E07}.Release|Win32.ActiveCfg = Release|Win32
		{D24D208F-3F86-37C5-9846-D2AC53CC6E07}.Release|Win32.Build.0 = Release|Win32
		{D24D208F-3F86-37C5-9846-D2AC53CC6E07}.MinSizeRel|Win32.ActiveCfg = MinSizeRel|Win32
		{D24D208F-3F86-37C5-9846-D2AC53CC6E07}.MinSizeRel|Win32.Build.0 = MinSizeRel|Win32
		{D24D208F-3F86-37C5-9846-D2AC53CC6E07}.RelWithDebInfo|Win32.ActiveCfg = RelWithDebInfo|Win32
		{D24D208F-3F86-37C5-9846-D2AC53CC6E07}.RelWithDebInfo|Win32.Build.0 = RelWithDebInfo|Win32
		{EEE1A883-476E-3E47-9BCF-485F9F6DFE11}.Debug|Win32.ActiveCfg = Debug|Win32
		{EEE1A883-476E-3E47-9BCF-485F9F6DFE11}.Debug|Win32.Build.0 = Debug|Win32
		{EEE1A883-476E-3E47-9BCF-485F9F6DFE11}.Release|Win32.ActiveCfg = Release|Win32
		{EEE1A883-476E-3E47-9BCF-485F9F6DFE11}.Release|Win32.Build.0 = Release|Win32
		{EEE1A883-476E-3E47-9BCF-485F9F6DFE11}.MinSizeRel|Win32.ActiveCfg = MinSizeRel|Win32
		{EEE1A883-476E-3E47-9BCF-485F9F6DFE11}.MinSizeRel|Win32.Build.0 = MinSizeRel|Win32
		{EEE1A883-476E-3E47-9BCF-485F9F6DFE11}.RelWithDebInfo|Win32.ActiveCfg = RelWithDebInfo|Win32
		{EEE1A883-476E-3E47-9BCF-485F9F6DFE11}.RelWithDebInfo|Win32.Build.0 = RelWithDebInfo|Win32
		{E345A969-DA2C-35D6-B278-5477B64A5BEE}.Debug|Win32.ActiveCfg = Debug|Win32
		{E345A969-DA2C-35D6-B278-5477B64A5BEE}.Debug|Win32.Build.0 = Debug|Win32
		{E345A969-DA2C-35D6-B278-5477B64A5BEE}.Release|Win32.ActiveCfg = Release|Win32
		{E345A969-DA2C-35D6-B278-5477B64A5BEE}.Release|Win32.Build.0 = Release|Win32
		{E345A969-DA2C-35D6-B278-5477B64A5BEE}.MinSizeRel|Win32.ActiveCfg = MinSizeRel|Win32
		{E345A969-DA2C-35D6-B278-5477B64A5BEE}.MinSizeRel|Win32.Build.0 = MinSizeRel|Win32
		{E345A969-DA2C-35D6-B278-5477B64A5BEE}.RelWithDebInfo|Win32.ActiveCfg = RelWithDebInfo|Win32
		{E345A969-DA2C-35D6-B278-5477B64A5BEE}.RelWithDebInfo|Win32.Build.0 = RelWithDebInfo|Win32
		{C46352F5-B642-3B77-ACAD-F2289C834200}.Debug|Win32.ActiveCfg = Debug|Win32
		{C46352F5-B642-3B77-ACAD-F2289C834200}.Debug|Win32.Build.0 = Debug|Win32
		{C46352F5-B642-3B77-ACAD-F2289C834200}.Release|Win32.ActiveCfg = Release|Win32
		{C46352F5-B642-3B77-ACAD-F2289C834200}.Release|Win32.Build.0 = Release|Win32
		{C46352F5-B642-3B77-ACAD-F2289C834200}.MinSizeRel|Win32.ActiveCfg = MinSizeRel|Win32
		{C46352F5-B642-3B77-ACAD-F2289C834200}.MinSizeRel|Win32.Build.0 = MinSizeRel|Win32
		{C46352F5-B642-3B77-ACAD-F2289C834200}.RelWithDebInfo|Win32.ActiveCfg = RelWithDebInfo|Win32
		{C46352F5-B642-3B77-ACAD-F2289C834200}.RelWithDebInfo|Win32.Build.0 = RelWithDebInfo|Win32
		{3338AF03-F8B1-3566-B324-881136D0DF52}.Debug|Win32.ActiveCfg = Debug|Win32
		{3338AF03-F8B1-3566-B324-881136D0DF52}.Debug|Win32.Build.0 = Debug|Win32
		{3338AF03-F8B1-3566-B324-881136D0DF52}.Release|Win32.ActiveCfg = Release|Win32
		{3338AF03-F8B1-3566-B324-881136D0DF52}.Release|Win32.Build.0 = Release|Win32
		{3338AF03-F8B1-3566-B324-881136D0DF52}.MinSizeRel|Win32.ActiveCfg = MinSizeRel|Win32
		{3338AF03-F8B1-3566-B324-881136D0DF52}.MinSizeRel|Win32.Build.0 = MinSizeRel|Win32
		{3338AF03-F8B1-3566-B324-881136D0DF52}.RelWithDebInfo|Win32.ActiveCfg = RelWithDebInfo|Win32
		{3338AF03-F8B1-3566-B324-881136D0DF52}.RelWithDebInfo|Win32.Build.0 = RelWithDebInfo|Win32
		{044522ED-FFBC-3CC4-9939-20A5E4D42549}.Debug|Win32.ActiveCfg = Debug|Win32
		{044522ED-FFBC-3CC4-9939-20A5E4D42549}.Debug|Win32.Build.0 = Debug|Win32
		{044522ED-FFBC-3CC4-9939-20A5E4D42549}.Release|Win32.ActiveCfg = Release|Win32
		{044522ED-FFBC-3CC4-9939-20A5E4D42549}.Release|Win32.Build.0 = Release|Win32
		{044522ED-FFBC-3CC4-9939-20A5E4D42549}.MinSizeRel|Win32.ActiveCfg = MinSizeRel|Win32
		{044522ED-FFBC-3CC4-9939-20A5E4D42549}.MinSizeRel|Win32.Build.0 = MinSizeRel|Win32
		{044522ED-FFBC-3CC4-9939-20A5E4D42549}.RelWithDebInfo|Win32.ActiveCfg = RelWithDebInfo|Win32
		{044522ED-FFBC-3CC4-9939-20A5E4D42549}.RelWithDebInfo|Win32.Build.0 = RelWithDebInfo|Win32
		{71A53457-39A5-31A6-ACFA-D8DC8BBC7FF1}.Debug|Win32.ActiveCfg = Debug|Win32
		{71A53457-39A5-31A6-ACFA-D8DC8BBC7FF1}.Debug|Win32.Build.0 = Debug|Win32
		{71A53457-39A5-31A6-ACFA-D8DC8BBC7FF1}.Release|Win32.ActiveCfg = Release|Win32
		{71A53457-39A5-31A6-ACFA-D8DC8BBC7FF1}.Release|Win32.Build.0 = Release|Win32
		{71A53457-39A5-31A6-ACFA-D8DC8BBC7FF1}.MinSizeRel|Win32.ActiveCfg = MinSizeRel|Win32
		{71A53457-39A5-31A6-ACFA-D8DC8BBC7FF1}.MinSizeRel|Win32.Build.0 = MinSizeRel|Win32
		{71A53457-39A5-31A6-ACFA-D8DC8BBC7FF1}.RelWithDebInfo|Win32.ActiveCfg = RelWithDebInfo|Win32
		{71A53457-39A5-31A6-ACFA-D8DC8BBC7FF1}.RelWithDebInfo|Win32.Build.0 = RelWithDebInfo|Win32
		{344BFB56-E130-3943-8713-CECFCBD877BA}.Debug|Win32.ActiveCfg = Debug|Win32
		{344BFB56-E130-3943-8713-CECFCBD877BA}.Debug|Win32.Build.0 = Debug|Win32
		{344BFB56-E130-3943-8713-CECFCBD877BA}.Release|Win32.ActiveCfg = Release|Win32
		{344BFB56-E130-3943-8713-CECFCBD877BA}.Release|Win32.Build.0 = Release|Win32
		{344BFB56-E130-3943-8713-CECFCBD877BA}.MinSizeRel|Win32.ActiveCfg = MinSizeRel|Win32
		{344BFB56-E130-3943-8713-CECFCBD877BA}.MinSizeRel|Win32.Build.0 = MinSizeRel|Win32
		{344BFB56-E130-3943-8713-CECFCBD877BA}.RelWithDebInfo|Win32.ActiveCfg = RelWithDebInfo|Win32
		{344BFB56-E130-3943-8713-CECFCBD877BA}.RelWithDebInfo|Win32.Build.0 = RelWithDebInfo|Win32
		{D3B350F1-A14D-3CFC-A01B-78A733C63CA0}.Debug|Win32.ActiveCfg = Debug|Win32
		{D3B350F1-A14D-3CFC-A01B-78A733C63CA0}.Debug|Win32.Build.0 = Debug|Win32
		{D3B350F1-A14D-3CFC-A01B-78A733C63CA0}.Release|Win32.ActiveCfg = Release|Win32
		{D3B350F1-A14D-3CFC-A01B-78A733C63CA0}.Release|Win32.Build.0 = Release|Win32
		{D3B350F1-A14D-3CFC-A01B-78A733C63CA0}.MinSizeRel|Win32.ActiveCfg = MinSizeRel|Win32
		{D3B350F1-A14D-3CFC-A01B-78A733C63CA0}.MinSizeRel|Win32.Build.0 = MinSizeRel|Win32
		{D3B350F1-A14D-3CFC-A01B-78A733C63CA0}.RelWithDebInfo|Win32.ActiveCfg = RelWithDebInfo|Win32
		{D3B350F1-A14D-3CFC-A01B-78A733C63CA0}.RelWithDebInfo|Win32.Build.0 = RelWithDebInfo|Win32
		{B308D199-A808-3B4F-99F0-348E332F4263}.Debug|Win32.ActiveCfg = Debug|Win32
		{B308D199-A808-3B4F-99F0-348E332F4263}.Debug|Win32.Build.0 = Debug|Win32
		{B308D199-A808-3B4F-99F0-348E332F4263}.Release|Win32.ActiveCfg = Release|Win32
		{B308D199-A808-3B4F-99F0-348E332F4263}.Release|Win32.Build.0 = Release|Win32
		{B308D199-A808-3B4F-99F0-348E332F4263}.MinSizeRel|Win32.ActiveCfg = MinSizeRel|Win32
		{B308D199-A808-3B4F-99F0-348E332F4263}.MinSizeRel|Win32.Build.0 = MinSizeRel|Win32
		{B308D199-A808-3B4F-99F0-348E332F4263}.RelWithDebInfo|Win32.ActiveCfg = RelWithDebInfo|Win32
		{B308D199-A808-3B4F-99F0-348E332F4263}.RelWithDebInfo|Win32.Build.0 = RelWithDebInfo|Win32
		{BC2151F2-68CD-3885-9D34-8D08F9A1A835}.Debug|Win32.ActiveCfg = Debug|Win32
		{BC2151F2-68CD-3885-9D34-8D08F9A1A835}.Debug|Win32.Build.0 = Debug|Win32
		{BC2151F2-68CD-3885-9D34-8D08F9A1A835}.Release|Win32.ActiveCfg = Release|Win32
		{BC2151F2-68CD-3885-9D34-8D08F9A1A835}.Release|Win32.Build.0 = Release|Win32
		{BC2151F2-68CD-3885-9D34-8D08F9A1A835}.MinSizeRel|Win32.ActiveCfg = MinSizeRel|Win32
		{BC2151F2-68CD-3885-9D34-8D08F9A1A835}.MinSizeRel|Win32.Build.0 = MinSizeRel|Win32
		{BC2151F2-68CD-3885-9D34-8D08F9A1A835}.RelWithDebInfo|Win32.ActiveCfg = RelWithDebInfo|Win32
		{BC2151F2-68CD-3885-9D34-8D08F9A1A835}.RelWithDebInfo|Win32.Build.0 = RelWithDebInfo|Win32
		{0F92912C-B9B2-3FF5-9ACC-CB9C18DB936A}.Debug|Win32.ActiveCfg = Debug|Win32
		{0F92912C-B9B2-3FF5-9ACC-CB9C18DB936A}.Debug|Win32.Build.0 = Debug|Win32
		{0F92912C-B9B2-3FF5-9ACC-CB9C18DB936A}.Release|Win32.ActiveCfg = Release|Win32
		{0F92912C-B9B2-3FF5-9ACC-CB9C18DB936A}.Release|Win32.Build.0 = Release|Win32
		{0F92912C-B9B2-3FF5-9ACC-CB9C18DB936A}.MinSizeRel|Win32.ActiveCfg = MinSizeRel|Win32
		{0F92912C-B9B2-3FF5-9ACC-CB9C18DB936A}.MinSizeRel|Win32.Build.0 = MinSizeRel|Win32
		{0F92912C-B9B2-3FF5-9ACC-CB9C18DB936A}.RelWithDebInfo|Win32.ActiveCfg = RelWithDebInfo|Win32
		{0F92912C-B9B2-3FF5-9ACC-CB9C18DB936A}.RelWithDebInfo|Win32.Build.0 = RelWithDebInfo|Win32
		{E1FB8AB6-2096-3BCB-99CE-67F9E6A6983A}.Debug|Win32.ActiveCfg = Debug|Win32
		{E1FB8AB6-2096-3BCB-99CE-67F9E6A6983A}.Debug|Win32.Build.0 = Debug|Win32
		{E1FB8AB6-2096-3BCB-99CE-67F9E6A6983A}.Release|Win32.ActiveCfg = Release|Win32
		{E1FB8AB6-2096-3BCB-99CE-67F9E6A6983A}.Release|Win32.Build.0 = Release|Win32
		{E1FB8AB6-2096-3BCB-99CE-67F9E6A6983A}.MinSizeRel|Win32.ActiveCfg = MinSizeRel|Win32
		{E1FB8AB6-2096-3BCB-99CE-67F9E6A6983A}.MinSizeRel|Win32.Build.0 = MinSizeRel|Win32
		{E1FB8AB6-2096-3BCB-99CE-67F9E6A6983A}.RelWithDebInfo|Win32.ActiveCfg = RelWithDebInfo|Win32
		{E1FB8AB6-2096-3BCB-99CE-67F9E6A6983A}.RelWithDebInfo|Win32.Build.0 = RelWithDebInfo|Win32
		{2327528F-71F6-31EB-8D5A-1F946865F917}.Debug|Win32.ActiveCfg = Debug|Win32
		{2327528F-71F6-31EB-8D5A-1F946865F917}.Debug|Win32.Build.0 = Debug|Win32
		{2327528F-71F6-31EB-8D5A-1F946865F917}.Release|Win32.ActiveCfg = Release|Win32
		{2327528F-71F6-31EB-8D5A-1F946865F917}.Release|Win32.Build.0 = Release|Win32
		{2327528F-71F6-31EB-8D5A-1F946865F917}.MinSizeRel|Win32.ActiveCfg = MinSizeRel|Win32
		{2327528F-71F6-31EB-8D5A-1F946865F917}.MinSizeRel|Win32.Build.0 = MinSizeRel|Win32
		{2327528F-71F6-31EB-8D5A-1F946865F917}.RelWithDebInfo|Win32.ActiveCfg = RelWithDebInfo|Win32
		{2327528F-71F6-31EB-8D5A-1F946865F917}.RelWithDebInfo|Win32.Build.0 = RelWithDebInfo|Win32
		{01BD771C-6819-3820-A646-4B18B44DF7F6}.Debug|Win32.ActiveCfg = Debug|Win32
		{01BD771C-6819-3820-A646-4B18B44DF7F6}.Debug|Win32.Build.0 = Debug|Win32
		{01BD771C-6819-3820-A646-4B18B44DF7F6}.Release|Win32.ActiveCfg = Release|Win32
		{01BD771C-6819-3820-A646-4B18B44DF7F6}.Release|Win32.Build.0 = Release|Win32
		{01BD771C-6819-3820-A646-4B18B44DF7F6}.MinSizeRel|Win32.ActiveCfg = MinSizeRel|Win32
		{01BD771C-6819-3820-A646-4B18B44DF7F6}.MinSizeRel|Win32.Build.0 = MinSizeRel|Win32
		{01BD771C-6819-3820-A646-4B18B44DF7F6}.RelWithDebInfo|Win32.ActiveCfg = RelWithDebInfo|Win32
		{01BD771C-6819-3820-A646-4B18B44DF7F6}.RelWithDebInfo|Win32.Build.0 = RelWithDebInfo|Win32
		{526CD0C2-FBAD-30EB-B8E0-BC65644D4CFA}.Debug|Win32.ActiveCfg = Debug|Win32
		{526CD0C2-FBAD-30EB-B8E0-BC65644D4CFA}.Debug|Win32.Build.0 = Debug|Win32
		{526CD0C2-FBAD-30EB-B8E0-BC65644D4CFA}.Release|Win32.ActiveCfg = Release|Win32
		{526CD0C2-FBAD-30EB-B8E0-BC65644D4CFA}.Release|Win32.Build.0 = Release|Win32
		{526CD0C2-FBAD-30EB-B8E0-BC65644D4CFA}.MinSizeRel|Win32.ActiveCfg = MinSizeRel|Win32
		{526CD0C2-FBAD-30EB-B8E0-BC65644D4CFA}.MinSizeRel|Win32.Build.0 = MinSizeRel|Win32
		{526CD0C2-FBAD-30EB-B8E0-BC65644D4CFA}.RelWithDebInfo|Win32.ActiveCfg = RelWithDebInfo|Win32
		{526CD0C2-FBAD-30EB-B8E0-BC65644D4CFA}.RelWithDebInfo|Win32.Build.0 = RelWithDebInfo|Win32
		{078BD6D3-8419-39E5-8700-A00E77614279}.Debug|Win32.ActiveCfg = Debug|Win32
		{078BD6D3-8419-39E5-8700-A00E77614279}.Debug|Win32.Build.0 = Debug|Win32
		{078BD6D3-8419-39E5-8700-A00E77614279}.Release|Win32.ActiveCfg = Release|Win32
		{078BD6D3-8419-39E5-8700-A00E77614279}.Release|Win32.Build.0 = Release|Win32
		{078BD6D3-8419-39E5-8700-A00E77614279}.MinSizeRel|Win32.ActiveCfg = MinSizeRel|Win32
		{078BD6D3-8419-39E5-8700-A00E77614279}.MinSizeRel|Win32.Build.0 = MinSizeRel|Win32
		{078BD6D3-8419-39E5-8700-A00E77614279}.RelWithDebInfo|Win32.ActiveCfg = RelWithDebInfo|Win32
		{078BD6D3-8419-39E5-8700-A00E77614279}.RelWithDebInfo|Win32.Build.0 = RelWithDebInfo|Win32
		{15A852D4-689E-3FEE-9A98-CAF7ECBB3E71}.Debug|Win32.ActiveCfg = Debug|Win32
		{15A852D4-689E-3FEE-9A98-CAF7ECBB3E71}.Debug|Win32.Build.0 = Debug|Win32
		{15A852D4-689E-3FEE-9A98-CAF7ECBB3E71}.Release|Win32.ActiveCfg = Release|Win32
		{15A852D4-689E-3FEE-9A98-CAF7ECBB3E71}.Release|Win32.Build.0 = Release|Win32
		{15A852D4-689E-3FEE-9A98-CAF7ECBB3E71}.MinSizeRel|Win32.ActiveCfg = MinSizeRel|Win32
		{15A852D4-689E-3FEE-9A98-CAF7ECBB3E71}.MinSizeRel|Win32.Build.0 = MinSizeRel|Win32
		{15A852D4-689E-3FEE-9A98-CAF7ECBB3E71}.RelWithDebInfo|Win32.ActiveCfg = RelWithDebInfo|Win32
		{15A852D4-689E-3FEE-9A98-CAF7ECBB3E71}.RelWithDebInfo|Win32.Build.0 = RelWithDebInfo|Win32
		{AD0F3927-53BC-371F-9FFB-9676E1D213FC}.Debug|Win32.ActiveCfg = Debug|Win32
		{AD0F3927-53BC-371F-9FFB-9676E1D213FC}.Debug|Win32.Build.0 = Debug|Win32
		{AD0F3927-53BC-371F-9FFB-9676E1D213FC}.Release|Win32.ActiveCfg = Release|Win32
		{AD0F3927-53BC-371F-9FFB-9676E1D213FC}.Release|Win32.Build.0 = Release|Win32
		{AD0F3927-53BC-371F-9FFB-9676E1D213FC}.MinSizeRel|Win32.ActiveCfg = MinSizeRel|Win32
		{AD0F3927-53BC-371F-9FFB-9676E1D213FC}.MinSizeRel|Win32.Build.0 = MinSizeRel|Win32
		{AD0F3927-53BC-371F-9FFB-9676E1D213FC}.RelWithDebInfo|Win32.ActiveCfg = RelWithDebInfo|Win32
		{AD0F3927-53BC-371F-9FFB-9676E1D213FC}.RelWithDebInfo|Win32.Build.0 = RelWithDebInfo|Win32
		{488E16E1-A235-332A-9714-C27CCC56D414}.Debug|Win32.ActiveCfg = Debug|Win32
		{488E16E1-A235-332A-9714-C27CCC56D414}.Debug|Win32.Build.0 = Debug|Win32
		{488E16E1-A235-332A-9714-C27CCC56D414}.Release|Win32.ActiveCfg = Release|Win32
		{488E16E1-A235-332A-9714-C27CCC56D414}.Release|Win32.Build.0 = Release|Win32
		{488E16E1-A235-332A-9714-C27CCC56D414}.MinSizeRel|Win32.ActiveCfg = MinSizeRel|Win32
		{488E16E1-A235-332A-9714-C27CCC56D414}.MinSizeRel|Win32.Build.0 = MinSizeRel|Win32
		{488E16E1-A235-332A-9714-C27CCC56D414}.RelWithDebInfo|Win32.ActiveCfg = RelWithDebInfo|Win32
		{488E16E1-A235-332A-9714-C27CCC56D414}.RelWithDebInfo|Win32.Build.0 = RelWithDebInfo|Win32
		{305B5463-044F-329E-AE9E-E993EF95B332}.Debug|Win32.ActiveCfg = Debug|Win32
		{305B5463-044F-329E-AE9E-E993EF95B332}.Debug|Win32.Build.0 = Debug|Win32
		{305B5463-044F-329E-AE9E-E993EF95B332}.Release|Win32.ActiveCfg = Release|Win32
		{305B5463-044F-329E-AE9E-E993EF95B332}.Release|Win32.Build.0 = Release|Win32
		{305B5463-044F-329E-AE9E-E993EF95B332}.MinSizeRel|Win32.ActiveCfg = MinSizeRel|Win32
		{305B5463-044F-329E-AE9E-E993EF95B332}.MinSizeRel|Win32.Build.0 = MinSizeRel|Win32
		{305B5463-044F-329E-AE9E-E993EF95B332}.RelWithDebInfo|Win32.ActiveCfg = RelWithDebInfo|Win32
		{305B5463-044F-329E-AE9E-E993EF95B332}.RelWithDebInfo|Win32.Build.0 = RelWithDebInfo|Win32
		{410EA96F-D231-320C-84A8-62E24C05939A}.Debug|Win32.ActiveCfg = Debug|Win32
		{410EA96F-D231-320C-84A8-62E24C05939A}.Debug|Win32.Build.0 = Debug|Win32
		{410EA96F-D231-320C-84A8-62E24C05939A}.Release|Win32.ActiveCfg = Release|Win32
		{410EA96F-D231-320C-84A8-62E24C05939A}.Release|Win32.Build.0 = Release|Win32
		{410EA96F-D231-320C-84A8-62E24C05939A}.MinSizeRel|Win32.ActiveCfg = MinSizeRel|Win32
		{410EA96F-D231-320C-84A8-62E24C05939A}.MinSizeRel|Win32.Build.0 = MinSizeRel|Win32
		{410EA96F-D231-320C-84A8-62E24C05939A}.RelWithDebInfo|Win32.ActiveCfg = RelWithDebInfo|Win32
		{410EA96F-D231-320C-84A8-62E24C05939A}.RelWithDebInfo|Win32.Build.0 = RelWithDebInfo|Win32
		{537B97B4-7727-38D3-8552-31BC406EAF63}.Debug|Win32.ActiveCfg = Debug|Win32
		{537B97B4-7727-38D3-8552-31BC406EAF63}.Debug|Win32.Build.0 = Debug|Win32
		{537B97B4-7727-38D3-8552-31BC406EAF63}.Release|Win32.ActiveCfg = Release|Win32
		{537B97B4-7727-38D3-8552-31BC406EAF63}.Release|Win32.Build.0 = Release|Win32
		{537B97B4-7727-38D3-8552-31BC406EAF63}.MinSizeRel|Win32.ActiveCfg = MinSizeRel|Win32
		{537B97B4-7727-38D3-8552-31BC406EAF63}.MinSizeRel|Win32.Build.0 = MinSizeRel|Win32
		{537B97B4-7727-38D3-8552-31BC406EAF63}.RelWithDebInfo|Win32.ActiveCfg = RelWithDebInfo|Win32
		{537B97B4-7727-38D3-8552-31BC406EAF63}.RelWithDebInfo|Win32.Build.0 = RelWithDebInfo|Win32
		{16567A88-3B7F-355E-8645-F40CF5AB91C1}.Debug|Win32.ActiveCfg = Debug|Win32
		{16567A88-3B7F-355E-8645-F40CF5AB91C1}.Debug|Win32.Build.0 = Debug|Win32
		{16567A88-3B7F-355E-8645-F40CF5AB91C1}.Release|Win32.ActiveCfg = Release|Win32
		{16567A88-3B7F-355E-8645-F40CF5AB91C1}.Release|Win32.Build.0 = Release|Win32
		{16567A88-3B7F-355E-8645-F40CF5AB91C1}.MinSizeRel|Win32.ActiveCfg = MinSizeRel|Win32
		{16567A88-3B7F-355E-8645-F40CF5AB91C1}.MinSizeRel|Win32.Build.0 = MinSizeRel|Win32
		{16567A88-3B7F-355E-8645-F40CF5AB91C1}.RelWithDebInfo|Win32.ActiveCfg = RelWithDebInfo|Win32
		{16567A88-3B7F-355E-8645-F40CF5AB91C1}.RelWithDebInfo|Win32.Build.0 = RelWithDebInfo|Win32
		{8562F50A-6B05-3558-B986-167FEA2E5D92}.Debug|Win32.ActiveCfg = Debug|Win32
		{8562F50A-6B05-3558-B986-167FEA2E5D92}.Debug|Win32.Build.0 = Debug|Win32
		{8562F50A-6B05-3558-B986-167FEA2E5D92}.Release|Win32.ActiveCfg = Release|Win32
		{8562F50A-6B05-3558-B986-167FEA2E5D92}.Release|Win32.Build.0 = Release|Win32
		{8562F50A-6B05-3558-B986-167FEA2E5D92}.MinSizeRel|Win32.ActiveCfg = MinSizeRel|Win32
		{8562F50A-6B05-3558-B986-167FEA2E5D92}.MinSizeRel|Win32.Build.0 = MinSizeRel|Win32
		{8562F50A-6B05-3558-B986-167FEA2E5D92}.RelWithDebInfo|Win32.ActiveCfg = RelWithDebInfo|Win32
		{8562F50A-6B05-3558-B986-167FEA2E5D92}.RelWithDebInfo|Win32.Build.0 = RelWithDebInfo|Win32
		{38830273-04FF-31F6-8BDC-0B7BCB807A4C}.Debug|Win32.ActiveCfg = Debug|Win32
		{38830273-04FF-31F6-8BDC-0B7BCB807A4C}.Debug|Win32.Build.0 = Debug|Win32
		{38830273-04FF-31F6-8BDC-0B7BCB807A4C}.Release|Win32.ActiveCfg = Release|Win32
		{38830273-04FF-31F6-8BDC-0B7BCB807A4C}.Release|Win32.Build.0 = Release|Win32
		{38830273-04FF-31F6-8BDC-0B7BCB807A4C}.MinSizeRel|Win32.ActiveCfg = MinSizeRel|Win32
		{38830273-04FF-31F6-8BDC-0B7BCB807A4C}.MinSizeRel|Win32.Build.0 = MinSizeRel|Win32
		{38830273-04FF-31F6-8BDC-0B7BCB807A4C}.RelWithDebInfo|Win32.ActiveCfg = RelWithDebInfo|Win32
		{38830273-04FF-31F6-8BDC-0B7BCB807A4C}.RelWithDebInfo|Win32.Build.0 = RelWithDebInfo|Win32
		{204FE9F9-D8C2-36B6-AB4F-10DE652430C1}.Debug|Win32.ActiveCfg = Debug|Win32
		{204FE9F9-D8C2-36B6-AB4F-10DE652430C1}.Debug|Win32.Build.0 = Debug|Win32
		{204FE9F9-D8C2-36B6-AB4F-10DE652430C1}.Release|Win32.ActiveCfg = Release|Win32
		{204FE9F9-D8C2-36B6-AB4F-10DE652430C1}.Release|Win32.Build.0 = Release|Win32
		{204FE9F9-D8C2-36B6-AB4F-10DE652430C1}.MinSizeRel|Win32.ActiveCfg = MinSizeRel|Win32
		{204FE9F9-D8C2-36B6-AB4F-10DE652430C1}.MinSizeRel|Win32.Build.0 = MinSizeRel|Win32
		{204FE9F9-D8C2-36B6-AB4F-10DE652430C1}.RelWithDebInfo|Win32.ActiveCfg = RelWithDebInfo|Win32
		{204FE9F9-D8C2-36B6-AB4F-10DE652430C1}.RelWithDebInfo|Win32.Build.0 = RelWithDebInfo|Win32
		{F6EE1D43-E363-3140-9D3B-C55752B377A9}.Debug|Win32.ActiveCfg = Debug|Win32
		{F6EE1D43-E363-3140-9D3B-C55752B377A9}.Debug|Win32.Build.0 = Debug|Win32
		{F6EE1D43-E363-3140-9D3B-C55752B377A9}.Release|Win32.ActiveCfg = Release|Win32
		{F6EE1D43-E363-3140-9D3B-C55752B377A9}.Release|Win32.Build.0 = Release|Win32
		{F6EE1D43-E363-3140-9D3B-C55752B377A9}.MinSizeRel|Win32.ActiveCfg = MinSizeRel|Win32
		{F6EE1D43-E363-3140-9D3B-C55752B377A9}.MinSizeRel|Win32.Build.0 = MinSizeRel|Win32
		{F6EE1D43-E363-3140-9D3B-C55752B377A9}.RelWithDebInfo|Win32.ActiveCfg = RelWithDebInfo|Win32
		{F6EE1D43-E363-3140-9D3B-C55752B377A9}.RelWithDebInfo|Win32.Build.0 = RelWithDebInfo|Win32
		{6B272F02-BFFD-39D9-8E81-4ECBB5A6101F}.Debug|Win32.ActiveCfg = Debug|Win32
		{6B272F02-BFFD-39D9-8E81-4ECBB5A6101F}.Debug|Win32.Build.0 = Debug|Win32
		{6B272F02-BFFD-39D9-8E81-4ECBB5A6101F}.Release|Win32.ActiveCfg = Release|Win32
		{6B272F02-BFFD-39D9-8E81-4ECBB5A6101F}.Release|Win32.Build.0 = Release|Win32
		{6B272F02-BFFD-39D9-8E81-4ECBB5A6101F}.MinSizeRel|Win32.ActiveCfg = MinSizeRel|Win32
		{6B272F02-BFFD-39D9-8E81-4ECBB5A6101F}.MinSizeRel|Win32.Build.0 = MinSizeRel|Win32
		{6B272F02-BFFD-39D9-8E81-4ECBB5A6101F}.RelWithDebInfo|Win32.ActiveCfg = RelWithDebInfo|Win32
		{6B272F02-BFFD-39D9-8E81-4ECBB5A6101F}.RelWithDebInfo|Win32.Build.0 = RelWithDebInfo|Win32
		{645ADFC7-9C29-3C91-9C81-AD231ECAE238}.Debug|Win32.ActiveCfg = Debug|Win32
		{645ADFC7-9C29-3C91-9C81-AD231ECAE238}.Debug|Win32.Build.0 = Debug|Win32
		{645ADFC7-9C29-3C91-9C81-AD231ECAE238}.Release|Win32.ActiveCfg = Release|Win32
		{645ADFC7-9C29-3C91-9C81-AD231ECAE238}.Release|Win32.Build.0 = Release|Win32
		{645ADFC7-9C29-3C91-9C81-AD231ECAE238}.MinSizeRel|Win32.ActiveCfg = MinSizeRel|Win32
		{645ADFC7-9C29-3C91-9C81-AD231ECAE238}.MinSizeRel|Win32.Build.0 = MinSizeRel|Win32
		{645ADFC7-9C29-3C91-9C81-AD231ECAE238}.RelWithDebInfo|Win32.ActiveCfg = RelWithDebInfo|Win32
		{645ADFC7-9C29-3C91-9C81-AD231ECAE238}.RelWithDebInfo|Win32.Build.0 = RelWithDebInfo|Win32
		{6133508B-AE7D-321A-876B-82576C58DC5F}.Debug|Win32.ActiveCfg = Debug|Win32
		{6133508B-AE7D-321A-876B-82576C58DC5F}.Debug|Win32.Build.0 = Debug|Win32
		{6133508B-AE7D-321A-876B-82576C58DC5F}.Release|Win32.ActiveCfg = Release|Win32
		{6133508B-AE7D-321A-876B-82576C58DC5F}.Release|Win32.Build.0 = Release|Win32
		{6133508B-AE7D-321A-876B-82576C58DC5F}.MinSizeRel|Win32.ActiveCfg = MinSizeRel|Win32
		{6133508B-AE7D-321A-876B-82576C58DC5F}.MinSizeRel|Win32.Build.0 = MinSizeRel|Win32
		{6133508B-AE7D-321A-876B-82576C58DC5F}.RelWithDebInfo|Win32.ActiveCfg = RelWithDebInfo|Win32
		{6133508B-AE7D-321A-876B-82576C58DC5F}.RelWithDebInfo|Win32.Build.0 = RelWithDebInfo|Win32
		{5EE3FAE8-7063-358A-8502-8E4C5857DAAD}.Debug|Win32.ActiveCfg = Debug|Win32
		{5EE3FAE8-7063-358A-8502-8E4C5857DAAD}.Debug|Win32.Build.0 = Debug|Win32
		{5EE3FAE8-7063-358A-8502-8E4C5857DAAD}.Release|Win32.ActiveCfg = Release|Win32
		{5EE3FAE8-7063-358A-8502-8E4C5857DAAD}.Release|Win32.Build.0 = Release|Win32
		{5EE3FAE8-7063-358A-8502-8E4C5857DAAD}.MinSizeRel|Win32.ActiveCfg = MinSizeRel|Win32
		{5EE3FAE8-7063-358A-8502-8E4C5857DAAD}.MinSizeRel|Win32.Build.0 = MinSizeRel|Win32
		{5EE3FAE8-7063-358A-8502-8E4C5857DAAD}.RelWithDebInfo|Win32.ActiveCfg = RelWithDebInfo|Win32
		{5EE3FAE8-7063-358A-8502-8E4C5857DAAD}.RelWithDebInfo|Win32.Build.0 = RelWithDebInfo|Win32
		{C8049C1B-B631-3836-8057-94CF26B76847}.Debug|Win32.ActiveCfg = Debug|Win32
		{C8049C1B-B631-3836-8057-94CF26B76847}.Debug|Win32.Build.0 = Debug|Win32
		{C8049C1B-B631-3836-8057-94CF26B76847}.Release|Win32.ActiveCfg = Release|Win32
		{C8049C1B-B631-3836-8057-94CF26B76847}.Release|Win32.Build.0 = Release|Win32
		{C8049C1B-B631-3836-8057-94CF26B76847}.MinSizeRel|Win32.ActiveCfg = MinSizeRel|Win32
		{C8049C1B-B631-3836-8057-94CF26B76847}.MinSizeRel|Win32.Build.0 = MinSizeRel|Win32
		{C8049C1B-B631-3836-8057-94CF26B76847}.RelWithDebInfo|Win32.ActiveCfg = RelWithDebInfo|Win32
		{C8049C1B-B631-3836-8057-94CF26B76847}.RelWithDebInfo|Win32.Build.0 = RelWithDebInfo|Win32
		{02E74673-8F1C-35EC-B247-90A2E509D8C7}.Debug|Win32.ActiveCfg = Debug|Win32
		{02E74673-8F1C-35EC-B247-90A2E509D8C7}.Debug|Win32.Build.0 = Debug|Win32
		{02E74673-8F1C-35EC-B247-90A2E509D8C7}.Release|Win32.ActiveCfg = Release|Win32
		{02E74673-8F1C-35EC-B247-90A2E509D8C7}.Release|Win32.Build.0 = Release|Win32
		{02E74673-8F1C-35EC-B247-90A2E509D8C7}.MinSizeRel|Win32.ActiveCfg = MinSizeRel|Win32
		{02E74673-8F1C-35EC-B247-90A2E509D8C7}.MinSizeRel|Win32.Build.0 = MinSizeRel|Win32
		{02E74673-8F1C-35EC-B247-90A2E509D8C7}.RelWithDebInfo|Win32.ActiveCfg = RelWithDebInfo|Win32
		{02E74673-8F1C-35EC-B247-90A2E509D8C7}.RelWithDebInfo|Win32.Build.0 = RelWithDebInfo|Win32
		{E7E2EC4A-2F1F-330F-B7D1-726FB913756E}.Debug|Win32.ActiveCfg = Debug|Win32
		{E7E2EC4A-2F1F-330F-B7D1-726FB913756E}.Debug|Win32.Build.0 = Debug|Win32
		{E7E2EC4A-2F1F-330F-B7D1-726FB913756E}.Release|Win32.ActiveCfg = Release|Win32
		{E7E2EC4A-2F1F-330F-B7D1-726FB913756E}.Release|Win32.Build.0 = Release|Win32
		{E7E2EC4A-2F1F-330F-B7D1-726FB913756E}.MinSizeRel|Win32.ActiveCfg = MinSizeRel|Win32
		{E7E2EC4A-2F1F-330F-B7D1-726FB913756E}.MinSizeRel|Win32.Build.0 = MinSizeRel|Win32
		{E7E2EC4A-2F1F-330F-B7D1-726FB913756E}.RelWithDebInfo|Win32.ActiveCfg = RelWithDebInfo|Win32
		{E7E2EC4A-2F1F-330F-B7D1-726FB913756E}.RelWithDebInfo|Win32.Build.0 = RelWithDebInfo|Win32
		{E38F753A-1CB9-3B42-B0FD-4B85A74EA338}.Debug|Win32.ActiveCfg = Debug|Win32
		{E38F753A-1CB9-3B42-B0FD-4B85A74EA338}.Debug|Win32.Build.0 = Debug|Win32
		{E38F753A-1CB9-3B42-B0FD-4B85A74EA338}.Release|Win32.ActiveCfg = Release|Win32
		{E38F753A-1CB9-3B42-B0FD-4B85A74EA338}.Release|Win32.Build.0 = Release|Win32
		{E38F753A-1CB9-3B42-B0FD-4B85A74EA338}.MinSizeRel|Win32.ActiveCfg = MinSizeRel|Win32
		{E38F753A-1CB9-3B42-B0FD-4B85A74EA338}.MinSizeRel|Win32.Build.0 = MinSizeRel|Win32
		{E38F753A-1CB9-3B42-B0FD-4B85A74EA338}.RelWithDebInfo|Win32.ActiveCfg = RelWithDebInfo|Win32
		{E38F753A-1CB9-3B42-B0FD-4B85A74EA338}.RelWithDebInfo|Win32.Build.0 = RelWithDebInfo|Win32
		{90977F89-4990-333D-A5BD-065B4D13F198}.Debug|Win32.ActiveCfg = Debug|Win32
		{90977F89-4990-333D-A5BD-065B4D13F198}.Debug|Win32.Build.0 = Debug|Win32
		{90977F89-4990-333D-A5BD-065B4D13F198}.Release|Win32.ActiveCfg = Release|Win32
		{90977F89-4990-333D-A5BD-065B4D13F198}.Release|Win32.Build.0 = Release|Win32
		{90977F89-4990-333D-A5BD-065B4D13F198}.MinSizeRel|Win32.ActiveCfg = MinSizeRel|Win32
		{90977F89-4990-333D-A5BD-065B4D13F198}.MinSizeRel|Win32.Build.0 = MinSizeRel|Win32
		{90977F89-4990-333D-A5BD-065B4D13F198}.RelWithDebInfo|Win32.ActiveCfg = RelWithDebInfo|Win32
		{90977F89-4990-333D-A5BD-065B4D13F198}.RelWithDebInfo|Win32.Build.0 = RelWithDebInfo|Win32
		{6552F3A1-4084-376D-A699-FCFBB7E164A2}.Debug|Win32.ActiveCfg = Debug|Win32
		{6552F3A1-4084-376D-A699-FCFBB7E164A2}.Debug|Win32.Build.0 = Debug|Win32
		{6552F3A1-4084-376D-A699-FCFBB7E164A2}.Release|Win32.ActiveCfg = Release|Win32
		{6552F3A1-4084-376D-A699-FCFBB7E164A2}.Release|Win32.Build.0 = Release|Win32
		{6552F3A1-4084-376D-A699-FCFBB7E164A2}.MinSizeRel|Win32.ActiveCfg = MinSizeRel|Win32
		{6552F3A1-4084-376D-A699-FCFBB7E164A2}.MinSizeRel|Win32.Build.0 = MinSizeRel|Win32
		{6552F3A1-4084-376D-A699-FCFBB7E164A2}.RelWithDebInfo|Win32.ActiveCfg = RelWithDebInfo|Win32
		{6552F3A1-4084-376D-A699-FCFBB7E164A2}.RelWithDebInfo|Win32.Build.0 = RelWithDebInfo|Win32
	EndGlobalSection
	GlobalSection(NestedProjects) = preSolution
		{CDC9E029-92D6-3FCB-A146-F2B8710F525E} = {9873C48A-90D2-3170-8B0B-A0931795D76C}
		{53D4A424-147C-334A-B9F5-E2E4F04E8923} = {9873C48A-90D2-3170-8B0B-A0931795D76C}
		{732B23F1-B628-35D0-A1C0-9A02251B11AD} = {55959F2C-204B-3B54-887F-8E47E643FAC0}
		{674E7486-B2C4-3BF9-9DBE-B96078537751} = {55959F2C-204B-3B54-887F-8E47E643FAC0}
		{25AC83A3-8ED6-3340-81AC-AEB7F792F456} = {55959F2C-204B-3B54-887F-8E47E643FAC0}
		{CBF1DACF-E131-30E5-90F9-4A51A815E743} = {12E8A72A-B7F2-367D-9944-273C48B36CE3}
		{80750731-ADBA-3030-91EB-A588E91AC6A0} = {12E8A72A-B7F2-367D-9944-273C48B36CE3}
		{3D408CEC-52B4-3465-8540-63B051F006B3} = {12E8A72A-B7F2-367D-9944-273C48B36CE3}
		{206B1684-6681-3E9A-92C4-5ECA22F9E4A5} = {12E8A72A-B7F2-367D-9944-273C48B36CE3}
		{4596216B-603D-3D59-AD4A-1B0783D1A920} = {CBF1DACF-E131-30E5-90F9-4A51A815E743}
		{B529C458-236B-3B99-B5F8-F2D7A45A30FD} = {CBF1DACF-E131-30E5-90F9-4A51A815E743}
		{4335C78D-8143-3F9A-A07A-83862547269C} = {CBF1DACF-E131-30E5-90F9-4A51A815E743}
		{352AF3C2-60A3-3269-BD5E-F9194472F3F7} = {80750731-ADBA-3030-91EB-A588E91AC6A0}
		{127FA75D-5A7A-3B7E-9F34-EC20836396FB} = {80750731-ADBA-3030-91EB-A588E91AC6A0}
		{466FCD69-0C55-3D60-A71A-2D91DEE6DFA9} = {80750731-ADBA-3030-91EB-A588E91AC6A0}
		{5EA08B84-95FB-3D9E-8EC8-E1A551E98908} = {80750731-ADBA-3030-91EB-A588E91AC6A0}
		{EF3C5B4B-9FEA-3C81-A818-7E1489FDF2DB} = {80750731-ADBA-3030-91EB-A588E91AC6A0}
		{477332DF-237E-3719-8418-140D16253F57} = {80750731-ADBA-3030-91EB-A588E91AC6A0}
		{C4285D75-F8BE-31D0-A16E-550E6D8B7A66} = {80750731-ADBA-3030-91EB-A588E91AC6A0}
		{EDA19816-1235-33D4-B04E-F891613560A8} = {80750731-ADBA-3030-91EB-A588E91AC6A0}
		{FEB6C1A0-5A6D-3406-98C6-BF0382213B3B} = {80750731-ADBA-3030-91EB-A588E91AC6A0}
		{12176AAE-2DBD-31DD-BDF5-EDBB3F9F3DCA} = {80750731-ADBA-3030-91EB-A588E91AC6A0}
		{7C9E4CE4-5D60-39B9-9CBB-5249AC83741D} = {80750731-ADBA-3030-91EB-A588E91AC6A0}
		{F556FAFD-92FB-3CB6-9EB4-08F7FFD8E587} = {80750731-ADBA-3030-91EB-A588E91AC6A0}
		{4BD7DDA3-99D2-3083-84D8-44D91457427C} = {80750731-ADBA-3030-91EB-A588E91AC6A0}
		{D3B350F1-A14D-3CFC-A01B-78A733C63CA0} = {80750731-ADBA-3030-91EB-A588E91AC6A0}
		{B308D199-A808-3B4F-99F0-348E332F4263} = {80750731-ADBA-3030-91EB-A588E91AC6A0}
		{BC2151F2-68CD-3885-9D34-8D08F9A1A835} = {80750731-ADBA-3030-91EB-A588E91AC6A0}
		{0F92912C-B9B2-3FF5-9ACC-CB9C18DB936A} = {80750731-ADBA-3030-91EB-A588E91AC6A0}
		{E1FB8AB6-2096-3BCB-99CE-67F9E6A6983A} = {80750731-ADBA-3030-91EB-A588E91AC6A0}
		{2327528F-71F6-31EB-8D5A-1F946865F917} = {80750731-ADBA-3030-91EB-A588E91AC6A0}
		{01BD771C-6819-3820-A646-4B18B44DF7F6} = {80750731-ADBA-3030-91EB-A588E91AC6A0}
		{526CD0C2-FBAD-30EB-B8E0-BC65644D4CFA} = {80750731-ADBA-3030-91EB-A588E91AC6A0}
		{078BD6D3-8419-39E5-8700-A00E77614279} = {80750731-ADBA-3030-91EB-A588E91AC6A0}
		{15A852D4-689E-3FEE-9A98-CAF7ECBB3E71} = {80750731-ADBA-3030-91EB-A588E91AC6A0}
		{AD0F3927-53BC-371F-9FFB-9676E1D213FC} = {80750731-ADBA-3030-91EB-A588E91AC6A0}
		{488E16E1-A235-332A-9714-C27CCC56D414} = {80750731-ADBA-3030-91EB-A588E91AC6A0}
		{305B5463-044F-329E-AE9E-E993EF95B332} = {80750731-ADBA-3030-91EB-A588E91AC6A0}
		{410EA96F-D231-320C-84A8-62E24C05939A} = {80750731-ADBA-3030-91EB-A588E91AC6A0}
		{537B97B4-7727-38D3-8552-31BC406EAF63} = {80750731-ADBA-3030-91EB-A588E91AC6A0}
		{16567A88-3B7F-355E-8645-F40CF5AB91C1} = {80750731-ADBA-3030-91EB-A588E91AC6A0}
		{8562F50A-6B05-3558-B986-167FEA2E5D92} = {80750731-ADBA-3030-91EB-A588E91AC6A0}
		{38830273-04FF-31F6-8BDC-0B7BCB807A4C} = {80750731-ADBA-3030-91EB-A588E91AC6A0}
		{204FE9F9-D8C2-36B6-AB4F-10DE652430C1} = {80750731-ADBA-3030-91EB-A588E91AC6A0}
		{F6EE1D43-E363-3140-9D3B-C55752B377A9} = {80750731-ADBA-3030-91EB-A588E91AC6A0}
		{6B272F02-BFFD-39D9-8E81-4ECBB5A6101F} = {80750731-ADBA-3030-91EB-A588E91AC6A0}
		{645ADFC7-9C29-3C91-9C81-AD231ECAE238} = {80750731-ADBA-3030-91EB-A588E91AC6A0}
		{6133508B-AE7D-321A-876B-82576C58DC5F} = {80750731-ADBA-3030-91EB-A588E91AC6A0}
		{5EE3FAE8-7063-358A-8502-8E4C5857DAAD} = {80750731-ADBA-3030-91EB-A588E91AC6A0}
		{C8049C1B-B631-3836-8057-94CF26B76847} = {80750731-ADBA-3030-91EB-A588E91AC6A0}
		{02E74673-8F1C-35EC-B247-90A2E509D8C7} = {80750731-ADBA-3030-91EB-A588E91AC6A0}
		{E7E2EC4A-2F1F-330F-B7D1-726FB913756E} = {80750731-ADBA-3030-91EB-A588E91AC6A0}
		{E38F753A-1CB9-3B42-B0FD-4B85A74EA338} = {80750731-ADBA-3030-91EB-A588E91AC6A0}
		{90977F89-4990-333D-A5BD-065B4D13F198} = {80750731-ADBA-3030-91EB-A588E91AC6A0}
		{6552F3A1-4084-376D-A699-FCFBB7E164A2} = {80750731-ADBA-3030-91EB-A588E91AC6A0}
		{EEE1A883-476E-3E47-9BCF-485F9F6DFE11} = {3D408CEC-52B4-3465-8540-63B051F006B3}
		{C46352F5-B642-3B77-ACAD-F2289C834200} = {3D408CEC-52B4-3465-8540-63B051F006B3}
		{3338AF03-F8B1-3566-B324-881136D0DF52} = {3D408CEC-52B4-3465-8540-63B051F006B3}
		{044522ED-FFBC-3CC4-9939-20A5E4D42549} = {3D408CEC-52B4-3465-8540-63B051F006B3}
		{99CE8EF1-1989-365E-9BAA-6AD0F4A8BC2B} = {206B1684-6681-3E9A-92C4-5ECA22F9E4A5}
		{71A53457-39A5-31A6-ACFA-D8DC8BBC7FF1} = {206B1684-6681-3E9A-92C4-5ECA22F9E4A5}
		{344BFB56-E130-3943-8713-CECFCBD877BA} = {206B1684-6681-3E9A-92C4-5ECA22F9E4A5}
	EndGlobalSection
	GlobalSection(ExtensibilityGlobals) = postSolution
		SolutionGuid = {23EFD806-9C1D-3808-80D1-E2F40E53D24B}
	EndGlobalSection
	GlobalSection(ExtensibilityAddIns) = postSolution
	EndGlobalSection
EndGlobal
